// !$*UTF8*$!
{
	archiveVersion = 1;
	classes = {
	};
	objectVersion = 52;
	objects = {

/* Begin PBXBuildFile section */
		29A63F34487C7A4A3CFF57F2 /* Pods_Treviz.framework in Frameworks */ = {isa = PBXBuildFile; fileRef = 5AE63A207D59BC03E0AD95A7 /* Pods_Treviz.framework */; };
		4DB08FC11410BCCCFA10D307 /* Pods_TrevizTests.framework in Frameworks */ = {isa = PBXBuildFile; fileRef = 8A89AF26E4296F559D5BACE4 /* Pods_TrevizTests.framework */; };
		CD0F113D25048FE300C88B05 /* RunSettingsViewController.swift in Sources */ = {isa = PBXBuildFile; fileRef = CD0F113C25048FE300C88B05 /* RunSettingsViewController.swift */; };
		CD0F113F250560A700C88B05 /* TZRunSettings.swift in Sources */ = {isa = PBXBuildFile; fileRef = CD0F113E250560A700C88B05 /* TZRunSettings.swift */; };
		CD0F1140250560A700C88B05 /* TZRunSettings.swift in Sources */ = {isa = PBXBuildFile; fileRef = CD0F113E250560A700C88B05 /* TZRunSettings.swift */; };
		CD0FCA9B2593060600EEB1B2 /* Parameter.swift in Sources */ = {isa = PBXBuildFile; fileRef = CD0FCA9A2593060600EEB1B2 /* Parameter.swift */; };
		CD0FCA9C2593060600EEB1B2 /* Parameter.swift in Sources */ = {isa = PBXBuildFile; fileRef = CD0FCA9A2593060600EEB1B2 /* Parameter.swift */; };
		CD0FCAA22593065900EEB1B2 /* TZRun.swift in Sources */ = {isa = PBXBuildFile; fileRef = CD0FCAA12593065900EEB1B2 /* TZRun.swift */; };
		CD0FCAA32593065900EEB1B2 /* TZRun.swift in Sources */ = {isa = PBXBuildFile; fileRef = CD0FCAA12593065900EEB1B2 /* TZRun.swift */; };
		CD0FCAA72593065D00EEB1B2 /* AnalysisCreateRuns.swift in Sources */ = {isa = PBXBuildFile; fileRef = CD0FCAA62593065D00EEB1B2 /* AnalysisCreateRuns.swift */; };
		CD0FCAA82593065D00EEB1B2 /* AnalysisCreateRuns.swift in Sources */ = {isa = PBXBuildFile; fileRef = CD0FCAA62593065D00EEB1B2 /* AnalysisCreateRuns.swift */; };
		CD11FA8723408173001A3695 /* AddOutputViewController.swift in Sources */ = {isa = PBXBuildFile; fileRef = CD11FA8623408173001A3695 /* AddOutputViewController.swift */; };
		CD11FA9323433096001A3695 /* PlotTypes.plist in Resources */ = {isa = PBXBuildFile; fileRef = CD11FA9223433096001A3695 /* PlotTypes.plist */; };
		CD18A660254FCB1C00B06C10 /* ParameterID.swift in Sources */ = {isa = PBXBuildFile; fileRef = CD18A65F254FCB1C00B06C10 /* ParameterID.swift */; };
		CD18A661254FCB1C00B06C10 /* ParameterID.swift in Sources */ = {isa = PBXBuildFile; fileRef = CD18A65F254FCB1C00B06C10 /* ParameterID.swift */; };
		CD28477722FF9C8800D192A9 /* CollapsibleGridView.swift in Sources */ = {isa = PBXBuildFile; fileRef = CD28477622FF9C8800D192A9 /* CollapsibleGridView.swift */; };
		CD2D0DB42243836F0012978E /* ThreeAxisOutputSetupViewController.swift in Sources */ = {isa = PBXBuildFile; fileRef = CD2D0D96224382F70012978E /* ThreeAxisOutputSetupViewController.swift */; };
		CD2D0DB52243836F0012978E /* TwoAxisOutputSetupViewController.swift in Sources */ = {isa = PBXBuildFile; fileRef = CD2D0DA9224382F70012978E /* TwoAxisOutputSetupViewController.swift */; };
		CD2D0DB62243836F0012978E /* MonteCarloOutputSetupViewController.swift in Sources */ = {isa = PBXBuildFile; fileRef = CD2D0DAA224382F70012978E /* MonteCarloOutputSetupViewController.swift */; };
		CD2D0DB82243836F0012978E /* SingleAxisOutputSetupViewController.swift in Sources */ = {isa = PBXBuildFile; fileRef = CD2D0DAE224382F70012978E /* SingleAxisOutputSetupViewController.swift */; };
		CD2D0DBB224385580012978E /* OutputSetup.storyboard in Resources */ = {isa = PBXBuildFile; fileRef = CD2D0DA6224382F70012978E /* OutputSetup.storyboard */; };
		CD31EFF324C13C7300ED435A /* CalcsTest.swift in Sources */ = {isa = PBXBuildFile; fileRef = CD31EFF224C13C7300ED435A /* CalcsTest.swift */; };
		CD31EFF724C15F6F00ED435A /* Yams in Frameworks */ = {isa = PBXBuildFile; productRef = CD31EFF624C15F6F00ED435A /* Yams */; };
		CD39717B2506F12D00A8047A /* RunSettingsTest.swift in Sources */ = {isa = PBXBuildFile; fileRef = CD39717A2506F12D00A8047A /* RunSettingsTest.swift */; };
		CD39717D2506F2AC00A8047A /* TestHelperFunctions.swift in Sources */ = {isa = PBXBuildFile; fileRef = CD39717C2506F2AC00A8047A /* TestHelperFunctions.swift */; };
		CD3B2218251FD05300218E44 /* StringValueProtocol.swift in Sources */ = {isa = PBXBuildFile; fileRef = CD3B2217251FD05300218E44 /* StringValueProtocol.swift */; };
		CD3B2219251FD05300218E44 /* StringValueProtocol.swift in Sources */ = {isa = PBXBuildFile; fileRef = CD3B2217251FD05300218E44 /* StringValueProtocol.swift */; };
		CD3B2220251FE4A400218E44 /* PhysicsModel.swift in Sources */ = {isa = PBXBuildFile; fileRef = CDD77FC1250D475E007E90BF /* PhysicsModel.swift */; };
		CD3C187E23E2B03800E72EFF /* TZPlotView.swift in Sources */ = {isa = PBXBuildFile; fileRef = CD3C187D23E2B03700E72EFF /* TZPlotView.swift */; };
		CD3E645225086399001F6C8F /* RunVariantEnableButton.swift in Sources */ = {isa = PBXBuildFile; fileRef = CD3E645125086398001F6C8F /* RunVariantEnableButton.swift */; };
		CD3F5E5822EE4DCD00E4CF20 /* Conditions.storyboard in Resources */ = {isa = PBXBuildFile; fileRef = CD3F5E5722EE4DCD00E4CF20 /* Conditions.storyboard */; };
		CD3F5E5A22EE4FFE00E4CF20 /* ConditionsViewController.swift in Sources */ = {isa = PBXBuildFile; fileRef = CD3F5E5922EE4FFE00E4CF20 /* ConditionsViewController.swift */; };
		CD410CF72444239700AB49DE /* CorePlotExtensions.swift in Sources */ = {isa = PBXBuildFile; fileRef = CD410CF62444239700AB49DE /* CorePlotExtensions.swift */; };
		CD42E0AA22FD05F600A0F9A1 /* CollapsibleStackView.swift in Sources */ = {isa = PBXBuildFile; fileRef = CD42E0A922FD05F600A0F9A1 /* CollapsibleStackView.swift */; };
		CD4656B2224C6F3500C587CC /* PhysicsViewController.swift in Sources */ = {isa = PBXBuildFile; fileRef = CD4656B1224C6F3500C587CC /* PhysicsViewController.swift */; };
		CD4AD70823A20EE200FC815F /* OutputSetupViewController.swift in Sources */ = {isa = PBXBuildFile; fileRef = CD4AD70723A20EE100FC815F /* OutputSetupViewController.swift */; };
		CD500337234DA64F00D71099 /* InitVarSettings.plist in Resources */ = {isa = PBXBuildFile; fileRef = CD500336234DA64F00D71099 /* InitVarSettings.plist */; };
		CD557437236EA14500DA53A1 /* VisualizerViewController.swift in Sources */ = {isa = PBXBuildFile; fileRef = CD557436236EA14500DA53A1 /* VisualizerViewController.swift */; };
		CD59C53B23E79295001D98D5 /* VariableSelector.storyboard in Resources */ = {isa = PBXBuildFile; fileRef = CD59C53A23E79295001D98D5 /* VariableSelector.storyboard */; };
		CD59C54023E793E3001D98D5 /* VariableSelectorViewController.swift in Sources */ = {isa = PBXBuildFile; fileRef = CD59C53F23E793E3001D98D5 /* VariableSelectorViewController.swift */; };
		CD59C54323E79449001D98D5 /* InitVars.plist in Resources */ = {isa = PBXBuildFile; fileRef = CD59C54123E79449001D98D5 /* InitVars.plist */; };
		CD59C54423E79449001D98D5 /* InitStateViewController.swift in Sources */ = {isa = PBXBuildFile; fileRef = CD59C54223E79449001D98D5 /* InitStateViewController.swift */; };
		CD59C54623E79476001D98D5 /* Outputs.storyboard in Resources */ = {isa = PBXBuildFile; fileRef = CD59C54523E79476001D98D5 /* Outputs.storyboard */; };
		CD5F4E972455100600823E43 /* AnalysisProgressReporter.swift in Sources */ = {isa = PBXBuildFile; fileRef = CDF255F7245294880097F995 /* AnalysisProgressReporter.swift */; };
		CD5F4E992455100A00823E43 /* Analysis.swift in Sources */ = {isa = PBXBuildFile; fileRef = CDF3D1A0225025AF0064D70C /* Analysis.swift */; };
		CD5F4E9B2455101100823E43 /* TZLogger.swift in Sources */ = {isa = PBXBuildFile; fileRef = CD92D6B82442302800483B8E /* TZLogger.swift */; };
		CD5F4E9D2455101500823E43 /* AnalysisRunFunctions.swift in Sources */ = {isa = PBXBuildFile; fileRef = CD0F010823654ED400C920AA /* AnalysisRunFunctions.swift */; };
		CD5F4E9E2455105300823E43 /* InitStateHeader.swift in Sources */ = {isa = PBXBuildFile; fileRef = CDB7C73B2352B58300BC50F1 /* InitStateHeader.swift */; };
		CD656F71248771D500BB5CBC /* PhaseStartupFuncs.swift in Sources */ = {isa = PBXBuildFile; fileRef = CD656F6F248770A300BB5CBC /* PhaseStartupFuncs.swift */; };
		CD6CCF3A244BB5720051F76D /* TZPlot.swift in Sources */ = {isa = PBXBuildFile; fileRef = CD280F49233B45670004263F /* TZPlot.swift */; };
		CD6CCF3D244D2FFB0051F76D /* OutputDataSet.swift in Sources */ = {isa = PBXBuildFile; fileRef = CD6CCF3B244CCC960051F76D /* OutputDataSet.swift */; };
		CD6E0B9E2431BAC5008D1656 /* TZToolbar.swift in Sources */ = {isa = PBXBuildFile; fileRef = CD6E0B9D2431BAC5008D1656 /* TZToolbar.swift */; };
		CD6E0BA22436DEC7008D1656 /* TZStoryboard.swift in Sources */ = {isa = PBXBuildFile; fileRef = CD6E0BA12436DEC7008D1656 /* TZStoryboard.swift */; };
		CD70FAC9253EB39800B551F2 /* ParamValueView.swift in Sources */ = {isa = PBXBuildFile; fileRef = CD70FAC8253EB39800B551F2 /* ParamValueView.swift */; };
		CD715E8023EBE70400E31F97 /* README.md in Resources */ = {isa = PBXBuildFile; fileRef = CD715E7F23EBE70400E31F97 /* README.md */; };
		CD75951224E2638C00B79EF5 /* VariableTest.swift in Sources */ = {isa = PBXBuildFile; fileRef = CD75951124E2638C00B79EF5 /* VariableTest.swift */; };
		CD75951624E51A3300B79EF5 /* TZOutputTest.swift in Sources */ = {isa = PBXBuildFile; fileRef = CD75951524E51A3300B79EF5 /* TZOutputTest.swift */; };
		CD75951E24E9A59F00B79EF5 /* TextOutputTest.swift in Sources */ = {isa = PBXBuildFile; fileRef = CD75951924E9A56300B79EF5 /* TextOutputTest.swift */; };
		CD75952024E9A5DF00B79EF5 /* PlotTest.swift in Sources */ = {isa = PBXBuildFile; fileRef = CD75951F24E9A5DF00B79EF5 /* PlotTest.swift */; };
		CD75952124E9A74A00B79EF5 /* PhaseVars.swift in Sources */ = {isa = PBXBuildFile; fileRef = CDDA8F1C24AD989D002936E6 /* PhaseVars.swift */; };
		CD75952224E9A75F00B79EF5 /* PhaseVars.swift in Sources */ = {isa = PBXBuildFile; fileRef = CDDA8F1C24AD989D002936E6 /* PhaseVars.swift */; };
		CD75952424E9AB2000B79EF5 /* AnalysisTests.swift in Sources */ = {isa = PBXBuildFile; fileRef = CD75952324E9AB2000B79EF5 /* AnalysisTests.swift */; };
		CD870F3524B448D7004A4D42 /* MathFuncs.swift in Sources */ = {isa = PBXBuildFile; fileRef = CD870F3324B448D7004A4D42 /* MathFuncs.swift */; };
		CD8896B024C8013F00610692 /* TestAnalysis1.yaml in Resources */ = {isa = PBXBuildFile; fileRef = CD8896AE24C8013300610692 /* TestAnalysis1.yaml */; };
		CD8896B424C8104300610692 /* TestAnalysis1.json in Resources */ = {isa = PBXBuildFile; fileRef = CD8896B224C8103B00610692 /* TestAnalysis1.json */; };
		CD8FEB042595402A008A08A7 /* StringValueTest.swift in Sources */ = {isa = PBXBuildFile; fileRef = CD8FEB032595402A008A08A7 /* StringValueTest.swift */; };
		CD8FEB0825956A4F008A08A7 /* TradeGroup.swift in Sources */ = {isa = PBXBuildFile; fileRef = CD8FEB0725956A4F008A08A7 /* TradeGroup.swift */; };
		CD8FEB0925956A4F008A08A7 /* TradeGroup.swift in Sources */ = {isa = PBXBuildFile; fileRef = CD8FEB0725956A4F008A08A7 /* TradeGroup.swift */; };
		CD92180825493F5D001CA40B /* CelestialBody.swift in Sources */ = {isa = PBXBuildFile; fileRef = CD92180725493F5D001CA40B /* CelestialBody.swift */; };
		CD92180925493F5D001CA40B /* CelestialBody.swift in Sources */ = {isa = PBXBuildFile; fileRef = CD92180725493F5D001CA40B /* CelestialBody.swift */; };
		CD9465332517CBFA00DD7037 /* AnalysisParameterFunctions.swift in Sources */ = {isa = PBXBuildFile; fileRef = CD9465322517CBFA00DD7037 /* AnalysisParameterFunctions.swift */; };
		CD9465342517CBFA00DD7037 /* AnalysisParameterFunctions.swift in Sources */ = {isa = PBXBuildFile; fileRef = CD9465322517CBFA00DD7037 /* AnalysisParameterFunctions.swift */; };
		CD94908925951706007FF5E4 /* TZRunTest.swift in Sources */ = {isa = PBXBuildFile; fileRef = CD94908825951706007FF5E4 /* TZRunTest.swift */; };
		CD94908E25951793007FF5E4 /* TestAnalysis3.yaml in Resources */ = {isa = PBXBuildFile; fileRef = CD94908C25951793007FF5E4 /* TestAnalysis3.yaml */; };
		CD94908F25951793007FF5E4 /* TestAnalysis2.yaml in Resources */ = {isa = PBXBuildFile; fileRef = CD94908D25951793007FF5E4 /* TestAnalysis2.yaml */; };
		CDA0F88122587E05003C62E6 /* RunVariantViewController.swift in Sources */ = {isa = PBXBuildFile; fileRef = CDA0F88022587E05003C62E6 /* RunVariantViewController.swift */; };
		CDA0F888225C5D47003C62E6 /* InputsCellViews.swift in Sources */ = {isa = PBXBuildFile; fileRef = CDA0F887225C5D47003C62E6 /* InputsCellViews.swift */; };
		CDA35CD524ECE5A0005BF24D /* PhaseSelectorViewController.swift in Sources */ = {isa = PBXBuildFile; fileRef = CDA35CD424ECE5A0005BF24D /* PhaseSelectorViewController.swift */; };
		CDA549EF23CC254B00933C6B /* AddConditionViewControllers.swift in Sources */ = {isa = PBXBuildFile; fileRef = CDA549EE23CC254B00933C6B /* AddConditionViewControllers.swift */; };
		CDA549F123CC3C5400933C6B /* ConditionsTableView.swift in Sources */ = {isa = PBXBuildFile; fileRef = CDA549F023CC3C5400933C6B /* ConditionsTableView.swift */; };
		CDA7FD75236FE9CC009CDFAF /* InitVarSettings.yaml in Resources */ = {isa = PBXBuildFile; fileRef = CDA7FD74236FE9CC009CDFAF /* InitVarSettings.yaml */; };
		CDAF399024A7209200309CA9 /* TZPhase.swift in Sources */ = {isa = PBXBuildFile; fileRef = CDAF398E24A7209200309CA9 /* TZPhase.swift */; };
		CDAF399324A7217500309CA9 /* PhaseRunFunctions.swift in Sources */ = {isa = PBXBuildFile; fileRef = CDAF399124A7217500309CA9 /* PhaseRunFunctions.swift */; };
		CDB457C0238508B6004F13AA /* ConditionTests.swift in Sources */ = {isa = PBXBuildFile; fileRef = CDB457BF238508B6004F13AA /* ConditionTests.swift */; };
		CDB75E1F24E085CA008960C6 /* StateTests.swift in Sources */ = {isa = PBXBuildFile; fileRef = CDB75E1E24E085CA008960C6 /* StateTests.swift */; };
		CDBE33C6224CB48200E1404E /* InitStateStructure.plist in Resources */ = {isa = PBXBuildFile; fileRef = CDE0795A2249EC7400815E7F /* InitStateStructure.plist */; };
		CDBEA0A622447A9C00D3159C /* TextOutputsViewController.swift in Sources */ = {isa = PBXBuildFile; fileRef = CDBEA0A522447A9C00D3159C /* TextOutputsViewController.swift */; };
		CDC1F5372233978500D1BB25 /* OutputsViewController.swift in Sources */ = {isa = PBXBuildFile; fileRef = CDC1F5352233978500D1BB25 /* OutputsViewController.swift */; };
		CDC1F53C2234874000D1BB25 /* MainSplitViewController.swift in Sources */ = {isa = PBXBuildFile; fileRef = CDC1F53B2234874000D1BB25 /* MainSplitViewController.swift */; };
		CDC1F54022363DDB00D1BB25 /* MainViewController.swift in Sources */ = {isa = PBXBuildFile; fileRef = CDC1F53F22363DDB00D1BB25 /* MainViewController.swift */; };
		CDC25616243D9E86007EBE8A /* TZMessageLoggerViewController.swift in Sources */ = {isa = PBXBuildFile; fileRef = CDC25615243D9E86007EBE8A /* TZMessageLoggerViewController.swift */; };
		CDC789C3247B47A200A1DCED /* AnalysisFactoryInits.swift in Sources */ = {isa = PBXBuildFile; fileRef = CDE2A5172471F27700DB2B45 /* AnalysisFactoryInits.swift */; };
		CDD5049622252AF900B29751 /* AppDelegate.swift in Sources */ = {isa = PBXBuildFile; fileRef = CDD5049522252AF900B29751 /* AppDelegate.swift */; };
		CDD5049822252AFA00B29751 /* InputsViewController.swift in Sources */ = {isa = PBXBuildFile; fileRef = CDD5049722252AFA00B29751 /* InputsViewController.swift */; };
		CDD5049F22252AFD00B29751 /* Images.xcassets in Resources */ = {isa = PBXBuildFile; fileRef = CDD5049E22252AFD00B29751 /* Images.xcassets */; };
		CDD77FC2250D475E007E90BF /* PhysicsModel.swift in Sources */ = {isa = PBXBuildFile; fileRef = CDD77FC1250D475E007E90BF /* PhysicsModel.swift */; };
		CDDA8F2524B2C8B4002936E6 /* Output Handling Protocols.swift in Sources */ = {isa = PBXBuildFile; fileRef = CDDA8F2324B2C8B4002936E6 /* Output Handling Protocols.swift */; };
		CDDA8F2824B44213002936E6 /* DefaultVariableCalculations.swift in Sources */ = {isa = PBXBuildFile; fileRef = CDDA8F2624B44213002936E6 /* DefaultVariableCalculations.swift */; };
		CDDA8F2924B4451F002936E6 /* CalculatedVariable.swift in Sources */ = {isa = PBXBuildFile; fileRef = CDDA8F2124AEE386002936E6 /* CalculatedVariable.swift */; };
		CDDFF28424A5ABE200E8BC31 /* StateDict.swift in Sources */ = {isa = PBXBuildFile; fileRef = CDDFF28224A5ABE200E8BC31 /* StateDict.swift */; };
		CDE078F4224806EF00815E7F /* Inputs.storyboard in Resources */ = {isa = PBXBuildFile; fileRef = CDE078F3224806EF00815E7F /* Inputs.storyboard */; };
		CDE2B59D24C2C718002026E0 /* DefaultVariableCalculations.swift in Sources */ = {isa = PBXBuildFile; fileRef = CDDA8F2624B44213002936E6 /* DefaultVariableCalculations.swift */; };
		CDE2B59E24C2C718002026E0 /* TZPhase.swift in Sources */ = {isa = PBXBuildFile; fileRef = CDAF398E24A7209200309CA9 /* TZPhase.swift */; };
		CDE2B5A024C2C718002026E0 /* PhaseRunFunctions.swift in Sources */ = {isa = PBXBuildFile; fileRef = CDAF399124A7217500309CA9 /* PhaseRunFunctions.swift */; };
		CDE2B5A124C2C718002026E0 /* PhaseStartupFuncs.swift in Sources */ = {isa = PBXBuildFile; fileRef = CD656F6F248770A300BB5CBC /* PhaseStartupFuncs.swift */; };
		CDE2B5A224C2C71D002026E0 /* Output Handling Protocols.swift in Sources */ = {isa = PBXBuildFile; fileRef = CDDA8F2324B2C8B4002936E6 /* Output Handling Protocols.swift */; };
		CDE2B5A324C2C71D002026E0 /* AnalysisProgressReporter.swift in Sources */ = {isa = PBXBuildFile; fileRef = CDF255F7245294880097F995 /* AnalysisProgressReporter.swift */; };
		CDE2B5A424C2C71D002026E0 /* Analysis.swift in Sources */ = {isa = PBXBuildFile; fileRef = CDF3D1A0225025AF0064D70C /* Analysis.swift */; };
		CDE2B5A524C2C71D002026E0 /* AnalysisFactoryInits.swift in Sources */ = {isa = PBXBuildFile; fileRef = CDE2A5172471F27700DB2B45 /* AnalysisFactoryInits.swift */; };
		CDE2B5A724C2C71D002026E0 /* AnalysisRunFunctions.swift in Sources */ = {isa = PBXBuildFile; fileRef = CD0F010823654ED400C920AA /* AnalysisRunFunctions.swift */; };
		CDE2B5A824C2C71D002026E0 /* TZLogger.swift in Sources */ = {isa = PBXBuildFile; fileRef = CD92D6B82442302800483B8E /* TZLogger.swift */; };
		CDE2B5B624C2C729002026E0 /* Condition.swift in Sources */ = {isa = PBXBuildFile; fileRef = CD63AEA223E7EA26006502F2 /* Condition.swift */; };
		CDE2B5B724C2C729002026E0 /* State.swift in Sources */ = {isa = PBXBuildFile; fileRef = CD63AEA323E7EA26006502F2 /* State.swift */; };
		CDE2B5B824C2C729002026E0 /* StateDict.swift in Sources */ = {isa = PBXBuildFile; fileRef = CDDFF28224A5ABE200E8BC31 /* StateDict.swift */; };
		CDE2B5B924C2C729002026E0 /* Variable.swift in Sources */ = {isa = PBXBuildFile; fileRef = CD63AEA123E7EA26006502F2 /* Variable.swift */; };
		CDE2B5BA24C2C729002026E0 /* CalculatedVariable.swift in Sources */ = {isa = PBXBuildFile; fileRef = CDDA8F2124AEE386002936E6 /* CalculatedVariable.swift */; };
		CDE2B5BC24C2C729002026E0 /* Vehicle.swift in Sources */ = {isa = PBXBuildFile; fileRef = CD0F010A2365595700C920AA /* Vehicle.swift */; };
		CDE2B5BD24C2C729002026E0 /* TZOutput.swift in Sources */ = {isa = PBXBuildFile; fileRef = CDD60A962345C5AE00249987 /* TZOutput.swift */; };
		CDE2B5BE24C2C729002026E0 /* OutputDataSet.swift in Sources */ = {isa = PBXBuildFile; fileRef = CD6CCF3B244CCC960051F76D /* OutputDataSet.swift */; };
		CDE2B5BF24C2C729002026E0 /* TZTextOutput.swift in Sources */ = {isa = PBXBuildFile; fileRef = CDD60A902345BF5C00249987 /* TZTextOutput.swift */; };
		CDE2B5C024C2C729002026E0 /* TZPlot.swift in Sources */ = {isa = PBXBuildFile; fileRef = CD280F49233B45670004263F /* TZPlot.swift */; };
		CDE2B5C124C2C729002026E0 /* TZPlotType.swift in Sources */ = {isa = PBXBuildFile; fileRef = CD4AD70C23BD4C0C00FC815F /* TZPlotType.swift */; };
		CDE2B5C224C2C729002026E0 /* InitStateHeader.swift in Sources */ = {isa = PBXBuildFile; fileRef = CDB7C73B2352B58300BC50F1 /* InitStateHeader.swift */; };
		CDE2B5C324C2C729002026E0 /* MathFuncs.swift in Sources */ = {isa = PBXBuildFile; fileRef = CD870F3324B448D7004A4D42 /* MathFuncs.swift */; };
		CDE6CDD7250E7D7C0093C4E1 /* RunVariant.swift in Sources */ = {isa = PBXBuildFile; fileRef = CDE6CDD6250E7D7C0093C4E1 /* RunVariant.swift */; };
		CDE6CDD8250E7D7C0093C4E1 /* RunVariant.swift in Sources */ = {isa = PBXBuildFile; fileRef = CDE6CDD6250E7D7C0093C4E1 /* RunVariant.swift */; };
		CDF09AB724AC473B0068BE4B /* PhasedViewController.swift in Sources */ = {isa = PBXBuildFile; fileRef = CDF09AB624AC473B0068BE4B /* PhasedViewController.swift */; };
		CDF1670C2237A10400CD9590 /* MainWindowController.swift in Sources */ = {isa = PBXBuildFile; fileRef = CDF1670B2237A10400CD9590 /* MainWindowController.swift */; };
		CDF2338A242DCD8100B8EF40 /* EditableHeaderTextField.swift in Sources */ = {isa = PBXBuildFile; fileRef = CDF23382242DCD8000B8EF40 /* EditableHeaderTextField.swift */; };
		CDF2338B242DCD8100B8EF40 /* BaseViewController.swift in Sources */ = {isa = PBXBuildFile; fileRef = CDF23383242DCD8000B8EF40 /* BaseViewController.swift */; };
		CDF2338C242DCD8100B8EF40 /* StackView.swift in Sources */ = {isa = PBXBuildFile; fileRef = CDF23384242DCD8000B8EF40 /* StackView.swift */; };
		CDF2338D242DCD8100B8EF40 /* HeaderViewController.storyboard in Resources */ = {isa = PBXBuildFile; fileRef = CDF23385242DCD8000B8EF40 /* HeaderViewController.storyboard */; };
		CDF2338E242DCD8100B8EF40 /* ReadMe.md in Resources */ = {isa = PBXBuildFile; fileRef = CDF23386242DCD8000B8EF40 /* ReadMe.md */; };
		CDF2338F242DCD8100B8EF40 /* HeaderViewController.swift in Sources */ = {isa = PBXBuildFile; fileRef = CDF23387242DCD8000B8EF40 /* HeaderViewController.swift */; };
		CDF23390242DCD8100B8EF40 /* LICENSE.txt in Resources */ = {isa = PBXBuildFile; fileRef = CDF23388242DCD8000B8EF40 /* LICENSE.txt */; };
		CDF23391242DCD8100B8EF40 /* Info.plist in Resources */ = {isa = PBXBuildFile; fileRef = CDF23389242DCD8000B8EF40 /* Info.plist */; };
		CDF23396242DCF3100B8EF40 /* Main.storyboard in Resources */ = {isa = PBXBuildFile; fileRef = CDF23395242DCF0F00B8EF40 /* Main.storyboard */; };
		CDF3D1A6225057270064D70C /* TZViewController.swift in Sources */ = {isa = PBXBuildFile; fileRef = CDF3D1A5225057270064D70C /* TZViewController.swift */; };
		CDF3D1A822505A000064D70C /* AnalysisDoc.swift in Sources */ = {isa = PBXBuildFile; fileRef = CDF3D1A722505A000064D70C /* AnalysisDoc.swift */; };
		CDFAD0ED23EA84EB00CE7424 /* TrajectoryAnalysis.h in Headers */ = {isa = PBXBuildFile; fileRef = CDFAD0EB23EA84EB00CE7424 /* TrajectoryAnalysis.h */; settings = {ATTRIBUTES = (Public, ); }; };
		CDFAD0F623EA84FE00CE7424 /* Condition.swift in Sources */ = {isa = PBXBuildFile; fileRef = CD63AEA223E7EA26006502F2 /* Condition.swift */; };
		CDFAD0F723EA84FE00CE7424 /* State.swift in Sources */ = {isa = PBXBuildFile; fileRef = CD63AEA323E7EA26006502F2 /* State.swift */; };
		CDFAD0F923EA84FE00CE7424 /* Variable.swift in Sources */ = {isa = PBXBuildFile; fileRef = CD63AEA123E7EA26006502F2 /* Variable.swift */; };
		CDFAD0FA23EA84FE00CE7424 /* Vehicle.swift in Sources */ = {isa = PBXBuildFile; fileRef = CD0F010A2365595700C920AA /* Vehicle.swift */; };
		CDFAD0FB23EA84FE00CE7424 /* TZOutput.swift in Sources */ = {isa = PBXBuildFile; fileRef = CDD60A962345C5AE00249987 /* TZOutput.swift */; };
		CDFAD0FC23EA84FE00CE7424 /* TZTextOutput.swift in Sources */ = {isa = PBXBuildFile; fileRef = CDD60A902345BF5C00249987 /* TZTextOutput.swift */; };
		CDFAD0FE23EA84FE00CE7424 /* TZPlotType.swift in Sources */ = {isa = PBXBuildFile; fileRef = CD4AD70C23BD4C0C00FC815F /* TZPlotType.swift */; };
		CDFAD10623EA876900CE7424 /* TrajectoryAnalysis.framework in Frameworks */ = {isa = PBXBuildFile; fileRef = CDFAD0E923EA84EB00CE7424 /* TrajectoryAnalysis.framework */; };
		CDFAD10723EA877600CE7424 /* TrajectoryAnalysis.framework in Embed Frameworks */ = {isa = PBXBuildFile; fileRef = CDFAD0E923EA84EB00CE7424 /* TrajectoryAnalysis.framework */; settings = {ATTRIBUTES = (CodeSignOnCopy, RemoveHeadersOnCopy, ); }; };
		CDFE81F923E147060013945F /* PlotOutputViewController.swift in Sources */ = {isa = PBXBuildFile; fileRef = CDFE81F823E147060013945F /* PlotOutputViewController.swift */; };
		CDFE81FC23E14B730013945F /* ViewerTabViewController.swift in Sources */ = {isa = PBXBuildFile; fileRef = CDFE81FB23E14B730013945F /* ViewerTabViewController.swift */; };
/* End PBXBuildFile section */

/* Begin PBXContainerItemProxy section */
		CD0F011523656B7200C920AA /* PBXContainerItemProxy */ = {
			isa = PBXContainerItemProxy;
			containerPortal = CDD5048A22252AF900B29751 /* Project object */;
			proxyType = 1;
			remoteGlobalIDString = CDD5049122252AF900B29751;
			remoteInfo = Treviz;
		};
		CDFAD0EE23EA84EB00CE7424 /* PBXContainerItemProxy */ = {
			isa = PBXContainerItemProxy;
			containerPortal = CDD5048A22252AF900B29751 /* Project object */;
			proxyType = 1;
			remoteGlobalIDString = CDFAD0E823EA84EB00CE7424;
			remoteInfo = TrajectoryAnalysis;
		};
/* End PBXContainerItemProxy section */

/* Begin PBXCopyFilesBuildPhase section */
		CD63AEB923E7EAF8006502F2 /* Embed Frameworks */ = {
			isa = PBXCopyFilesBuildPhase;
			buildActionMask = 2147483647;
			dstPath = "";
			dstSubfolderSpec = 10;
			files = (
				CDFAD10723EA877600CE7424 /* TrajectoryAnalysis.framework in Embed Frameworks */,
			);
			name = "Embed Frameworks";
			runOnlyForDeploymentPostprocessing = 0;
		};
/* End PBXCopyFilesBuildPhase section */

/* Begin PBXFileReference section */
		0290A4567B9A9B5D492B5A1E /* Pods-Treviz.release.xcconfig */ = {isa = PBXFileReference; includeInIndex = 1; lastKnownFileType = text.xcconfig; name = "Pods-Treviz.release.xcconfig"; path = "Target Support Files/Pods-Treviz/Pods-Treviz.release.xcconfig"; sourceTree = "<group>"; };
		27A3F7FA6A6A0DBD2D916439 /* Pods-TrevizTests.debug.xcconfig */ = {isa = PBXFileReference; includeInIndex = 1; lastKnownFileType = text.xcconfig; name = "Pods-TrevizTests.debug.xcconfig"; path = "Target Support Files/Pods-TrevizTests/Pods-TrevizTests.debug.xcconfig"; sourceTree = "<group>"; };
		42565B6ABF9F400B071A9EBD /* Pods-Treviz.debug.xcconfig */ = {isa = PBXFileReference; includeInIndex = 1; lastKnownFileType = text.xcconfig; name = "Pods-Treviz.debug.xcconfig"; path = "Target Support Files/Pods-Treviz/Pods-Treviz.debug.xcconfig"; sourceTree = "<group>"; };
		5AE63A207D59BC03E0AD95A7 /* Pods_Treviz.framework */ = {isa = PBXFileReference; explicitFileType = wrapper.framework; includeInIndex = 0; path = Pods_Treviz.framework; sourceTree = BUILT_PRODUCTS_DIR; };
		769BD7D250FD37ECAE0EDE76 /* Pods-TrevizTests.release.xcconfig */ = {isa = PBXFileReference; includeInIndex = 1; lastKnownFileType = text.xcconfig; name = "Pods-TrevizTests.release.xcconfig"; path = "Target Support Files/Pods-TrevizTests/Pods-TrevizTests.release.xcconfig"; sourceTree = "<group>"; };
		8A89AF26E4296F559D5BACE4 /* Pods_TrevizTests.framework */ = {isa = PBXFileReference; explicitFileType = wrapper.framework; includeInIndex = 0; path = Pods_TrevizTests.framework; sourceTree = BUILT_PRODUCTS_DIR; };
		CD0F010823654ED400C920AA /* AnalysisRunFunctions.swift */ = {isa = PBXFileReference; lastKnownFileType = sourcecode.swift; path = AnalysisRunFunctions.swift; sourceTree = "<group>"; };
		CD0F010A2365595700C920AA /* Vehicle.swift */ = {isa = PBXFileReference; lastKnownFileType = sourcecode.swift; path = Vehicle.swift; sourceTree = "<group>"; };
		CD0F011023656B7200C920AA /* TrevizTests.xctest */ = {isa = PBXFileReference; explicitFileType = wrapper.cfbundle; includeInIndex = 0; path = TrevizTests.xctest; sourceTree = BUILT_PRODUCTS_DIR; };
		CD0F011423656B7200C920AA /* Info.plist */ = {isa = PBXFileReference; lastKnownFileType = text.plist.xml; path = Info.plist; sourceTree = "<group>"; };
		CD0F113C25048FE300C88B05 /* RunSettingsViewController.swift */ = {isa = PBXFileReference; lastKnownFileType = sourcecode.swift; path = RunSettingsViewController.swift; sourceTree = "<group>"; };
		CD0F113E250560A700C88B05 /* TZRunSettings.swift */ = {isa = PBXFileReference; lastKnownFileType = sourcecode.swift; path = TZRunSettings.swift; sourceTree = "<group>"; };
		CD0FCA9A2593060600EEB1B2 /* Parameter.swift */ = {isa = PBXFileReference; fileEncoding = 4; lastKnownFileType = sourcecode.swift; path = Parameter.swift; sourceTree = "<group>"; };
		CD0FCAA12593065900EEB1B2 /* TZRun.swift */ = {isa = PBXFileReference; lastKnownFileType = sourcecode.swift; name = TZRun.swift; path = "/Users/TylerAnderson/Coding/Swift/Treviz/Treviz/Model/Run Variants/TZRun.swift"; sourceTree = "<absolute>"; };
		CD0FCAA62593065D00EEB1B2 /* AnalysisCreateRuns.swift */ = {isa = PBXFileReference; lastKnownFileType = sourcecode.swift; name = AnalysisCreateRuns.swift; path = "/Users/TylerAnderson/Coding/Swift/Treviz/Treviz/Model/Run Variants/AnalysisCreateRuns.swift"; sourceTree = "<absolute>"; };
		CD11FA8623408173001A3695 /* AddOutputViewController.swift */ = {isa = PBXFileReference; lastKnownFileType = sourcecode.swift; path = AddOutputViewController.swift; sourceTree = "<group>"; };
		CD11FA9223433096001A3695 /* PlotTypes.plist */ = {isa = PBXFileReference; lastKnownFileType = text.plist.xml; path = PlotTypes.plist; sourceTree = "<group>"; };
		CD18A65F254FCB1C00B06C10 /* ParameterID.swift */ = {isa = PBXFileReference; lastKnownFileType = sourcecode.swift; path = ParameterID.swift; sourceTree = "<group>"; };
		CD280F49233B45670004263F /* TZPlot.swift */ = {isa = PBXFileReference; lastKnownFileType = sourcecode.swift; path = TZPlot.swift; sourceTree = "<group>"; };
		CD28477622FF9C8800D192A9 /* CollapsibleGridView.swift */ = {isa = PBXFileReference; fileEncoding = 4; lastKnownFileType = sourcecode.swift; path = CollapsibleGridView.swift; sourceTree = "<group>"; };
		CD2D0D96224382F70012978E /* ThreeAxisOutputSetupViewController.swift */ = {isa = PBXFileReference; lastKnownFileType = sourcecode.swift; path = ThreeAxisOutputSetupViewController.swift; sourceTree = "<group>"; };
		CD2D0DA6224382F70012978E /* OutputSetup.storyboard */ = {isa = PBXFileReference; lastKnownFileType = file.storyboard; path = OutputSetup.storyboard; sourceTree = "<group>"; };
		CD2D0DA9224382F70012978E /* TwoAxisOutputSetupViewController.swift */ = {isa = PBXFileReference; lastKnownFileType = sourcecode.swift; path = TwoAxisOutputSetupViewController.swift; sourceTree = "<group>"; };
		CD2D0DAA224382F70012978E /* MonteCarloOutputSetupViewController.swift */ = {isa = PBXFileReference; lastKnownFileType = sourcecode.swift; path = MonteCarloOutputSetupViewController.swift; sourceTree = "<group>"; };
		CD2D0DAE224382F70012978E /* SingleAxisOutputSetupViewController.swift */ = {isa = PBXFileReference; lastKnownFileType = sourcecode.swift; path = SingleAxisOutputSetupViewController.swift; sourceTree = "<group>"; };
		CD31EFF224C13C7300ED435A /* CalcsTest.swift */ = {isa = PBXFileReference; lastKnownFileType = sourcecode.swift; path = CalcsTest.swift; sourceTree = "<group>"; };
		CD39717A2506F12D00A8047A /* RunSettingsTest.swift */ = {isa = PBXFileReference; lastKnownFileType = sourcecode.swift; name = RunSettingsTest.swift; path = TrevizTests/RunSettingsTest.swift; sourceTree = SOURCE_ROOT; };
		CD39717C2506F2AC00A8047A /* TestHelperFunctions.swift */ = {isa = PBXFileReference; lastKnownFileType = sourcecode.swift; path = TestHelperFunctions.swift; sourceTree = "<group>"; };
		CD3B2217251FD05300218E44 /* StringValueProtocol.swift */ = {isa = PBXFileReference; lastKnownFileType = sourcecode.swift; path = StringValueProtocol.swift; sourceTree = "<group>"; };
		CD3C187D23E2B03700E72EFF /* TZPlotView.swift */ = {isa = PBXFileReference; lastKnownFileType = sourcecode.swift; path = TZPlotView.swift; sourceTree = "<group>"; };
		CD3E645125086398001F6C8F /* RunVariantEnableButton.swift */ = {isa = PBXFileReference; lastKnownFileType = sourcecode.swift; name = RunVariantEnableButton.swift; path = Treviz/Utilities/RunVariantEnableButton.swift; sourceTree = SOURCE_ROOT; };
		CD3F5E5722EE4DCD00E4CF20 /* Conditions.storyboard */ = {isa = PBXFileReference; lastKnownFileType = file.storyboard; path = Conditions.storyboard; sourceTree = "<group>"; };
		CD3F5E5922EE4FFE00E4CF20 /* ConditionsViewController.swift */ = {isa = PBXFileReference; lastKnownFileType = sourcecode.swift; path = ConditionsViewController.swift; sourceTree = "<group>"; };
		CD410CF12444211500AB49DE /* CorePlot.framework */ = {isa = PBXFileReference; explicitFileType = wrapper.framework; path = CorePlot.framework; sourceTree = BUILT_PRODUCTS_DIR; };
		CD410CF4244421A400AB49DE /* CorePlot.framework */ = {isa = PBXFileReference; explicitFileType = wrapper.framework; path = CorePlot.framework; sourceTree = BUILT_PRODUCTS_DIR; };
		CD410CF62444239700AB49DE /* CorePlotExtensions.swift */ = {isa = PBXFileReference; lastKnownFileType = sourcecode.swift; name = CorePlotExtensions.swift; path = Treviz/Main/Outputs/CorePlotExtensions.swift; sourceTree = SOURCE_ROOT; };
		CD42E0A922FD05F600A0F9A1 /* CollapsibleStackView.swift */ = {isa = PBXFileReference; fileEncoding = 4; lastKnownFileType = sourcecode.swift; path = CollapsibleStackView.swift; sourceTree = "<group>"; };
		CD4656B1224C6F3500C587CC /* PhysicsViewController.swift */ = {isa = PBXFileReference; lastKnownFileType = sourcecode.swift; path = PhysicsViewController.swift; sourceTree = "<group>"; };
		CD4AD70723A20EE100FC815F /* OutputSetupViewController.swift */ = {isa = PBXFileReference; fileEncoding = 4; lastKnownFileType = sourcecode.swift; path = OutputSetupViewController.swift; sourceTree = "<group>"; };
		CD4AD70C23BD4C0C00FC815F /* TZPlotType.swift */ = {isa = PBXFileReference; lastKnownFileType = sourcecode.swift; path = TZPlotType.swift; sourceTree = "<group>"; };
		CD500336234DA64F00D71099 /* InitVarSettings.plist */ = {isa = PBXFileReference; fileEncoding = 4; lastKnownFileType = text.plist.xml; path = InitVarSettings.plist; sourceTree = "<group>"; };
		CD557436236EA14500DA53A1 /* VisualizerViewController.swift */ = {isa = PBXFileReference; lastKnownFileType = sourcecode.swift; path = VisualizerViewController.swift; sourceTree = "<group>"; };
		CD590D4723E7E8D8000897C2 /* Conditions.playground */ = {isa = PBXFileReference; lastKnownFileType = file.playground; path = Conditions.playground; sourceTree = "<group>"; xcLanguageSpecificationIdentifier = xcode.lang.swift; };
		CD59C53A23E79295001D98D5 /* VariableSelector.storyboard */ = {isa = PBXFileReference; fileEncoding = 4; lastKnownFileType = file.storyboard; path = VariableSelector.storyboard; sourceTree = "<group>"; };
		CD59C53F23E793E3001D98D5 /* VariableSelectorViewController.swift */ = {isa = PBXFileReference; fileEncoding = 4; lastKnownFileType = sourcecode.swift; path = VariableSelectorViewController.swift; sourceTree = "<group>"; };
		CD59C54123E79449001D98D5 /* InitVars.plist */ = {isa = PBXFileReference; fileEncoding = 4; lastKnownFileType = text.plist.xml; path = InitVars.plist; sourceTree = "<group>"; };
		CD59C54223E79449001D98D5 /* InitStateViewController.swift */ = {isa = PBXFileReference; fileEncoding = 4; lastKnownFileType = sourcecode.swift; path = InitStateViewController.swift; sourceTree = "<group>"; };
		CD59C54523E79476001D98D5 /* Outputs.storyboard */ = {isa = PBXFileReference; fileEncoding = 4; lastKnownFileType = file.storyboard; path = Outputs.storyboard; sourceTree = "<group>"; };
		CD63AEA123E7EA26006502F2 /* Variable.swift */ = {isa = PBXFileReference; fileEncoding = 4; lastKnownFileType = sourcecode.swift; path = Variable.swift; sourceTree = "<group>"; };
		CD63AEA223E7EA26006502F2 /* Condition.swift */ = {isa = PBXFileReference; fileEncoding = 4; lastKnownFileType = sourcecode.swift; path = Condition.swift; sourceTree = "<group>"; };
		CD63AEA323E7EA26006502F2 /* State.swift */ = {isa = PBXFileReference; fileEncoding = 4; lastKnownFileType = sourcecode.swift; path = State.swift; sourceTree = "<group>"; };
		CD63AEC523E7EBE8006502F2 /* CorePlot.framework */ = {isa = PBXFileReference; explicitFileType = wrapper.framework; path = CorePlot.framework; sourceTree = BUILT_PRODUCTS_DIR; };
		CD656F6F248770A300BB5CBC /* PhaseStartupFuncs.swift */ = {isa = PBXFileReference; lastKnownFileType = sourcecode.swift; path = PhaseStartupFuncs.swift; sourceTree = "<group>"; };
		CD6CCF38244BB3830051F76D /* CorePlot.framework */ = {isa = PBXFileReference; explicitFileType = wrapper.framework; path = CorePlot.framework; sourceTree = BUILT_PRODUCTS_DIR; };
		CD6CCF3B244CCC960051F76D /* OutputDataSet.swift */ = {isa = PBXFileReference; lastKnownFileType = sourcecode.swift; path = OutputDataSet.swift; sourceTree = "<group>"; };
		CD6E0B9D2431BAC5008D1656 /* TZToolbar.swift */ = {isa = PBXFileReference; lastKnownFileType = sourcecode.swift; path = TZToolbar.swift; sourceTree = "<group>"; };
		CD6E0BA12436DEC7008D1656 /* TZStoryboard.swift */ = {isa = PBXFileReference; lastKnownFileType = sourcecode.swift; path = TZStoryboard.swift; sourceTree = "<group>"; };
		CD70FAC8253EB39800B551F2 /* ParamValueView.swift */ = {isa = PBXFileReference; lastKnownFileType = sourcecode.swift; name = ParamValueView.swift; path = Treviz/Utilities/ParamValueView.swift; sourceTree = SOURCE_ROOT; };
		CD715E7F23EBE70400E31F97 /* README.md */ = {isa = PBXFileReference; fileEncoding = 4; lastKnownFileType = net.daringfireball.markdown; path = README.md; sourceTree = "<group>"; };
		CD75951124E2638C00B79EF5 /* VariableTest.swift */ = {isa = PBXFileReference; fileEncoding = 4; lastKnownFileType = sourcecode.swift; path = VariableTest.swift; sourceTree = "<group>"; };
		CD75951524E51A3300B79EF5 /* TZOutputTest.swift */ = {isa = PBXFileReference; lastKnownFileType = sourcecode.swift; name = TZOutputTest.swift; path = TrevizTests/TZOutputTest.swift; sourceTree = SOURCE_ROOT; };
		CD75951924E9A56300B79EF5 /* TextOutputTest.swift */ = {isa = PBXFileReference; lastKnownFileType = sourcecode.swift; name = TextOutputTest.swift; path = TrevizTests/TextOutputTest.swift; sourceTree = SOURCE_ROOT; };
		CD75951F24E9A5DF00B79EF5 /* PlotTest.swift */ = {isa = PBXFileReference; lastKnownFileType = sourcecode.swift; path = PlotTest.swift; sourceTree = "<group>"; };
		CD75952324E9AB2000B79EF5 /* AnalysisTests.swift */ = {isa = PBXFileReference; lastKnownFileType = sourcecode.swift; path = AnalysisTests.swift; sourceTree = "<group>"; };
		CD7CE5E22443E1B80090D18F /* CorePlot.framework */ = {isa = PBXFileReference; explicitFileType = wrapper.framework; path = CorePlot.framework; sourceTree = BUILT_PRODUCTS_DIR; };
		CD870F3324B448D7004A4D42 /* MathFuncs.swift */ = {isa = PBXFileReference; lastKnownFileType = sourcecode.swift; name = MathFuncs.swift; path = Treviz/Model/MathFuncs.swift; sourceTree = SOURCE_ROOT; };
		CD8896AE24C8013300610692 /* TestAnalysis1.yaml */ = {isa = PBXFileReference; fileEncoding = 4; lastKnownFileType = text.yaml; name = TestAnalysis1.yaml; path = TrevizTests/TestAnalysis1.yaml; sourceTree = SOURCE_ROOT; };
		CD8896B124C807F500610692 /* TrajectoryAnalysis.xctestplan */ = {isa = PBXFileReference; lastKnownFileType = text; path = TrajectoryAnalysis.xctestplan; sourceTree = "<group>"; };
		CD8896B224C8103B00610692 /* TestAnalysis1.json */ = {isa = PBXFileReference; fileEncoding = 4; lastKnownFileType = text.json; name = TestAnalysis1.json; path = TrevizTests/TestAnalysis1.json; sourceTree = SOURCE_ROOT; };
		CD8FEB032595402A008A08A7 /* StringValueTest.swift */ = {isa = PBXFileReference; lastKnownFileType = sourcecode.swift; path = StringValueTest.swift; sourceTree = "<group>"; };
		CD8FEB0725956A4F008A08A7 /* TradeGroup.swift */ = {isa = PBXFileReference; lastKnownFileType = sourcecode.swift; path = TradeGroup.swift; sourceTree = "<group>"; };
		CD92180725493F5D001CA40B /* CelestialBody.swift */ = {isa = PBXFileReference; lastKnownFileType = sourcecode.swift; path = CelestialBody.swift; sourceTree = "<group>"; };
		CD92D6B82442302800483B8E /* TZLogger.swift */ = {isa = PBXFileReference; lastKnownFileType = sourcecode.swift; path = TZLogger.swift; sourceTree = "<group>"; };
		CD9465322517CBFA00DD7037 /* AnalysisParameterFunctions.swift */ = {isa = PBXFileReference; lastKnownFileType = sourcecode.swift; path = AnalysisParameterFunctions.swift; sourceTree = "<group>"; };
		CD94908825951706007FF5E4 /* TZRunTest.swift */ = {isa = PBXFileReference; lastKnownFileType = sourcecode.swift; path = TZRunTest.swift; sourceTree = "<group>"; };
		CD94908C25951793007FF5E4 /* TestAnalysis3.yaml */ = {isa = PBXFileReference; fileEncoding = 4; lastKnownFileType = text.yaml; path = TestAnalysis3.yaml; sourceTree = "<group>"; };
		CD94908D25951793007FF5E4 /* TestAnalysis2.yaml */ = {isa = PBXFileReference; fileEncoding = 4; lastKnownFileType = text.yaml; path = TestAnalysis2.yaml; sourceTree = "<group>"; };
		CDA0F88022587E05003C62E6 /* RunVariantViewController.swift */ = {isa = PBXFileReference; lastKnownFileType = sourcecode.swift; path = RunVariantViewController.swift; sourceTree = "<group>"; };
		CDA0F887225C5D47003C62E6 /* InputsCellViews.swift */ = {isa = PBXFileReference; lastKnownFileType = sourcecode.swift; path = InputsCellViews.swift; sourceTree = "<group>"; };
		CDA35CD424ECE5A0005BF24D /* PhaseSelectorViewController.swift */ = {isa = PBXFileReference; lastKnownFileType = sourcecode.swift; path = PhaseSelectorViewController.swift; sourceTree = "<group>"; };
		CDA549EE23CC254B00933C6B /* AddConditionViewControllers.swift */ = {isa = PBXFileReference; lastKnownFileType = sourcecode.swift; path = AddConditionViewControllers.swift; sourceTree = "<group>"; };
		CDA549F023CC3C5400933C6B /* ConditionsTableView.swift */ = {isa = PBXFileReference; lastKnownFileType = sourcecode.swift; path = ConditionsTableView.swift; sourceTree = "<group>"; };
		CDA7FD74236FE9CC009CDFAF /* InitVarSettings.yaml */ = {isa = PBXFileReference; lastKnownFileType = text.yaml; path = InitVarSettings.yaml; sourceTree = "<group>"; };
		CDAF398E24A7209200309CA9 /* TZPhase.swift */ = {isa = PBXFileReference; fileEncoding = 4; lastKnownFileType = sourcecode.swift; path = TZPhase.swift; sourceTree = "<group>"; };
		CDAF399124A7217500309CA9 /* PhaseRunFunctions.swift */ = {isa = PBXFileReference; lastKnownFileType = sourcecode.swift; name = PhaseRunFunctions.swift; path = Treviz/Model/Phase/PhaseRunFunctions.swift; sourceTree = SOURCE_ROOT; };
		CDB457BF238508B6004F13AA /* ConditionTests.swift */ = {isa = PBXFileReference; lastKnownFileType = sourcecode.swift; path = ConditionTests.swift; sourceTree = "<group>"; };
		CDB75E1E24E085CA008960C6 /* StateTests.swift */ = {isa = PBXFileReference; lastKnownFileType = sourcecode.swift; path = StateTests.swift; sourceTree = "<group>"; };
		CDB7C73B2352B58300BC50F1 /* InitStateHeader.swift */ = {isa = PBXFileReference; lastKnownFileType = sourcecode.swift; path = InitStateHeader.swift; sourceTree = "<group>"; };
		CDBEA0A522447A9C00D3159C /* TextOutputsViewController.swift */ = {isa = PBXFileReference; lastKnownFileType = sourcecode.swift; path = TextOutputsViewController.swift; sourceTree = "<group>"; };
		CDC1F5352233978500D1BB25 /* OutputsViewController.swift */ = {isa = PBXFileReference; lastKnownFileType = sourcecode.swift; path = OutputsViewController.swift; sourceTree = "<group>"; };
		CDC1F53B2234874000D1BB25 /* MainSplitViewController.swift */ = {isa = PBXFileReference; lastKnownFileType = sourcecode.swift; path = MainSplitViewController.swift; sourceTree = "<group>"; };
		CDC1F53F22363DDB00D1BB25 /* MainViewController.swift */ = {isa = PBXFileReference; lastKnownFileType = sourcecode.swift; path = MainViewController.swift; sourceTree = "<group>"; };
		CDC25615243D9E86007EBE8A /* TZMessageLoggerViewController.swift */ = {isa = PBXFileReference; lastKnownFileType = sourcecode.swift; path = TZMessageLoggerViewController.swift; sourceTree = "<group>"; };
		CDD5049222252AF900B29751 /* Treviz.app */ = {isa = PBXFileReference; explicitFileType = wrapper.application; includeInIndex = 0; path = Treviz.app; sourceTree = BUILT_PRODUCTS_DIR; };
		CDD5049522252AF900B29751 /* AppDelegate.swift */ = {isa = PBXFileReference; lastKnownFileType = sourcecode.swift; path = AppDelegate.swift; sourceTree = "<group>"; };
		CDD5049722252AFA00B29751 /* InputsViewController.swift */ = {isa = PBXFileReference; lastKnownFileType = sourcecode.swift; path = InputsViewController.swift; sourceTree = "<group>"; };
		CDD5049E22252AFD00B29751 /* Images.xcassets */ = {isa = PBXFileReference; lastKnownFileType = folder.assetcatalog; path = Images.xcassets; sourceTree = "<group>"; };
		CDD504A322252AFD00B29751 /* Info.plist */ = {isa = PBXFileReference; lastKnownFileType = text.plist.xml; path = Info.plist; sourceTree = "<group>"; };
		CDD504A422252AFD00B29751 /* Treviz.entitlements */ = {isa = PBXFileReference; lastKnownFileType = text.plist.entitlements; path = Treviz.entitlements; sourceTree = "<group>"; };
		CDD60A902345BF5C00249987 /* TZTextOutput.swift */ = {isa = PBXFileReference; lastKnownFileType = sourcecode.swift; path = TZTextOutput.swift; sourceTree = "<group>"; };
		CDD60A962345C5AE00249987 /* TZOutput.swift */ = {isa = PBXFileReference; lastKnownFileType = sourcecode.swift; path = TZOutput.swift; sourceTree = "<group>"; };
		CDD77FC1250D475E007E90BF /* PhysicsModel.swift */ = {isa = PBXFileReference; lastKnownFileType = sourcecode.swift; path = PhysicsModel.swift; sourceTree = "<group>"; };
		CDDA8F1C24AD989D002936E6 /* PhaseVars.swift */ = {isa = PBXFileReference; lastKnownFileType = sourcecode.swift; path = PhaseVars.swift; sourceTree = "<group>"; };
		CDDA8F2124AEE386002936E6 /* CalculatedVariable.swift */ = {isa = PBXFileReference; lastKnownFileType = sourcecode.swift; path = CalculatedVariable.swift; sourceTree = "<group>"; };
		CDDA8F2324B2C8B4002936E6 /* Output Handling Protocols.swift */ = {isa = PBXFileReference; lastKnownFileType = sourcecode.swift; name = "Output Handling Protocols.swift"; path = "Treviz/Model/Analysis/Output Handling Protocols.swift"; sourceTree = SOURCE_ROOT; };
		CDDA8F2624B44213002936E6 /* DefaultVariableCalculations.swift */ = {isa = PBXFileReference; lastKnownFileType = sourcecode.swift; path = DefaultVariableCalculations.swift; sourceTree = "<group>"; };
		CDDFF28224A5ABE200E8BC31 /* StateDict.swift */ = {isa = PBXFileReference; lastKnownFileType = sourcecode.swift; path = StateDict.swift; sourceTree = "<group>"; };
		CDE078F3224806EF00815E7F /* Inputs.storyboard */ = {isa = PBXFileReference; lastKnownFileType = file.storyboard; path = Inputs.storyboard; sourceTree = "<group>"; };
		CDE0795A2249EC7400815E7F /* InitStateStructure.plist */ = {isa = PBXFileReference; fileEncoding = 4; lastKnownFileType = text.plist.xml; path = InitStateStructure.plist; sourceTree = "<group>"; };
		CDE2A5172471F27700DB2B45 /* AnalysisFactoryInits.swift */ = {isa = PBXFileReference; lastKnownFileType = sourcecode.swift; path = AnalysisFactoryInits.swift; sourceTree = "<group>"; };
		CDE6CDD6250E7D7C0093C4E1 /* RunVariant.swift */ = {isa = PBXFileReference; lastKnownFileType = sourcecode.swift; path = RunVariant.swift; sourceTree = "<group>"; };
		CDF09AB624AC473B0068BE4B /* PhasedViewController.swift */ = {isa = PBXFileReference; lastKnownFileType = sourcecode.swift; name = PhasedViewController.swift; path = "Treviz/Main/Inputs Setup/PhasedViewController.swift"; sourceTree = SOURCE_ROOT; };
		CDF1670B2237A10400CD9590 /* MainWindowController.swift */ = {isa = PBXFileReference; lastKnownFileType = sourcecode.swift; path = MainWindowController.swift; sourceTree = "<group>"; };
		CDF23382242DCD8000B8EF40 /* EditableHeaderTextField.swift */ = {isa = PBXFileReference; fileEncoding = 4; lastKnownFileType = sourcecode.swift; path = EditableHeaderTextField.swift; sourceTree = "<group>"; };
		CDF23383242DCD8000B8EF40 /* BaseViewController.swift */ = {isa = PBXFileReference; fileEncoding = 4; lastKnownFileType = sourcecode.swift; path = BaseViewController.swift; sourceTree = "<group>"; };
		CDF23384242DCD8000B8EF40 /* StackView.swift */ = {isa = PBXFileReference; fileEncoding = 4; lastKnownFileType = sourcecode.swift; path = StackView.swift; sourceTree = "<group>"; };
		CDF23385242DCD8000B8EF40 /* HeaderViewController.storyboard */ = {isa = PBXFileReference; fileEncoding = 4; lastKnownFileType = file.storyboard; path = HeaderViewController.storyboard; sourceTree = "<group>"; };
		CDF23386242DCD8000B8EF40 /* ReadMe.md */ = {isa = PBXFileReference; fileEncoding = 4; lastKnownFileType = net.daringfireball.markdown; path = ReadMe.md; sourceTree = "<group>"; };
		CDF23387242DCD8000B8EF40 /* HeaderViewController.swift */ = {isa = PBXFileReference; fileEncoding = 4; lastKnownFileType = sourcecode.swift; path = HeaderViewController.swift; sourceTree = "<group>"; };
		CDF23388242DCD8000B8EF40 /* LICENSE.txt */ = {isa = PBXFileReference; fileEncoding = 4; lastKnownFileType = text; path = LICENSE.txt; sourceTree = "<group>"; };
		CDF23389242DCD8000B8EF40 /* Info.plist */ = {isa = PBXFileReference; fileEncoding = 4; lastKnownFileType = text.plist.xml; path = Info.plist; sourceTree = "<group>"; };
		CDF23395242DCF0F00B8EF40 /* Main.storyboard */ = {isa = PBXFileReference; lastKnownFileType = file.storyboard; name = Main.storyboard; path = /Users/TylerAnderson/Coding/Swift/Treviz/Treviz/Main/Main.storyboard; sourceTree = "<absolute>"; };
		CDF255F7245294880097F995 /* AnalysisProgressReporter.swift */ = {isa = PBXFileReference; lastKnownFileType = sourcecode.swift; path = AnalysisProgressReporter.swift; sourceTree = "<group>"; };
		CDF3D1A0225025AF0064D70C /* Analysis.swift */ = {isa = PBXFileReference; fileEncoding = 4; lastKnownFileType = sourcecode.swift; path = Analysis.swift; sourceTree = "<group>"; };
		CDF3D1A5225057270064D70C /* TZViewController.swift */ = {isa = PBXFileReference; fileEncoding = 4; lastKnownFileType = sourcecode.swift; path = TZViewController.swift; sourceTree = "<group>"; };
		CDF3D1A722505A000064D70C /* AnalysisDoc.swift */ = {isa = PBXFileReference; lastKnownFileType = sourcecode.swift; path = AnalysisDoc.swift; sourceTree = "<group>"; };
		CDFAD0E923EA84EB00CE7424 /* TrajectoryAnalysis.framework */ = {isa = PBXFileReference; explicitFileType = wrapper.framework; includeInIndex = 0; path = TrajectoryAnalysis.framework; sourceTree = BUILT_PRODUCTS_DIR; };
		CDFAD0EB23EA84EB00CE7424 /* TrajectoryAnalysis.h */ = {isa = PBXFileReference; lastKnownFileType = sourcecode.c.h; path = TrajectoryAnalysis.h; sourceTree = "<group>"; };
		CDFAD0EC23EA84EB00CE7424 /* Info.plist */ = {isa = PBXFileReference; lastKnownFileType = text.plist.xml; path = Info.plist; sourceTree = "<group>"; };
		CDFAD10323EA856F00CE7424 /* CorePlot.framework */ = {isa = PBXFileReference; explicitFileType = wrapper.framework; path = CorePlot.framework; sourceTree = BUILT_PRODUCTS_DIR; };
		CDFE81F423E0104A0013945F /* Treviz-Bridging-Header.h */ = {isa = PBXFileReference; lastKnownFileType = sourcecode.c.h; path = "Treviz-Bridging-Header.h"; sourceTree = "<group>"; };
		CDFE81F823E147060013945F /* PlotOutputViewController.swift */ = {isa = PBXFileReference; lastKnownFileType = sourcecode.swift; path = PlotOutputViewController.swift; sourceTree = "<group>"; };
		CDFE81FB23E14B730013945F /* ViewerTabViewController.swift */ = {isa = PBXFileReference; lastKnownFileType = sourcecode.swift; path = ViewerTabViewController.swift; sourceTree = "<group>"; };
/* End PBXFileReference section */

/* Begin PBXFrameworksBuildPhase section */
		CD0F010D23656B7200C920AA /* Frameworks */ = {
			isa = PBXFrameworksBuildPhase;
			buildActionMask = 2147483647;
			files = (
				4DB08FC11410BCCCFA10D307 /* Pods_TrevizTests.framework in Frameworks */,
			);
			runOnlyForDeploymentPostprocessing = 0;
		};
		CDD5048F22252AF900B29751 /* Frameworks */ = {
			isa = PBXFrameworksBuildPhase;
			buildActionMask = 2147483647;
			files = (
				CDFAD10623EA876900CE7424 /* TrajectoryAnalysis.framework in Frameworks */,
				29A63F34487C7A4A3CFF57F2 /* Pods_Treviz.framework in Frameworks */,
			);
			runOnlyForDeploymentPostprocessing = 0;
		};
		CDFAD0E623EA84EB00CE7424 /* Frameworks */ = {
			isa = PBXFrameworksBuildPhase;
			buildActionMask = 2147483647;
			files = (
				CD31EFF724C15F6F00ED435A /* Yams in Frameworks */,
			);
			runOnlyForDeploymentPostprocessing = 0;
		};
/* End PBXFrameworksBuildPhase section */

/* Begin PBXGroup section */
		5D2C1C606B2E6BDC836FE371 /* Frameworks */ = {
			isa = PBXGroup;
			children = (
				CD6CCF38244BB3830051F76D /* CorePlot.framework */,
				CD410CF4244421A400AB49DE /* CorePlot.framework */,
				CD410CF12444211500AB49DE /* CorePlot.framework */,
				CD7CE5E22443E1B80090D18F /* CorePlot.framework */,
				CDFAD10323EA856F00CE7424 /* CorePlot.framework */,
				CD63AEC523E7EBE8006502F2 /* CorePlot.framework */,
				5AE63A207D59BC03E0AD95A7 /* Pods_Treviz.framework */,
				8A89AF26E4296F559D5BACE4 /* Pods_TrevizTests.framework */,
			);
			name = Frameworks;
			sourceTree = "<group>";
		};
		CD01037523E78EC500D336C2 /* Model */ = {
			isa = PBXGroup;
			children = (
				CD63AEA223E7EA26006502F2 /* Condition.swift */,
				CD63AEA323E7EA26006502F2 /* State.swift */,
				CDDFF28224A5ABE200E8BC31 /* StateDict.swift */,
				CD63AEA123E7EA26006502F2 /* Variable.swift */,
				CDDA8F2124AEE386002936E6 /* CalculatedVariable.swift */,
				CD0F010A2365595700C920AA /* Vehicle.swift */,
				CDD60A962345C5AE00249987 /* TZOutput.swift */,
				CDD60A902345BF5C00249987 /* TZTextOutput.swift */,
				CD280F49233B45670004263F /* TZPlot.swift */,
				CD6CCF3B244CCC960051F76D /* OutputDataSet.swift */,
				CD4AD70C23BD4C0C00FC815F /* TZPlotType.swift */,
				CDB7C73B2352B58300BC50F1 /* InitStateHeader.swift */,
				CD870F3324B448D7004A4D42 /* MathFuncs.swift */,
				CDD77FC1250D475E007E90BF /* PhysicsModel.swift */,
				CD0F113E250560A700C88B05 /* TZRunSettings.swift */,
				CD0FCA9A2593060600EEB1B2 /* Parameter.swift */,
				CD92180725493F5D001CA40B /* CelestialBody.swift */,
				CD3B2216251FD00800218E44 /* Run Variants */,
				CD01037623E78EED00D336C2 /* Analysis */,
				CDAF398D24A7209200309CA9 /* Phase */,
			);
			path = Model;
			sourceTree = "<group>";
		};
		CD01037623E78EED00D336C2 /* Analysis */ = {
			isa = PBXGroup;
			children = (
				CDDA8F2324B2C8B4002936E6 /* Output Handling Protocols.swift */,
				CDF255F7245294880097F995 /* AnalysisProgressReporter.swift */,
				CDF3D1A0225025AF0064D70C /* Analysis.swift */,
				CDE2A5172471F27700DB2B45 /* AnalysisFactoryInits.swift */,
				CD0F010823654ED400C920AA /* AnalysisRunFunctions.swift */,
				CD92D6B82442302800483B8E /* TZLogger.swift */,
			);
			path = Analysis;
			sourceTree = "<group>";
		};
		CD05E3B9225490C500906EB0 /* Main */ = {
			isa = PBXGroup;
			children = (
				CDF23395242DCF0F00B8EF40 /* Main.storyboard */,
				CDF3D1A722505A000064D70C /* AnalysisDoc.swift */,
				CDC1F53F22363DDB00D1BB25 /* MainViewController.swift */,
				CDC1F53B2234874000D1BB25 /* MainSplitViewController.swift */,
				CDF1670B2237A10400CD9590 /* MainWindowController.swift */,
				CD6E0B9D2431BAC5008D1656 /* TZToolbar.swift */,
				CDD5049522252AF900B29751 /* AppDelegate.swift */,
				CDF3D1A5225057270064D70C /* TZViewController.swift */,
				CD6E0BA12436DEC7008D1656 /* TZStoryboard.swift */,
				CD9F2041223B7CBF005BFDCB /* Inputs Setup */,
				CD9F2040223B7C95005BFDCB /* Outputs Setup */,
				CD05E3BB225491A100906EB0 /* Outputs */,
			);
			path = Main;
			sourceTree = "<group>";
		};
		CD05E3BA2254916500906EB0 /* Utilities */ = {
			isa = PBXGroup;
			children = (
				CDF23381242DCD8000B8EF40 /* InfoBarStackView */,
				CD3E645125086398001F6C8F /* RunVariantEnableButton.swift */,
				CD70FAC8253EB39800B551F2 /* ParamValueView.swift */,
				CD42E0A922FD05F600A0F9A1 /* CollapsibleStackView.swift */,
				CD28477622FF9C8800D192A9 /* CollapsibleGridView.swift */,
			);
			path = Utilities;
			sourceTree = "<group>";
		};
		CD05E3BB225491A100906EB0 /* Outputs */ = {
			isa = PBXGroup;
			children = (
				CDFE81FA23E14AD10013945F /* Viewer Outputs */,
				CD3C187D23E2B03700E72EFF /* TZPlotView.swift */,
				CD410CF62444239700AB49DE /* CorePlotExtensions.swift */,
				CD59C54523E79476001D98D5 /* Outputs.storyboard */,
				CDC25615243D9E86007EBE8A /* TZMessageLoggerViewController.swift */,
				CDC1F5352233978500D1BB25 /* OutputsViewController.swift */,
				CDBEA0A522447A9C00D3159C /* TextOutputsViewController.swift */,
				CD11FA9223433096001A3695 /* PlotTypes.plist */,
			);
			path = Outputs;
			sourceTree = "<group>";
		};
		CD05E3BC225491D900906EB0 /* Init State */ = {
			isa = PBXGroup;
			children = (
				CD59C54223E79449001D98D5 /* InitStateViewController.swift */,
				CD59C54123E79449001D98D5 /* InitVars.plist */,
				CDE0795A2249EC7400815E7F /* InitStateStructure.plist */,
				CD500336234DA64F00D71099 /* InitVarSettings.plist */,
				CDA7FD74236FE9CC009CDFAF /* InitVarSettings.yaml */,
			);
			path = "Init State";
			sourceTree = "<group>";
		};
		CD0F011123656B7200C920AA /* TrevizTests */ = {
			isa = PBXGroup;
			children = (
				CD39717A2506F12D00A8047A /* RunSettingsTest.swift */,
				CD75951924E9A56300B79EF5 /* TextOutputTest.swift */,
				CD75951F24E9A5DF00B79EF5 /* PlotTest.swift */,
				CDDA8F1C24AD989D002936E6 /* PhaseVars.swift */,
				CD75951524E51A3300B79EF5 /* TZOutputTest.swift */,
				CD8896B124C807F500610692 /* TrajectoryAnalysis.xctestplan */,
				CD8896B224C8103B00610692 /* TestAnalysis1.json */,
				CD8896AE24C8013300610692 /* TestAnalysis1.yaml */,
				CD94908D25951793007FF5E4 /* TestAnalysis2.yaml */,
				CD94908C25951793007FF5E4 /* TestAnalysis3.yaml */,
				CD75951124E2638C00B79EF5 /* VariableTest.swift */,
				CDB457BF238508B6004F13AA /* ConditionTests.swift */,
				CD39717C2506F2AC00A8047A /* TestHelperFunctions.swift */,
				CD31EFF224C13C7300ED435A /* CalcsTest.swift */,
				CD0F011423656B7200C920AA /* Info.plist */,
				CDB75E1E24E085CA008960C6 /* StateTests.swift */,
				CD75952324E9AB2000B79EF5 /* AnalysisTests.swift */,
				CD94908825951706007FF5E4 /* TZRunTest.swift */,
				CD8FEB032595402A008A08A7 /* StringValueTest.swift */,
			);
			path = TrevizTests;
			sourceTree = "<group>";
		};
		CD3B2216251FD00800218E44 /* Run Variants */ = {
			isa = PBXGroup;
			children = (
				CD0FCAA62593065D00EEB1B2 /* AnalysisCreateRuns.swift */,
				CD0FCAA12593065900EEB1B2 /* TZRun.swift */,
				CD3B2217251FD05300218E44 /* StringValueProtocol.swift */,
				CDE6CDD6250E7D7C0093C4E1 /* RunVariant.swift */,
				CD18A65F254FCB1C00B06C10 /* ParameterID.swift */,
				CD9465322517CBFA00DD7037 /* AnalysisParameterFunctions.swift */,
				CD8FEB0725956A4F008A08A7 /* TradeGroup.swift */,
			);
			path = "Run Variants";
			sourceTree = "<group>";
		};
		CD3F5E5622EE4D8C00E4CF20 /* Conditions */ = {
			isa = PBXGroup;
			children = (
				CD3F5E5922EE4FFE00E4CF20 /* ConditionsViewController.swift */,
				CDA549EE23CC254B00933C6B /* AddConditionViewControllers.swift */,
				CD3F5E5722EE4DCD00E4CF20 /* Conditions.storyboard */,
				CDA549F023CC3C5400933C6B /* ConditionsTableView.swift */,
			);
			path = Conditions;
			sourceTree = "<group>";
		};
		CD449022233B26370095F243 /* Variable */ = {
			isa = PBXGroup;
			children = (
				CD59C53F23E793E3001D98D5 /* VariableSelectorViewController.swift */,
				CD59C53A23E79295001D98D5 /* VariableSelector.storyboard */,
			);
			path = Variable;
			sourceTree = "<group>";
		};
		CD590D4623E7E42C000897C2 /* Playgrounds */ = {
			isa = PBXGroup;
			children = (
				CD590D4723E7E8D8000897C2 /* Conditions.playground */,
			);
			path = Playgrounds;
			sourceTree = "<group>";
		};
		CD59C53E23E79336001D98D5 /* Component Views */ = {
			isa = PBXGroup;
			children = (
				CD3F5E5622EE4D8C00E4CF20 /* Conditions */,
				CD449022233B26370095F243 /* Variable */,
			);
			path = "Component Views";
			sourceTree = "<group>";
		};
		CD727F3623446C26003E6368 /* Subviews */ = {
			isa = PBXGroup;
			children = (
				CD11FA8623408173001A3695 /* AddOutputViewController.swift */,
				CD2D0DAE224382F70012978E /* SingleAxisOutputSetupViewController.swift */,
				CD2D0DA9224382F70012978E /* TwoAxisOutputSetupViewController.swift */,
				CD2D0D96224382F70012978E /* ThreeAxisOutputSetupViewController.swift */,
				CD2D0DAA224382F70012978E /* MonteCarloOutputSetupViewController.swift */,
			);
			path = Subviews;
			sourceTree = "<group>";
		};
		CD9F2040223B7C95005BFDCB /* Outputs Setup */ = {
			isa = PBXGroup;
			children = (
				CD727F3623446C26003E6368 /* Subviews */,
				CD4AD70723A20EE100FC815F /* OutputSetupViewController.swift */,
				CD2D0DA6224382F70012978E /* OutputSetup.storyboard */,
			);
			path = "Outputs Setup";
			sourceTree = "<group>";
		};
		CD9F2041223B7CBF005BFDCB /* Inputs Setup */ = {
			isa = PBXGroup;
			children = (
				CD05E3BC225491D900906EB0 /* Init State */,
				CDA35CD424ECE5A0005BF24D /* PhaseSelectorViewController.swift */,
				CDF09AB624AC473B0068BE4B /* PhasedViewController.swift */,
				CDD5049722252AFA00B29751 /* InputsViewController.swift */,
				CDA0F887225C5D47003C62E6 /* InputsCellViews.swift */,
				CDA0F88022587E05003C62E6 /* RunVariantViewController.swift */,
				CD0F113C25048FE300C88B05 /* RunSettingsViewController.swift */,
				CD4656B1224C6F3500C587CC /* PhysicsViewController.swift */,
				CDE078F3224806EF00815E7F /* Inputs.storyboard */,
			);
			path = "Inputs Setup";
			sourceTree = "<group>";
		};
		CDAF398D24A7209200309CA9 /* Phase */ = {
			isa = PBXGroup;
			children = (
				CDDA8F2624B44213002936E6 /* DefaultVariableCalculations.swift */,
				CDAF398E24A7209200309CA9 /* TZPhase.swift */,
				CDAF399124A7217500309CA9 /* PhaseRunFunctions.swift */,
				CD656F6F248770A300BB5CBC /* PhaseStartupFuncs.swift */,
			);
			path = Phase;
			sourceTree = "<group>";
		};
		CDD5048922252AF900B29751 = {
			isa = PBXGroup;
			children = (
				CD715E7F23EBE70400E31F97 /* README.md */,
				CDD5049422252AF900B29751 /* Treviz */,
				CD0F011123656B7200C920AA /* TrevizTests */,
				CD590D4623E7E42C000897C2 /* Playgrounds */,
				CDFAD0EA23EA84EB00CE7424 /* TrajectoryAnalysis */,
				CDD5049322252AF900B29751 /* Products */,
				FCFFA2756257FED5D6D5A440 /* Pods */,
				5D2C1C606B2E6BDC836FE371 /* Frameworks */,
			);
			sourceTree = "<group>";
		};
		CDD5049322252AF900B29751 /* Products */ = {
			isa = PBXGroup;
			children = (
				CDD5049222252AF900B29751 /* Treviz.app */,
				CD0F011023656B7200C920AA /* TrevizTests.xctest */,
				CDFAD0E923EA84EB00CE7424 /* TrajectoryAnalysis.framework */,
			);
			name = Products;
			sourceTree = "<group>";
		};
		CDD5049422252AF900B29751 /* Treviz */ = {
			isa = PBXGroup;
			children = (
				CD01037523E78EC500D336C2 /* Model */,
				CDD5049E22252AFD00B29751 /* Images.xcassets */,
				CDD504A322252AFD00B29751 /* Info.plist */,
				CDD504A422252AFD00B29751 /* Treviz.entitlements */,
				CDFE81F423E0104A0013945F /* Treviz-Bridging-Header.h */,
				CD05E3BA2254916500906EB0 /* Utilities */,
				CD59C53E23E79336001D98D5 /* Component Views */,
				CD05E3B9225490C500906EB0 /* Main */,
			);
			path = Treviz;
			sourceTree = "<group>";
		};
		CDF23381242DCD8000B8EF40 /* InfoBarStackView */ = {
			isa = PBXGroup;
			children = (
				CDF23382242DCD8000B8EF40 /* EditableHeaderTextField.swift */,
				CDF23383242DCD8000B8EF40 /* BaseViewController.swift */,
				CDF23384242DCD8000B8EF40 /* StackView.swift */,
				CDF23385242DCD8000B8EF40 /* HeaderViewController.storyboard */,
				CDF23386242DCD8000B8EF40 /* ReadMe.md */,
				CDF23387242DCD8000B8EF40 /* HeaderViewController.swift */,
				CDF23388242DCD8000B8EF40 /* LICENSE.txt */,
				CDF23389242DCD8000B8EF40 /* Info.plist */,
			);
			name = InfoBarStackView;
			path = Treviz/Utilities/InfoBarStackView;
			sourceTree = SOURCE_ROOT;
		};
		CDFAD0EA23EA84EB00CE7424 /* TrajectoryAnalysis */ = {
			isa = PBXGroup;
			children = (
				CDFAD0EB23EA84EB00CE7424 /* TrajectoryAnalysis.h */,
				CDFAD0EC23EA84EB00CE7424 /* Info.plist */,
			);
			path = TrajectoryAnalysis;
			sourceTree = "<group>";
		};
		CDFE81FA23E14AD10013945F /* Viewer Outputs */ = {
			isa = PBXGroup;
			children = (
				CDFE81FB23E14B730013945F /* ViewerTabViewController.swift */,
				CD557436236EA14500DA53A1 /* VisualizerViewController.swift */,
				CDFE81F823E147060013945F /* PlotOutputViewController.swift */,
			);
			path = "Viewer Outputs";
			sourceTree = "<group>";
		};
		FCFFA2756257FED5D6D5A440 /* Pods */ = {
			isa = PBXGroup;
			children = (
				42565B6ABF9F400B071A9EBD /* Pods-Treviz.debug.xcconfig */,
				0290A4567B9A9B5D492B5A1E /* Pods-Treviz.release.xcconfig */,
				27A3F7FA6A6A0DBD2D916439 /* Pods-TrevizTests.debug.xcconfig */,
				769BD7D250FD37ECAE0EDE76 /* Pods-TrevizTests.release.xcconfig */,
			);
			path = Pods;
			sourceTree = "<group>";
		};
/* End PBXGroup section */

/* Begin PBXHeadersBuildPhase section */
		CDFAD0E423EA84EB00CE7424 /* Headers */ = {
			isa = PBXHeadersBuildPhase;
			buildActionMask = 2147483647;
			files = (
				CDFAD0ED23EA84EB00CE7424 /* TrajectoryAnalysis.h in Headers */,
			);
			runOnlyForDeploymentPostprocessing = 0;
		};
/* End PBXHeadersBuildPhase section */

/* Begin PBXNativeTarget section */
		CD0F010F23656B7200C920AA /* TrevizTests */ = {
			isa = PBXNativeTarget;
			buildConfigurationList = CD0F011723656B7200C920AA /* Build configuration list for PBXNativeTarget "TrevizTests" */;
			buildPhases = (
				1D2872C8FE38C5938A8D00AD /* [CP] Check Pods Manifest.lock */,
				CD0F010C23656B7200C920AA /* Sources */,
				CD0F010D23656B7200C920AA /* Frameworks */,
				CD0F010E23656B7200C920AA /* Resources */,
			);
			buildRules = (
			);
			dependencies = (
				CD0F011623656B7200C920AA /* PBXTargetDependency */,
			);
			name = TrevizTests;
			productName = TrevizTests;
			productReference = CD0F011023656B7200C920AA /* TrevizTests.xctest */;
			productType = "com.apple.product-type.bundle.unit-test";
		};
		CDD5049122252AF900B29751 /* Treviz */ = {
			isa = PBXNativeTarget;
			buildConfigurationList = CDD504A722252AFD00B29751 /* Build configuration list for PBXNativeTarget "Treviz" */;
			buildPhases = (
				0508561047050E3F423D55C5 /* [CP] Check Pods Manifest.lock */,
				CDD5048E22252AF900B29751 /* Sources */,
				CDD5048F22252AF900B29751 /* Frameworks */,
				CDD5049022252AF900B29751 /* Resources */,
				B32BED1CC58BCBE0606DC198 /* [CP] Embed Pods Frameworks */,
				CD63AEB923E7EAF8006502F2 /* Embed Frameworks */,
			);
			buildRules = (
			);
			dependencies = (
				CDFAD0EF23EA84EB00CE7424 /* PBXTargetDependency */,
			);
			name = Treviz;
			packageProductDependencies = (
			);
			productName = Treviz;
			productReference = CDD5049222252AF900B29751 /* Treviz.app */;
			productType = "com.apple.product-type.application";
		};
		CDFAD0E823EA84EB00CE7424 /* TrajectoryAnalysis */ = {
			isa = PBXNativeTarget;
			buildConfigurationList = CDFAD0F223EA84EB00CE7424 /* Build configuration list for PBXNativeTarget "TrajectoryAnalysis" */;
			buildPhases = (
				CDFAD0E423EA84EB00CE7424 /* Headers */,
				CDFAD0E523EA84EB00CE7424 /* Sources */,
				CDFAD0E623EA84EB00CE7424 /* Frameworks */,
				CDFAD0E723EA84EB00CE7424 /* Resources */,
			);
			buildRules = (
			);
			dependencies = (
			);
			name = TrajectoryAnalysis;
			packageProductDependencies = (
				CD31EFF624C15F6F00ED435A /* Yams */,
			);
			productName = TrajectoryAnalysis;
			productReference = CDFAD0E923EA84EB00CE7424 /* TrajectoryAnalysis.framework */;
			productType = "com.apple.product-type.framework";
		};
/* End PBXNativeTarget section */

/* Begin PBXProject section */
		CDD5048A22252AF900B29751 /* Project object */ = {
			isa = PBXProject;
			attributes = {
				LastSwiftUpdateCheck = 1110;
				LastUpgradeCheck = 1200;
				ORGANIZATIONNAME = "Tyler Anderson";
				TargetAttributes = {
					CD0F010F23656B7200C920AA = {
						CreatedOnToolsVersion = 11.1;
						TestTargetID = CDD5049122252AF900B29751;
					};
					CDD5049122252AF900B29751 = {
						CreatedOnToolsVersion = 10.1;
						LastSwiftMigration = 1130;
					};
					CDFAD0E823EA84EB00CE7424 = {
						CreatedOnToolsVersion = 11.3.1;
					};
				};
			};
			buildConfigurationList = CDD5048D22252AF900B29751 /* Build configuration list for PBXProject "Treviz" */;
			compatibilityVersion = "Xcode 11.0";
			developmentRegion = en;
			hasScannedForEncodings = 0;
			knownRegions = (
				en,
				Base,
			);
			mainGroup = CDD5048922252AF900B29751;
			packageReferences = (
				CD1F6C6923DADBFE00461FC7 /* XCRemoteSwiftPackageReference "Yams" */,
			);
			productRefGroup = CDD5049322252AF900B29751 /* Products */;
			projectDirPath = "";
			projectRoot = "";
			targets = (
				CDD5049122252AF900B29751 /* Treviz */,
				CD0F010F23656B7200C920AA /* TrevizTests */,
				CDFAD0E823EA84EB00CE7424 /* TrajectoryAnalysis */,
			);
		};
/* End PBXProject section */

/* Begin PBXResourcesBuildPhase section */
		CD0F010E23656B7200C920AA /* Resources */ = {
			isa = PBXResourcesBuildPhase;
			buildActionMask = 2147483647;
			files = (
				CD8896B024C8013F00610692 /* TestAnalysis1.yaml in Resources */,
				CD94908F25951793007FF5E4 /* TestAnalysis2.yaml in Resources */,
				CD8896B424C8104300610692 /* TestAnalysis1.json in Resources */,
				CD94908E25951793007FF5E4 /* TestAnalysis3.yaml in Resources */,
			);
			runOnlyForDeploymentPostprocessing = 0;
		};
		CDD5049022252AF900B29751 /* Resources */ = {
			isa = PBXResourcesBuildPhase;
			buildActionMask = 2147483647;
			files = (
				CDF23396242DCF3100B8EF40 /* Main.storyboard in Resources */,
				CDF23390242DCD8100B8EF40 /* LICENSE.txt in Resources */,
				CDBE33C6224CB48200E1404E /* InitStateStructure.plist in Resources */,
				CDF23391242DCD8100B8EF40 /* Info.plist in Resources */,
				CD59C54323E79449001D98D5 /* InitVars.plist in Resources */,
				CDD5049F22252AFD00B29751 /* Images.xcassets in Resources */,
				CDF2338D242DCD8100B8EF40 /* HeaderViewController.storyboard in Resources */,
				CDE078F4224806EF00815E7F /* Inputs.storyboard in Resources */,
				CDF2338E242DCD8100B8EF40 /* ReadMe.md in Resources */,
				CDA7FD75236FE9CC009CDFAF /* InitVarSettings.yaml in Resources */,
				CD3F5E5822EE4DCD00E4CF20 /* Conditions.storyboard in Resources */,
				CD2D0DBB224385580012978E /* OutputSetup.storyboard in Resources */,
				CD11FA9323433096001A3695 /* PlotTypes.plist in Resources */,
				CD59C54623E79476001D98D5 /* Outputs.storyboard in Resources */,
				CD715E8023EBE70400E31F97 /* README.md in Resources */,
				CD500337234DA64F00D71099 /* InitVarSettings.plist in Resources */,
				CD59C53B23E79295001D98D5 /* VariableSelector.storyboard in Resources */,
			);
			runOnlyForDeploymentPostprocessing = 0;
		};
		CDFAD0E723EA84EB00CE7424 /* Resources */ = {
			isa = PBXResourcesBuildPhase;
			buildActionMask = 2147483647;
			files = (
			);
			runOnlyForDeploymentPostprocessing = 0;
		};
/* End PBXResourcesBuildPhase section */

/* Begin PBXShellScriptBuildPhase section */
		0508561047050E3F423D55C5 /* [CP] Check Pods Manifest.lock */ = {
			isa = PBXShellScriptBuildPhase;
			buildActionMask = 2147483647;
			files = (
			);
			inputFileListPaths = (
			);
			inputPaths = (
				"${PODS_PODFILE_DIR_PATH}/Podfile.lock",
				"${PODS_ROOT}/Manifest.lock",
			);
			name = "[CP] Check Pods Manifest.lock";
			outputFileListPaths = (
			);
			outputPaths = (
				"$(DERIVED_FILE_DIR)/Pods-Treviz-checkManifestLockResult.txt",
			);
			runOnlyForDeploymentPostprocessing = 0;
			shellPath = /bin/sh;
			shellScript = "diff \"${PODS_PODFILE_DIR_PATH}/Podfile.lock\" \"${PODS_ROOT}/Manifest.lock\" > /dev/null\nif [ $? != 0 ] ; then\n    # print error to STDERR\n    echo \"error: The sandbox is not in sync with the Podfile.lock. Run 'pod install' or update your CocoaPods installation.\" >&2\n    exit 1\nfi\n# This output is used by Xcode 'outputs' to avoid re-running this script phase.\necho \"SUCCESS\" > \"${SCRIPT_OUTPUT_FILE_0}\"\n";
			showEnvVarsInLog = 0;
		};
		1D2872C8FE38C5938A8D00AD /* [CP] Check Pods Manifest.lock */ = {
			isa = PBXShellScriptBuildPhase;
			buildActionMask = 2147483647;
			files = (
			);
			inputFileListPaths = (
			);
			inputPaths = (
				"${PODS_PODFILE_DIR_PATH}/Podfile.lock",
				"${PODS_ROOT}/Manifest.lock",
			);
			name = "[CP] Check Pods Manifest.lock";
			outputFileListPaths = (
			);
			outputPaths = (
				"$(DERIVED_FILE_DIR)/Pods-TrevizTests-checkManifestLockResult.txt",
			);
			runOnlyForDeploymentPostprocessing = 0;
			shellPath = /bin/sh;
			shellScript = "diff \"${PODS_PODFILE_DIR_PATH}/Podfile.lock\" \"${PODS_ROOT}/Manifest.lock\" > /dev/null\nif [ $? != 0 ] ; then\n    # print error to STDERR\n    echo \"error: The sandbox is not in sync with the Podfile.lock. Run 'pod install' or update your CocoaPods installation.\" >&2\n    exit 1\nfi\n# This output is used by Xcode 'outputs' to avoid re-running this script phase.\necho \"SUCCESS\" > \"${SCRIPT_OUTPUT_FILE_0}\"\n";
			showEnvVarsInLog = 0;
		};
		B32BED1CC58BCBE0606DC198 /* [CP] Embed Pods Frameworks */ = {
			isa = PBXShellScriptBuildPhase;
			buildActionMask = 2147483647;
			files = (
			);
			inputFileListPaths = (
				"${PODS_ROOT}/Target Support Files/Pods-Treviz/Pods-Treviz-frameworks-${CONFIGURATION}-input-files.xcfilelist",
			);
			name = "[CP] Embed Pods Frameworks";
			outputFileListPaths = (
				"${PODS_ROOT}/Target Support Files/Pods-Treviz/Pods-Treviz-frameworks-${CONFIGURATION}-output-files.xcfilelist",
			);
			runOnlyForDeploymentPostprocessing = 0;
			shellPath = /bin/sh;
			shellScript = "\"${PODS_ROOT}/Target Support Files/Pods-Treviz/Pods-Treviz-frameworks.sh\"\n";
			showEnvVarsInLog = 0;
		};
/* End PBXShellScriptBuildPhase section */

/* Begin PBXSourcesBuildPhase section */
		CD0F010C23656B7200C920AA /* Sources */ = {
			isa = PBXSourcesBuildPhase;
			buildActionMask = 2147483647;
			files = (
				CD8FEB042595402A008A08A7 /* StringValueTest.swift in Sources */,
				CD39717B2506F12D00A8047A /* RunSettingsTest.swift in Sources */,
				CD75952024E9A5DF00B79EF5 /* PlotTest.swift in Sources */,
				CDB75E1F24E085CA008960C6 /* StateTests.swift in Sources */,
				CD31EFF324C13C7300ED435A /* CalcsTest.swift in Sources */,
				CDB457C0238508B6004F13AA /* ConditionTests.swift in Sources */,
				CD39717D2506F2AC00A8047A /* TestHelperFunctions.swift in Sources */,
				CD75951224E2638C00B79EF5 /* VariableTest.swift in Sources */,
				CD75952424E9AB2000B79EF5 /* AnalysisTests.swift in Sources */,
				CD94908925951706007FF5E4 /* TZRunTest.swift in Sources */,
				CD75951E24E9A59F00B79EF5 /* TextOutputTest.swift in Sources */,
				CD75951624E51A3300B79EF5 /* TZOutputTest.swift in Sources */,
			);
			runOnlyForDeploymentPostprocessing = 0;
		};
		CDD5048E22252AF900B29751 /* Sources */ = {
			isa = PBXSourcesBuildPhase;
			buildActionMask = 2147483647;
			files = (
				CDF3D1A6225057270064D70C /* TZViewController.swift in Sources */,
				CDE6CDD7250E7D7C0093C4E1 /* RunVariant.swift in Sources */,
				CD3F5E5A22EE4FFE00E4CF20 /* ConditionsViewController.swift in Sources */,
				CDE2B5A824C2C71D002026E0 /* TZLogger.swift in Sources */,
				CDE2B5B924C2C729002026E0 /* Variable.swift in Sources */,
				CD59C54023E793E3001D98D5 /* VariableSelectorViewController.swift in Sources */,
				CDE2B5BD24C2C729002026E0 /* TZOutput.swift in Sources */,
				CD8FEB0825956A4F008A08A7 /* TradeGroup.swift in Sources */,
				CDF3D1A822505A000064D70C /* AnalysisDoc.swift in Sources */,
				CDE2B5A724C2C71D002026E0 /* AnalysisRunFunctions.swift in Sources */,
				CD3E645225086399001F6C8F /* RunVariantEnableButton.swift in Sources */,
				CD2D0DB42243836F0012978E /* ThreeAxisOutputSetupViewController.swift in Sources */,
				CDE2B5B724C2C729002026E0 /* State.swift in Sources */,
				CD75952224E9A75F00B79EF5 /* PhaseVars.swift in Sources */,
				CD2D0DB52243836F0012978E /* TwoAxisOutputSetupViewController.swift in Sources */,
				CDE2B5BC24C2C729002026E0 /* Vehicle.swift in Sources */,
				CDE2B5C224C2C729002026E0 /* InitStateHeader.swift in Sources */,
				CD2D0DB62243836F0012978E /* MonteCarloOutputSetupViewController.swift in Sources */,
				CD2D0DB82243836F0012978E /* SingleAxisOutputSetupViewController.swift in Sources */,
				CD4656B2224C6F3500C587CC /* PhysicsViewController.swift in Sources */,
				CD0F113D25048FE300C88B05 /* RunSettingsViewController.swift in Sources */,
				CDF2338F242DCD8100B8EF40 /* HeaderViewController.swift in Sources */,
				CD18A660254FCB1C00B06C10 /* ParameterID.swift in Sources */,
				CDE2B5A324C2C71D002026E0 /* AnalysisProgressReporter.swift in Sources */,
				CD410CF72444239700AB49DE /* CorePlotExtensions.swift in Sources */,
				CDE2B5A424C2C71D002026E0 /* Analysis.swift in Sources */,
				CD6E0BA22436DEC7008D1656 /* TZStoryboard.swift in Sources */,
				CDE2B59E24C2C718002026E0 /* TZPhase.swift in Sources */,
				CDE2B5C024C2C729002026E0 /* TZPlot.swift in Sources */,
				CDC25616243D9E86007EBE8A /* TZMessageLoggerViewController.swift in Sources */,
				CDF1670C2237A10400CD9590 /* MainWindowController.swift in Sources */,
				CDE2B5B624C2C729002026E0 /* Condition.swift in Sources */,
				CDE2B5A024C2C718002026E0 /* PhaseRunFunctions.swift in Sources */,
				CD3C187E23E2B03800E72EFF /* TZPlotView.swift in Sources */,
				CD92180825493F5D001CA40B /* CelestialBody.swift in Sources */,
				CDC1F53C2234874000D1BB25 /* MainSplitViewController.swift in Sources */,
				CDFE81F923E147060013945F /* PlotOutputViewController.swift in Sources */,
				CDE2B5B824C2C729002026E0 /* StateDict.swift in Sources */,
				CD9465332517CBFA00DD7037 /* AnalysisParameterFunctions.swift in Sources */,
				CDFE81FC23E14B730013945F /* ViewerTabViewController.swift in Sources */,
				CDC1F54022363DDB00D1BB25 /* MainViewController.swift in Sources */,
				CD557437236EA14500DA53A1 /* VisualizerViewController.swift in Sources */,
				CD42E0AA22FD05F600A0F9A1 /* CollapsibleStackView.swift in Sources */,
				CDA549EF23CC254B00933C6B /* AddConditionViewControllers.swift in Sources */,
				CDC1F5372233978500D1BB25 /* OutputsViewController.swift in Sources */,
				CDE2B5A124C2C718002026E0 /* PhaseStartupFuncs.swift in Sources */,
				CD6E0B9E2431BAC5008D1656 /* TZToolbar.swift in Sources */,
				CDA549F123CC3C5400933C6B /* ConditionsTableView.swift in Sources */,
				CDE2B59D24C2C718002026E0 /* DefaultVariableCalculations.swift in Sources */,
				CDF2338C242DCD8100B8EF40 /* StackView.swift in Sources */,
				CDA0F88122587E05003C62E6 /* RunVariantViewController.swift in Sources */,
				CD3B2218251FD05300218E44 /* StringValueProtocol.swift in Sources */,
				CDD5049822252AFA00B29751 /* InputsViewController.swift in Sources */,
				CDE2B5BA24C2C729002026E0 /* CalculatedVariable.swift in Sources */,
				CDF2338A242DCD8100B8EF40 /* EditableHeaderTextField.swift in Sources */,
				CDF2338B242DCD8100B8EF40 /* BaseViewController.swift in Sources */,
				CD0FCA9B2593060600EEB1B2 /* Parameter.swift in Sources */,
				CDE2B5A524C2C71D002026E0 /* AnalysisFactoryInits.swift in Sources */,
				CDA0F888225C5D47003C62E6 /* InputsCellViews.swift in Sources */,
				CDF09AB724AC473B0068BE4B /* PhasedViewController.swift in Sources */,
				CD0FCAA72593065D00EEB1B2 /* AnalysisCreateRuns.swift in Sources */,
				CDE2B5A224C2C71D002026E0 /* Output Handling Protocols.swift in Sources */,
				CDBEA0A622447A9C00D3159C /* TextOutputsViewController.swift in Sources */,
				CD59C54423E79449001D98D5 /* InitStateViewController.swift in Sources */,
				CD11FA8723408173001A3695 /* AddOutputViewController.swift in Sources */,
				CD28477722FF9C8800D192A9 /* CollapsibleGridView.swift in Sources */,
				CDE2B5C124C2C729002026E0 /* TZPlotType.swift in Sources */,
				CDE2B5BE24C2C729002026E0 /* OutputDataSet.swift in Sources */,
				CD70FAC9253EB39800B551F2 /* ParamValueView.swift in Sources */,
				CDD77FC2250D475E007E90BF /* PhysicsModel.swift in Sources */,
				CD0F113F250560A700C88B05 /* TZRunSettings.swift in Sources */,
				CDA35CD524ECE5A0005BF24D /* PhaseSelectorViewController.swift in Sources */,
				CDE2B5C324C2C729002026E0 /* MathFuncs.swift in Sources */,
				CD0FCAA22593065900EEB1B2 /* TZRun.swift in Sources */,
				CDD5049622252AF900B29751 /* AppDelegate.swift in Sources */,
				CDE2B5BF24C2C729002026E0 /* TZTextOutput.swift in Sources */,
				CD4AD70823A20EE200FC815F /* OutputSetupViewController.swift in Sources */,
			);
			runOnlyForDeploymentPostprocessing = 0;
		};
		CDFAD0E523EA84EB00CE7424 /* Sources */ = {
			isa = PBXSourcesBuildPhase;
			buildActionMask = 2147483647;
			files = (
				CD8FEB0925956A4F008A08A7 /* TradeGroup.swift in Sources */,
				CD6CCF3A244BB5720051F76D /* TZPlot.swift in Sources */,
				CD0FCAA82593065D00EEB1B2 /* AnalysisCreateRuns.swift in Sources */,
				CDDFF28424A5ABE200E8BC31 /* StateDict.swift in Sources */,
				CD0FCAA32593065900EEB1B2 /* TZRun.swift in Sources */,
				CD5F4E992455100A00823E43 /* Analysis.swift in Sources */,
				CD5F4E972455100600823E43 /* AnalysisProgressReporter.swift in Sources */,
				CDFAD0F623EA84FE00CE7424 /* Condition.swift in Sources */,
				CD0F1140250560A700C88B05 /* TZRunSettings.swift in Sources */,
				CDAF399024A7209200309CA9 /* TZPhase.swift in Sources */,
				CD656F71248771D500BB5CBC /* PhaseStartupFuncs.swift in Sources */,
				CD9465342517CBFA00DD7037 /* AnalysisParameterFunctions.swift in Sources */,
				CD870F3524B448D7004A4D42 /* MathFuncs.swift in Sources */,
				CD3B2220251FE4A400218E44 /* PhysicsModel.swift in Sources */,
				CD0FCA9C2593060600EEB1B2 /* Parameter.swift in Sources */,
				CDDA8F2924B4451F002936E6 /* CalculatedVariable.swift in Sources */,
				CDFAD0F723EA84FE00CE7424 /* State.swift in Sources */,
				CD6CCF3D244D2FFB0051F76D /* OutputDataSet.swift in Sources */,
				CDFAD0F923EA84FE00CE7424 /* Variable.swift in Sources */,
				CDFAD0FA23EA84FE00CE7424 /* Vehicle.swift in Sources */,
				CD92180925493F5D001CA40B /* CelestialBody.swift in Sources */,
				CDE6CDD8250E7D7C0093C4E1 /* RunVariant.swift in Sources */,
				CDDA8F2824B44213002936E6 /* DefaultVariableCalculations.swift in Sources */,
				CDFAD0FB23EA84FE00CE7424 /* TZOutput.swift in Sources */,
				CDAF399324A7217500309CA9 /* PhaseRunFunctions.swift in Sources */,
				CD18A661254FCB1C00B06C10 /* ParameterID.swift in Sources */,
				CDDA8F2524B2C8B4002936E6 /* Output Handling Protocols.swift in Sources */,
				CD5F4E9D2455101500823E43 /* AnalysisRunFunctions.swift in Sources */,
				CD5F4E9B2455101100823E43 /* TZLogger.swift in Sources */,
				CDC789C3247B47A200A1DCED /* AnalysisFactoryInits.swift in Sources */,
				CDFAD0FC23EA84FE00CE7424 /* TZTextOutput.swift in Sources */,
				CD3B2219251FD05300218E44 /* StringValueProtocol.swift in Sources */,
				CD5F4E9E2455105300823E43 /* InitStateHeader.swift in Sources */,
				CDFAD0FE23EA84FE00CE7424 /* TZPlotType.swift in Sources */,
				CD75952124E9A74A00B79EF5 /* PhaseVars.swift in Sources */,
			);
			runOnlyForDeploymentPostprocessing = 0;
		};
/* End PBXSourcesBuildPhase section */

/* Begin PBXTargetDependency section */
		CD0F011623656B7200C920AA /* PBXTargetDependency */ = {
			isa = PBXTargetDependency;
			target = CDD5049122252AF900B29751 /* Treviz */;
			targetProxy = CD0F011523656B7200C920AA /* PBXContainerItemProxy */;
		};
		CDFAD0EF23EA84EB00CE7424 /* PBXTargetDependency */ = {
			isa = PBXTargetDependency;
			target = CDFAD0E823EA84EB00CE7424 /* TrajectoryAnalysis */;
			targetProxy = CDFAD0EE23EA84EB00CE7424 /* PBXContainerItemProxy */;
		};
/* End PBXTargetDependency section */

/* Begin XCBuildConfiguration section */
		CD0F011823656B7200C920AA /* Debug */ = {
			isa = XCBuildConfiguration;
			baseConfigurationReference = 27A3F7FA6A6A0DBD2D916439 /* Pods-TrevizTests.debug.xcconfig */;
			buildSettings = {
				BUNDLE_LOADER = "$(TEST_HOST)";
				CODE_SIGN_IDENTITY = "Apple Development";
				CODE_SIGN_STYLE = Automatic;
				COMBINE_HIDPI_IMAGES = YES;
				DEVELOPMENT_TEAM = QD374MRFUS;
				INFOPLIST_FILE = TrevizTests/Info.plist;
				LD_RUNPATH_SEARCH_PATHS = (
					"$(inherited)",
					"@executable_path/../Frameworks",
					"@loader_path/../Frameworks",
				);
				PRODUCT_BUNDLE_IDENTIFIER = com.TylerAnderson.TrevizTests;
				PRODUCT_NAME = "$(TARGET_NAME)";
				SWIFT_VERSION = 5.0;
				TEST_HOST = "$(BUILT_PRODUCTS_DIR)/Treviz.app/Contents/MacOS/Treviz";
			};
			name = Debug;
		};
		CD0F011923656B7200C920AA /* Release */ = {
			isa = XCBuildConfiguration;
			baseConfigurationReference = 769BD7D250FD37ECAE0EDE76 /* Pods-TrevizTests.release.xcconfig */;
			buildSettings = {
				BUNDLE_LOADER = "$(TEST_HOST)";
				CODE_SIGN_IDENTITY = "Apple Development";
				CODE_SIGN_STYLE = Automatic;
				COMBINE_HIDPI_IMAGES = YES;
				DEVELOPMENT_TEAM = QD374MRFUS;
				INFOPLIST_FILE = TrevizTests/Info.plist;
				LD_RUNPATH_SEARCH_PATHS = (
					"$(inherited)",
					"@executable_path/../Frameworks",
					"@loader_path/../Frameworks",
				);
				PRODUCT_BUNDLE_IDENTIFIER = com.TylerAnderson.TrevizTests;
				PRODUCT_NAME = "$(TARGET_NAME)";
				SWIFT_VERSION = 5.0;
				TEST_HOST = "$(BUILT_PRODUCTS_DIR)/Treviz.app/Contents/MacOS/Treviz";
			};
			name = Release;
		};
		CDD504A522252AFD00B29751 /* Debug */ = {
			isa = XCBuildConfiguration;
			buildSettings = {
				ALWAYS_SEARCH_USER_PATHS = NO;
				CLANG_ANALYZER_NONNULL = YES;
				CLANG_ANALYZER_NUMBER_OBJECT_CONVERSION = YES_AGGRESSIVE;
				CLANG_CXX_LANGUAGE_STANDARD = "gnu++14";
				CLANG_CXX_LIBRARY = "libc++";
				CLANG_ENABLE_MODULES = YES;
				CLANG_ENABLE_OBJC_ARC = YES;
				CLANG_ENABLE_OBJC_WEAK = YES;
				CLANG_WARN_BLOCK_CAPTURE_AUTORELEASING = YES;
				CLANG_WARN_BOOL_CONVERSION = YES;
				CLANG_WARN_COMMA = YES;
				CLANG_WARN_CONSTANT_CONVERSION = YES;
				CLANG_WARN_DEPRECATED_OBJC_IMPLEMENTATIONS = YES;
				CLANG_WARN_DIRECT_OBJC_ISA_USAGE = YES_ERROR;
				CLANG_WARN_DOCUMENTATION_COMMENTS = YES;
				CLANG_WARN_EMPTY_BODY = YES;
				CLANG_WARN_ENUM_CONVERSION = YES;
				CLANG_WARN_INFINITE_RECURSION = YES;
				CLANG_WARN_INT_CONVERSION = YES;
				CLANG_WARN_NON_LITERAL_NULL_CONVERSION = YES;
				CLANG_WARN_OBJC_IMPLICIT_RETAIN_SELF = YES;
				CLANG_WARN_OBJC_LITERAL_CONVERSION = YES;
				CLANG_WARN_OBJC_ROOT_CLASS = YES_ERROR;
				CLANG_WARN_QUOTED_INCLUDE_IN_FRAMEWORK_HEADER = YES;
				CLANG_WARN_RANGE_LOOP_ANALYSIS = YES;
				CLANG_WARN_STRICT_PROTOTYPES = YES;
				CLANG_WARN_SUSPICIOUS_MOVE = YES;
				CLANG_WARN_UNGUARDED_AVAILABILITY = YES_AGGRESSIVE;
				CLANG_WARN_UNREACHABLE_CODE = YES;
				CLANG_WARN__DUPLICATE_METHOD_MATCH = YES;
				CODE_SIGN_IDENTITY = "Mac Developer";
				COPY_PHASE_STRIP = NO;
				DEBUG_INFORMATION_FORMAT = dwarf;
				ENABLE_STRICT_OBJC_MSGSEND = YES;
				ENABLE_TESTABILITY = YES;
				GCC_C_LANGUAGE_STANDARD = gnu11;
				GCC_DYNAMIC_NO_PIC = NO;
				GCC_NO_COMMON_BLOCKS = YES;
				GCC_OPTIMIZATION_LEVEL = 0;
				GCC_PREPROCESSOR_DEFINITIONS = (
					"DEBUG=1",
					"$(inherited)",
				);
				GCC_WARN_64_TO_32_BIT_CONVERSION = YES;
				GCC_WARN_ABOUT_RETURN_TYPE = YES_ERROR;
				GCC_WARN_UNDECLARED_SELECTOR = YES;
				GCC_WARN_UNINITIALIZED_AUTOS = YES_AGGRESSIVE;
				GCC_WARN_UNUSED_FUNCTION = YES;
				GCC_WARN_UNUSED_VARIABLE = YES;
				MACOSX_DEPLOYMENT_TARGET = 10.15;
				MTL_ENABLE_DEBUG_INFO = INCLUDE_SOURCE;
				MTL_FAST_MATH = YES;
				ONLY_ACTIVE_ARCH = YES;
				SDKROOT = macosx;
				SWIFT_ACTIVE_COMPILATION_CONDITIONS = DEBUG;
				SWIFT_OBJC_BRIDGING_HEADER = "Treviz/Treviz-Bridging-Header.h";
				SWIFT_OPTIMIZATION_LEVEL = "-Onone";
			};
			name = Debug;
		};
		CDD504A622252AFD00B29751 /* Release */ = {
			isa = XCBuildConfiguration;
			buildSettings = {
				ALWAYS_SEARCH_USER_PATHS = NO;
				CLANG_ANALYZER_NONNULL = YES;
				CLANG_ANALYZER_NUMBER_OBJECT_CONVERSION = YES_AGGRESSIVE;
				CLANG_CXX_LANGUAGE_STANDARD = "gnu++14";
				CLANG_CXX_LIBRARY = "libc++";
				CLANG_ENABLE_MODULES = YES;
				CLANG_ENABLE_OBJC_ARC = YES;
				CLANG_ENABLE_OBJC_WEAK = YES;
				CLANG_WARN_BLOCK_CAPTURE_AUTORELEASING = YES;
				CLANG_WARN_BOOL_CONVERSION = YES;
				CLANG_WARN_COMMA = YES;
				CLANG_WARN_CONSTANT_CONVERSION = YES;
				CLANG_WARN_DEPRECATED_OBJC_IMPLEMENTATIONS = YES;
				CLANG_WARN_DIRECT_OBJC_ISA_USAGE = YES_ERROR;
				CLANG_WARN_DOCUMENTATION_COMMENTS = YES;
				CLANG_WARN_EMPTY_BODY = YES;
				CLANG_WARN_ENUM_CONVERSION = YES;
				CLANG_WARN_INFINITE_RECURSION = YES;
				CLANG_WARN_INT_CONVERSION = YES;
				CLANG_WARN_NON_LITERAL_NULL_CONVERSION = YES;
				CLANG_WARN_OBJC_IMPLICIT_RETAIN_SELF = YES;
				CLANG_WARN_OBJC_LITERAL_CONVERSION = YES;
				CLANG_WARN_OBJC_ROOT_CLASS = YES_ERROR;
				CLANG_WARN_QUOTED_INCLUDE_IN_FRAMEWORK_HEADER = YES;
				CLANG_WARN_RANGE_LOOP_ANALYSIS = YES;
				CLANG_WARN_STRICT_PROTOTYPES = YES;
				CLANG_WARN_SUSPICIOUS_MOVE = YES;
				CLANG_WARN_UNGUARDED_AVAILABILITY = YES_AGGRESSIVE;
				CLANG_WARN_UNREACHABLE_CODE = YES;
				CLANG_WARN__DUPLICATE_METHOD_MATCH = YES;
				CODE_SIGN_IDENTITY = "Mac Developer";
				COPY_PHASE_STRIP = NO;
				DEBUG_INFORMATION_FORMAT = "dwarf-with-dsym";
				ENABLE_NS_ASSERTIONS = NO;
				ENABLE_STRICT_OBJC_MSGSEND = YES;
				GCC_C_LANGUAGE_STANDARD = gnu11;
				GCC_NO_COMMON_BLOCKS = YES;
				GCC_WARN_64_TO_32_BIT_CONVERSION = YES;
				GCC_WARN_ABOUT_RETURN_TYPE = YES_ERROR;
				GCC_WARN_UNDECLARED_SELECTOR = YES;
				GCC_WARN_UNINITIALIZED_AUTOS = YES_AGGRESSIVE;
				GCC_WARN_UNUSED_FUNCTION = YES;
				GCC_WARN_UNUSED_VARIABLE = YES;
				MACOSX_DEPLOYMENT_TARGET = 10.15;
				MTL_ENABLE_DEBUG_INFO = NO;
				MTL_FAST_MATH = YES;
				SDKROOT = macosx;
				SWIFT_ACTIVE_COMPILATION_CONDITIONS = "";
				SWIFT_COMPILATION_MODE = wholemodule;
				SWIFT_OBJC_BRIDGING_HEADER = "Treviz/Treviz-Bridging-Header.h";
				SWIFT_OPTIMIZATION_LEVEL = "-O";
			};
			name = Release;
		};
		CDD504A822252AFD00B29751 /* Debug */ = {
			isa = XCBuildConfiguration;
			baseConfigurationReference = 42565B6ABF9F400B071A9EBD /* Pods-Treviz.debug.xcconfig */;
			buildSettings = {
				ALWAYS_EMBED_SWIFT_STANDARD_LIBRARIES = YES;
				ASSETCATALOG_COMPILER_APPICON_NAME = AppIcon;
				CLANG_ENABLE_MODULES = YES;
				CODE_SIGN_ENTITLEMENTS = Treviz/Treviz.entitlements;
				CODE_SIGN_IDENTITY = "Apple Development";
				CODE_SIGN_STYLE = Automatic;
				COMBINE_HIDPI_IMAGES = YES;
				DEVELOPMENT_TEAM = QD374MRFUS;
				ENABLE_HARDENED_RUNTIME = YES;
				INFOPLIST_FILE = Treviz/Info.plist;
				LD_RUNPATH_SEARCH_PATHS = (
					"$(inherited)",
					"@executable_path/../Frameworks",
				);
				MACOSX_DEPLOYMENT_TARGET = 10.15;
				PRODUCT_BUNDLE_IDENTIFIER = com.TylerAnderson.Treviz;
				PRODUCT_NAME = "$(TARGET_NAME)";
				PROVISIONING_PROFILE_SPECIFIER = "";
				SWIFT_ACTIVE_COMPILATION_CONDITIONS = DEBUG;
				SWIFT_OBJC_BRIDGING_HEADER = "Treviz/Treviz-Bridging-Header.h";
				SWIFT_OPTIMIZATION_LEVEL = "-Onone";
				SWIFT_VERSION = 5.0;
			};
			name = Debug;
		};
		CDD504A922252AFD00B29751 /* Release */ = {
			isa = XCBuildConfiguration;
			baseConfigurationReference = 0290A4567B9A9B5D492B5A1E /* Pods-Treviz.release.xcconfig */;
			buildSettings = {
				ALWAYS_EMBED_SWIFT_STANDARD_LIBRARIES = YES;
				ASSETCATALOG_COMPILER_APPICON_NAME = AppIcon;
				CLANG_ENABLE_MODULES = YES;
				CODE_SIGN_ENTITLEMENTS = Treviz/Treviz.entitlements;
				CODE_SIGN_IDENTITY = "Apple Development";
				CODE_SIGN_STYLE = Automatic;
				COMBINE_HIDPI_IMAGES = YES;
				DEVELOPMENT_TEAM = QD374MRFUS;
				ENABLE_HARDENED_RUNTIME = YES;
				INFOPLIST_FILE = Treviz/Info.plist;
				LD_RUNPATH_SEARCH_PATHS = (
					"$(inherited)",
					"@executable_path/../Frameworks",
				);
				MACOSX_DEPLOYMENT_TARGET = 10.15;
				PRODUCT_BUNDLE_IDENTIFIER = com.TylerAnderson.Treviz;
				PRODUCT_NAME = "$(TARGET_NAME)";
				PROVISIONING_PROFILE_SPECIFIER = "";
				SWIFT_ACTIVE_COMPILATION_CONDITIONS = "";
				SWIFT_OBJC_BRIDGING_HEADER = "Treviz/Treviz-Bridging-Header.h";
				SWIFT_VERSION = 5.0;
			};
			name = Release;
		};
		CDFAD0F323EA84EB00CE7424 /* Debug */ = {
			isa = XCBuildConfiguration;
			buildSettings = {
				CODE_SIGN_IDENTITY = "";
				CODE_SIGN_STYLE = Automatic;
				COMBINE_HIDPI_IMAGES = YES;
				CURRENT_PROJECT_VERSION = 1;
				DEFINES_MODULE = YES;
				DEVELOPMENT_TEAM = QD374MRFUS;
				DYLIB_COMPATIBILITY_VERSION = 1;
				DYLIB_CURRENT_VERSION = 1;
				DYLIB_INSTALL_NAME_BASE = "@rpath";
				INFOPLIST_FILE = TrajectoryAnalysis/Info.plist;
				INSTALL_PATH = "$(LOCAL_LIBRARY_DIR)/Frameworks";
				LD_RUNPATH_SEARCH_PATHS = (
					"$(inherited)",
					"@executable_path/../Frameworks",
					"@loader_path/Frameworks",
				);
				PRODUCT_BUNDLE_IDENTIFIER = com.TylerAnderson.TrajectoryAnalysis;
				PRODUCT_NAME = "$(TARGET_NAME:c99extidentifier)";
				SKIP_INSTALL = YES;
				SWIFT_INSTALL_OBJC_HEADER = NO;
				SWIFT_OBJC_BRIDGING_HEADER = "";
				SWIFT_PRECOMPILE_BRIDGING_HEADER = NO;
				SWIFT_VERSION = 5.0;
				VERSIONING_SYSTEM = "apple-generic";
				VERSION_INFO_PREFIX = "";
			};
			name = Debug;
		};
		CDFAD0F423EA84EB00CE7424 /* Release */ = {
			isa = XCBuildConfiguration;
			buildSettings = {
				CODE_SIGN_IDENTITY = "";
				CODE_SIGN_STYLE = Automatic;
				COMBINE_HIDPI_IMAGES = YES;
				CURRENT_PROJECT_VERSION = 1;
				DEFINES_MODULE = YES;
				DEVELOPMENT_TEAM = QD374MRFUS;
				DYLIB_COMPATIBILITY_VERSION = 1;
				DYLIB_CURRENT_VERSION = 1;
				DYLIB_INSTALL_NAME_BASE = "@rpath";
				INFOPLIST_FILE = TrajectoryAnalysis/Info.plist;
				INSTALL_PATH = "$(LOCAL_LIBRARY_DIR)/Frameworks";
				LD_RUNPATH_SEARCH_PATHS = (
					"$(inherited)",
					"@executable_path/../Frameworks",
					"@loader_path/Frameworks",
				);
				PRODUCT_BUNDLE_IDENTIFIER = com.TylerAnderson.TrajectoryAnalysis;
				PRODUCT_NAME = "$(TARGET_NAME:c99extidentifier)";
				SKIP_INSTALL = YES;
				SWIFT_INSTALL_OBJC_HEADER = NO;
				SWIFT_OBJC_BRIDGING_HEADER = "";
				SWIFT_PRECOMPILE_BRIDGING_HEADER = NO;
				SWIFT_VERSION = 5.0;
				VERSIONING_SYSTEM = "apple-generic";
				VERSION_INFO_PREFIX = "";
			};
			name = Release;
		};
/* End XCBuildConfiguration section */

/* Begin XCConfigurationList section */
		CD0F011723656B7200C920AA /* Build configuration list for PBXNativeTarget "TrevizTests" */ = {
			isa = XCConfigurationList;
			buildConfigurations = (
				CD0F011823656B7200C920AA /* Debug */,
				CD0F011923656B7200C920AA /* Release */,
			);
			defaultConfigurationIsVisible = 0;
			defaultConfigurationName = Release;
		};
		CDD5048D22252AF900B29751 /* Build configuration list for PBXProject "Treviz" */ = {
			isa = XCConfigurationList;
			buildConfigurations = (
				CDD504A522252AFD00B29751 /* Debug */,
				CDD504A622252AFD00B29751 /* Release */,
			);
			defaultConfigurationIsVisible = 0;
			defaultConfigurationName = Release;
		};
		CDD504A722252AFD00B29751 /* Build configuration list for PBXNativeTarget "Treviz" */ = {
			isa = XCConfigurationList;
			buildConfigurations = (
				CDD504A822252AFD00B29751 /* Debug */,
				CDD504A922252AFD00B29751 /* Release */,
			);
			defaultConfigurationIsVisible = 0;
			defaultConfigurationName = Release;
		};
		CDFAD0F223EA84EB00CE7424 /* Build configuration list for PBXNativeTarget "TrajectoryAnalysis" */ = {
			isa = XCConfigurationList;
			buildConfigurations = (
				CDFAD0F323EA84EB00CE7424 /* Debug */,
				CDFAD0F423EA84EB00CE7424 /* Release */,
			);
			defaultConfigurationIsVisible = 0;
			defaultConfigurationName = Release;
		};
/* End XCConfigurationList section */

/* Begin XCRemoteSwiftPackageReference section */
		CD1F6C6923DADBFE00461FC7 /* XCRemoteSwiftPackageReference "Yams" */ = {
			isa = XCRemoteSwiftPackageReference;
			repositoryURL = "https://github.com/jpsim/Yams.git";
			requirement = {
				kind = upToNextMajorVersion;
				minimumVersion = 2.0.0;
			};
		};
/* End XCRemoteSwiftPackageReference section */

/* Begin XCSwiftPackageProductDependency section */
		CD31EFF624C15F6F00ED435A /* Yams */ = {
			isa = XCSwiftPackageProductDependency;
			package = CD1F6C6923DADBFE00461FC7 /* XCRemoteSwiftPackageReference "Yams" */;
			productName = Yams;
		};
/* End XCSwiftPackageProductDependency section */
	};
	rootObject = CDD5048A22252AF900B29751 /* Project object */;
}
