// !$*UTF8*$!
{
	archiveVersion = 1;
	classes = {
	};
	objectVersion = 52;
	objects = {

/* Begin PBXBuildFile section */
		CD0F01072364139200C920AA /* Outputs.storyboard in Resources */ = {isa = PBXBuildFile; fileRef = CD0F01062364139200C920AA /* Outputs.storyboard */; };
		CD0F010923654ED400C920AA /* AnalysisRunFunctions.swift in Sources */ = {isa = PBXBuildFile; fileRef = CD0F010823654ED400C920AA /* AnalysisRunFunctions.swift */; };
		CD0F010B2365595700C920AA /* Vehicle.swift in Sources */ = {isa = PBXBuildFile; fileRef = CD0F010A2365595700C920AA /* Vehicle.swift */; };
		CD0F011B23656EF200C920AA /* StateArray.swift in Sources */ = {isa = PBXBuildFile; fileRef = CD0F011A23656EF200C920AA /* StateArray.swift */; };
		CD11FA8723408173001A3695 /* AddOutputViewController.swift in Sources */ = {isa = PBXBuildFile; fileRef = CD11FA8623408173001A3695 /* AddOutputViewController.swift */; };
		CD11FA8923411FD3001A3695 /* VariableSelector.storyboard in Resources */ = {isa = PBXBuildFile; fileRef = CD449023233B378C0095F243 /* VariableSelector.storyboard */; };
		CD11FA9323433096001A3695 /* PlotTypes.plist in Resources */ = {isa = PBXBuildFile; fileRef = CD11FA9223433096001A3695 /* PlotTypes.plist */; };
		CD129622224C67E300663B88 /* InitStateViewController.swift in Sources */ = {isa = PBXBuildFile; fileRef = CD129621224C67E300663B88 /* InitStateViewController.swift */; };
		CD280F4A233B45670004263F /* TZPlot.swift in Sources */ = {isa = PBXBuildFile; fileRef = CD280F49233B45670004263F /* TZPlot.swift */; };
		CD28477722FF9C8800D192A9 /* CollapsibleGridView.swift in Sources */ = {isa = PBXBuildFile; fileRef = CD28477622FF9C8800D192A9 /* CollapsibleGridView.swift */; };
		CD2D0DB22243836F0012978E /* BaseViewController.swift in Sources */ = {isa = PBXBuildFile; fileRef = CD2D0D94224382F70012978E /* BaseViewController.swift */; };
		CD2D0DB32243836F0012978E /* StackView.swift in Sources */ = {isa = PBXBuildFile; fileRef = CD2D0D95224382F70012978E /* StackView.swift */; };
		CD2D0DB42243836F0012978E /* ThreeAxisOutputSetupViewController.swift in Sources */ = {isa = PBXBuildFile; fileRef = CD2D0D96224382F70012978E /* ThreeAxisOutputSetupViewController.swift */; };
		CD2D0DB52243836F0012978E /* TwoAxisOutputSetupViewController.swift in Sources */ = {isa = PBXBuildFile; fileRef = CD2D0DA9224382F70012978E /* TwoAxisOutputSetupViewController.swift */; };
		CD2D0DB62243836F0012978E /* MonteCarloOutputSetupViewController.swift in Sources */ = {isa = PBXBuildFile; fileRef = CD2D0DAA224382F70012978E /* MonteCarloOutputSetupViewController.swift */; };
		CD2D0DB72243836F0012978E /* HeaderViewController.swift in Sources */ = {isa = PBXBuildFile; fileRef = CD2D0DAB224382F70012978E /* HeaderViewController.swift */; };
		CD2D0DB82243836F0012978E /* SingleAxisOutputSetupViewController.swift in Sources */ = {isa = PBXBuildFile; fileRef = CD2D0DAE224382F70012978E /* SingleAxisOutputSetupViewController.swift */; };
		CD2D0DBA2243837F0012978E /* HeaderViewController.storyboard in Resources */ = {isa = PBXBuildFile; fileRef = CD2D0DA5224382F70012978E /* HeaderViewController.storyboard */; };
		CD2D0DBB224385580012978E /* OutputSetup.storyboard in Resources */ = {isa = PBXBuildFile; fileRef = CD2D0DA6224382F70012978E /* OutputSetup.storyboard */; };
		CD3F5E5522EE175400E4CF20 /* Condition.swift in Sources */ = {isa = PBXBuildFile; fileRef = CD3F5E5422EE175400E4CF20 /* Condition.swift */; };
		CD3F5E5822EE4DCD00E4CF20 /* Conditions.storyboard in Resources */ = {isa = PBXBuildFile; fileRef = CD3F5E5722EE4DCD00E4CF20 /* Conditions.storyboard */; };
		CD3F5E5A22EE4FFE00E4CF20 /* ConditionsViewController.swift in Sources */ = {isa = PBXBuildFile; fileRef = CD3F5E5922EE4FFE00E4CF20 /* ConditionsViewController.swift */; };
		CD42E0AA22FD05F600A0F9A1 /* CollapsibleStackView.swift in Sources */ = {isa = PBXBuildFile; fileRef = CD42E0A922FD05F600A0F9A1 /* CollapsibleStackView.swift */; };
		CD4656B2224C6F3500C587CC /* SettingsViewController.swift in Sources */ = {isa = PBXBuildFile; fileRef = CD4656B1224C6F3500C587CC /* SettingsViewController.swift */; };
		CD4656B4224C6F8C00C587CC /* EnvironmentViewController.swift in Sources */ = {isa = PBXBuildFile; fileRef = CD4656B3224C6F8C00C587CC /* EnvironmentViewController.swift */; };
		CD4AD70823A20EE200FC815F /* OutputSetupViewController.swift in Sources */ = {isa = PBXBuildFile; fileRef = CD4AD70723A20EE100FC815F /* OutputSetupViewController.swift */; };
		CD4AD70A23BD404000FC815F /* OutputSetupViewTest.swift in Sources */ = {isa = PBXBuildFile; fileRef = CD4AD70923BD404000FC815F /* OutputSetupViewTest.swift */; };
		CD4AD70D23BD4C0C00FC815F /* TZPlotType.swift in Sources */ = {isa = PBXBuildFile; fileRef = CD4AD70C23BD4C0C00FC815F /* TZPlotType.swift */; };
		CD500337234DA64F00D71099 /* InitVarSettings.plist in Resources */ = {isa = PBXBuildFile; fileRef = CD500336234DA64F00D71099 /* InitVarSettings.plist */; };
		CD557437236EA14500DA53A1 /* PlotViewController.swift in Sources */ = {isa = PBXBuildFile; fileRef = CD557436236EA14500DA53A1 /* PlotViewController.swift */; };
		CD9B490D2339BB56008ADA2C /* VariableSelectorViewController.swift in Sources */ = {isa = PBXBuildFile; fileRef = CD9B490B2339BB56008ADA2C /* VariableSelectorViewController.swift */; };
		CDA0F87F2257398F003C62E6 /* NotificationCenterSetup.swift in Sources */ = {isa = PBXBuildFile; fileRef = CDA0F87E2257398F003C62E6 /* NotificationCenterSetup.swift */; };
		CDA0F88122587E05003C62E6 /* ParamTableViewController.swift in Sources */ = {isa = PBXBuildFile; fileRef = CDA0F88022587E05003C62E6 /* ParamTableViewController.swift */; };
		CDA0F888225C5D47003C62E6 /* InputsCellViews.swift in Sources */ = {isa = PBXBuildFile; fileRef = CDA0F887225C5D47003C62E6 /* InputsCellViews.swift */; };
		CDA549EF23CC254B00933C6B /* AddConditionViewControllers.swift in Sources */ = {isa = PBXBuildFile; fileRef = CDA549EE23CC254B00933C6B /* AddConditionViewControllers.swift */; };
		CDA549F123CC3C5400933C6B /* ConditionsTableView.swift in Sources */ = {isa = PBXBuildFile; fileRef = CDA549F023CC3C5400933C6B /* ConditionsTableView.swift */; };
		CDA7FD75236FE9CC009CDFAF /* InitVarSettings.yaml in Resources */ = {isa = PBXBuildFile; fileRef = CDA7FD74236FE9CC009CDFAF /* InitVarSettings.yaml */; };
		CDA7FD78236FFF2E009CDFAF /* Yams in Frameworks */ = {isa = PBXBuildFile; productRef = CDA7FD77236FFF2E009CDFAF /* Yams */; };
		CDA7FD7A23715399009CDFAF /* AnalysisSettings.yaml in Resources */ = {isa = PBXBuildFile; fileRef = CDA7FD7923715399009CDFAF /* AnalysisSettings.yaml */; };
		CDAF13FD222CF357005CDC3C /* State.swift in Sources */ = {isa = PBXBuildFile; fileRef = CDAF13FC222CF357005CDC3C /* State.swift */; };
		CDAF14272230FB72005CDC3C /* Variable.swift in Sources */ = {isa = PBXBuildFile; fileRef = CDAF14262230FB72005CDC3C /* Variable.swift */; };
		CDB457B52383E19B004F13AA /* TrevizTests.swift in Sources */ = {isa = PBXBuildFile; fileRef = CD0F011223656B7200C920AA /* TrevizTests.swift */; };
		CDB457B72384F8B3004F13AA /* Variable.swift in Sources */ = {isa = PBXBuildFile; fileRef = CDAF14262230FB72005CDC3C /* Variable.swift */; };
		CDB457B82384F90A004F13AA /* Parameter.swift in Sources */ = {isa = PBXBuildFile; fileRef = CDB7C7392352B03100BC50F1 /* Parameter.swift */; };
		CDB457B92384F90E004F13AA /* State.swift in Sources */ = {isa = PBXBuildFile; fileRef = CDAF13FC222CF357005CDC3C /* State.swift */; };
		CDB457BA2384F912004F13AA /* StateArray.swift in Sources */ = {isa = PBXBuildFile; fileRef = CD0F011A23656EF200C920AA /* StateArray.swift */; };
		CDB457BB2384FA09004F13AA /* InitStateHeader.swift in Sources */ = {isa = PBXBuildFile; fileRef = CDB7C73B2352B58300BC50F1 /* InitStateHeader.swift */; };
		CDB457BD2384FABC004F13AA /* IO.swift in Sources */ = {isa = PBXBuildFile; fileRef = CDB457BC2384FABC004F13AA /* IO.swift */; };
		CDB457BE2384FADB004F13AA /* IO.swift in Sources */ = {isa = PBXBuildFile; fileRef = CDB457BC2384FABC004F13AA /* IO.swift */; };
		CDB457C0238508B6004F13AA /* ConditionTests.swift in Sources */ = {isa = PBXBuildFile; fileRef = CDB457BF238508B6004F13AA /* ConditionTests.swift */; };
		CDB7C73823503DBF00BC50F1 /* InitVars.plist in Resources */ = {isa = PBXBuildFile; fileRef = CDB7C73723503DBF00BC50F1 /* InitVars.plist */; };
		CDB7C73A2352B03100BC50F1 /* Parameter.swift in Sources */ = {isa = PBXBuildFile; fileRef = CDB7C7392352B03100BC50F1 /* Parameter.swift */; };
		CDB7C73C2352B58300BC50F1 /* InitStateHeader.swift in Sources */ = {isa = PBXBuildFile; fileRef = CDB7C73B2352B58300BC50F1 /* InitStateHeader.swift */; };
		CDBE33C6224CB48200E1404E /* InitStateStructure.plist in Resources */ = {isa = PBXBuildFile; fileRef = CDE0795A2249EC7400815E7F /* InitStateStructure.plist */; };
		CDBEA0A622447A9C00D3159C /* TextOutputsViewController.swift in Sources */ = {isa = PBXBuildFile; fileRef = CDBEA0A522447A9C00D3159C /* TextOutputsViewController.swift */; };
		CDC1F5372233978500D1BB25 /* OutputsViewController.swift in Sources */ = {isa = PBXBuildFile; fileRef = CDC1F5352233978500D1BB25 /* OutputsViewController.swift */; };
		CDC1F53C2234874000D1BB25 /* MainSplitViewController.swift in Sources */ = {isa = PBXBuildFile; fileRef = CDC1F53B2234874000D1BB25 /* MainSplitViewController.swift */; };
		CDC1F54022363DDB00D1BB25 /* MainViewController.swift in Sources */ = {isa = PBXBuildFile; fileRef = CDC1F53F22363DDB00D1BB25 /* MainViewController.swift */; };
		CDD5049622252AF900B29751 /* AppDelegate.swift in Sources */ = {isa = PBXBuildFile; fileRef = CDD5049522252AF900B29751 /* AppDelegate.swift */; };
		CDD5049822252AFA00B29751 /* InputsViewController.swift in Sources */ = {isa = PBXBuildFile; fileRef = CDD5049722252AFA00B29751 /* InputsViewController.swift */; };
		CDD5049D22252AFA00B29751 /* Document.xcdatamodeld in Sources */ = {isa = PBXBuildFile; fileRef = CDD5049B22252AFA00B29751 /* Document.xcdatamodeld */; };
		CDD5049F22252AFD00B29751 /* Assets.xcassets in Resources */ = {isa = PBXBuildFile; fileRef = CDD5049E22252AFD00B29751 /* Assets.xcassets */; };
		CDD504A222252AFD00B29751 /* Main.storyboard in Resources */ = {isa = PBXBuildFile; fileRef = CDD504A022252AFD00B29751 /* Main.storyboard */; };
		CDD60A912345BF5C00249987 /* TZTextOutput.swift in Sources */ = {isa = PBXBuildFile; fileRef = CDD60A902345BF5C00249987 /* TZTextOutput.swift */; };
		CDD60A972345C5AE00249987 /* TZOutput.swift in Sources */ = {isa = PBXBuildFile; fileRef = CDD60A962345C5AE00249987 /* TZOutput.swift */; };
		CDE078F4224806EF00815E7F /* Inputs.storyboard in Resources */ = {isa = PBXBuildFile; fileRef = CDE078F3224806EF00815E7F /* Inputs.storyboard */; };
		CDF1670C2237A10400CD9590 /* MainWindowController.swift in Sources */ = {isa = PBXBuildFile; fileRef = CDF1670B2237A10400CD9590 /* MainWindowController.swift */; };
		CDF3D1A1225025B00064D70C /* Analysis.swift in Sources */ = {isa = PBXBuildFile; fileRef = CDF3D1A0225025AF0064D70C /* Analysis.swift */; };
		CDF3D1A6225057270064D70C /* TZViewController.swift in Sources */ = {isa = PBXBuildFile; fileRef = CDF3D1A5225057270064D70C /* TZViewController.swift */; };
		CDF3D1A822505A000064D70C /* AnalysisData.swift in Sources */ = {isa = PBXBuildFile; fileRef = CDF3D1A722505A000064D70C /* AnalysisData.swift */; };
/* End PBXBuildFile section */

/* Begin PBXContainerItemProxy section */
		CD0F011523656B7200C920AA /* PBXContainerItemProxy */ = {
			isa = PBXContainerItemProxy;
			containerPortal = CDD5048A22252AF900B29751 /* Project object */;
			proxyType = 1;
			remoteGlobalIDString = CDD5049122252AF900B29751;
			remoteInfo = Treviz;
		};
/* End PBXContainerItemProxy section */

/* Begin PBXFileReference section */
		CD0F01062364139200C920AA /* Outputs.storyboard */ = {isa = PBXFileReference; lastKnownFileType = file.storyboard; name = Outputs.storyboard; path = Treviz/Outputs/Outputs.storyboard; sourceTree = SOURCE_ROOT; };
		CD0F010823654ED400C920AA /* AnalysisRunFunctions.swift */ = {isa = PBXFileReference; lastKnownFileType = sourcecode.swift; path = AnalysisRunFunctions.swift; sourceTree = "<group>"; };
		CD0F010A2365595700C920AA /* Vehicle.swift */ = {isa = PBXFileReference; lastKnownFileType = sourcecode.swift; path = Vehicle.swift; sourceTree = "<group>"; };
		CD0F011023656B7200C920AA /* TrevizTests.xctest */ = {isa = PBXFileReference; explicitFileType = wrapper.cfbundle; includeInIndex = 0; path = TrevizTests.xctest; sourceTree = BUILT_PRODUCTS_DIR; };
		CD0F011223656B7200C920AA /* TrevizTests.swift */ = {isa = PBXFileReference; lastKnownFileType = sourcecode.swift; path = TrevizTests.swift; sourceTree = "<group>"; };
		CD0F011423656B7200C920AA /* Info.plist */ = {isa = PBXFileReference; lastKnownFileType = text.plist.xml; path = Info.plist; sourceTree = "<group>"; };
		CD0F011A23656EF200C920AA /* StateArray.swift */ = {isa = PBXFileReference; lastKnownFileType = sourcecode.swift; path = StateArray.swift; sourceTree = "<group>"; };
		CD11FA8623408173001A3695 /* AddOutputViewController.swift */ = {isa = PBXFileReference; lastKnownFileType = sourcecode.swift; path = AddOutputViewController.swift; sourceTree = "<group>"; };
		CD11FA9223433096001A3695 /* PlotTypes.plist */ = {isa = PBXFileReference; lastKnownFileType = text.plist.xml; path = PlotTypes.plist; sourceTree = "<group>"; };
		CD129621224C67E300663B88 /* InitStateViewController.swift */ = {isa = PBXFileReference; lastKnownFileType = sourcecode.swift; name = InitStateViewController.swift; path = "/Users/TylerAnderson/Coding/Swift/Treviz/Treviz/Inputs Setup/InitStateViewController.swift"; sourceTree = "<absolute>"; };
		CD280F49233B45670004263F /* TZPlot.swift */ = {isa = PBXFileReference; lastKnownFileType = sourcecode.swift; path = TZPlot.swift; sourceTree = "<group>"; };
		CD28477622FF9C8800D192A9 /* CollapsibleGridView.swift */ = {isa = PBXFileReference; fileEncoding = 4; lastKnownFileType = sourcecode.swift; path = CollapsibleGridView.swift; sourceTree = "<group>"; };
		CD2D0D94224382F70012978E /* BaseViewController.swift */ = {isa = PBXFileReference; lastKnownFileType = sourcecode.swift; path = BaseViewController.swift; sourceTree = "<group>"; };
		CD2D0D95224382F70012978E /* StackView.swift */ = {isa = PBXFileReference; lastKnownFileType = sourcecode.swift; path = StackView.swift; sourceTree = "<group>"; };
		CD2D0D96224382F70012978E /* ThreeAxisOutputSetupViewController.swift */ = {isa = PBXFileReference; lastKnownFileType = sourcecode.swift; path = ThreeAxisOutputSetupViewController.swift; sourceTree = "<group>"; };
		CD2D0DA5224382F70012978E /* HeaderViewController.storyboard */ = {isa = PBXFileReference; lastKnownFileType = file.storyboard; name = HeaderViewController.storyboard; path = Base.lproj/HeaderViewController.storyboard; sourceTree = "<group>"; };
		CD2D0DA6224382F70012978E /* OutputSetup.storyboard */ = {isa = PBXFileReference; lastKnownFileType = file.storyboard; path = OutputSetup.storyboard; sourceTree = "<group>"; };
		CD2D0DA8224382F70012978E /* ReadMe.md */ = {isa = PBXFileReference; lastKnownFileType = net.daringfireball.markdown; path = ReadMe.md; sourceTree = "<group>"; };
		CD2D0DA9224382F70012978E /* TwoAxisOutputSetupViewController.swift */ = {isa = PBXFileReference; lastKnownFileType = sourcecode.swift; path = TwoAxisOutputSetupViewController.swift; sourceTree = "<group>"; };
		CD2D0DAA224382F70012978E /* MonteCarloOutputSetupViewController.swift */ = {isa = PBXFileReference; lastKnownFileType = sourcecode.swift; path = MonteCarloOutputSetupViewController.swift; sourceTree = "<group>"; };
		CD2D0DAB224382F70012978E /* HeaderViewController.swift */ = {isa = PBXFileReference; lastKnownFileType = sourcecode.swift; path = HeaderViewController.swift; sourceTree = "<group>"; };
		CD2D0DAD224382F70012978E /* LICENSE.txt */ = {isa = PBXFileReference; lastKnownFileType = text; path = LICENSE.txt; sourceTree = "<group>"; };
		CD2D0DAE224382F70012978E /* SingleAxisOutputSetupViewController.swift */ = {isa = PBXFileReference; lastKnownFileType = sourcecode.swift; path = SingleAxisOutputSetupViewController.swift; sourceTree = "<group>"; };
		CD2D0DAF224382F70012978E /* Info.plist */ = {isa = PBXFileReference; lastKnownFileType = text.plist.xml; path = Info.plist; sourceTree = "<group>"; };
		CD3F5E5422EE175400E4CF20 /* Condition.swift */ = {isa = PBXFileReference; lastKnownFileType = sourcecode.swift; path = Condition.swift; sourceTree = "<group>"; };
		CD3F5E5722EE4DCD00E4CF20 /* Conditions.storyboard */ = {isa = PBXFileReference; lastKnownFileType = file.storyboard; path = Conditions.storyboard; sourceTree = "<group>"; };
		CD3F5E5922EE4FFE00E4CF20 /* ConditionsViewController.swift */ = {isa = PBXFileReference; lastKnownFileType = sourcecode.swift; path = ConditionsViewController.swift; sourceTree = "<group>"; };
		CD42E0A922FD05F600A0F9A1 /* CollapsibleStackView.swift */ = {isa = PBXFileReference; fileEncoding = 4; lastKnownFileType = sourcecode.swift; path = CollapsibleStackView.swift; sourceTree = "<group>"; };
		CD449023233B378C0095F243 /* VariableSelector.storyboard */ = {isa = PBXFileReference; lastKnownFileType = file.storyboard; path = VariableSelector.storyboard; sourceTree = "<group>"; };
		CD4656B1224C6F3500C587CC /* SettingsViewController.swift */ = {isa = PBXFileReference; lastKnownFileType = sourcecode.swift; path = SettingsViewController.swift; sourceTree = "<group>"; };
		CD4656B3224C6F8C00C587CC /* EnvironmentViewController.swift */ = {isa = PBXFileReference; lastKnownFileType = sourcecode.swift; path = EnvironmentViewController.swift; sourceTree = "<group>"; };
		CD4AD70723A20EE100FC815F /* OutputSetupViewController.swift */ = {isa = PBXFileReference; fileEncoding = 4; lastKnownFileType = sourcecode.swift; path = OutputSetupViewController.swift; sourceTree = "<group>"; };
		CD4AD70923BD404000FC815F /* OutputSetupViewTest.swift */ = {isa = PBXFileReference; lastKnownFileType = sourcecode.swift; path = OutputSetupViewTest.swift; sourceTree = "<group>"; };
		CD4AD70C23BD4C0C00FC815F /* TZPlotType.swift */ = {isa = PBXFileReference; lastKnownFileType = sourcecode.swift; path = TZPlotType.swift; sourceTree = "<group>"; };
		CD500336234DA64F00D71099 /* InitVarSettings.plist */ = {isa = PBXFileReference; fileEncoding = 4; lastKnownFileType = text.plist.xml; path = InitVarSettings.plist; sourceTree = "<group>"; };
		CD557436236EA14500DA53A1 /* PlotViewController.swift */ = {isa = PBXFileReference; lastKnownFileType = sourcecode.swift; path = PlotViewController.swift; sourceTree = "<group>"; };
		CD9B490B2339BB56008ADA2C /* VariableSelectorViewController.swift */ = {isa = PBXFileReference; lastKnownFileType = sourcecode.swift; path = VariableSelectorViewController.swift; sourceTree = "<group>"; };
		CDA0F87E2257398F003C62E6 /* NotificationCenterSetup.swift */ = {isa = PBXFileReference; lastKnownFileType = sourcecode.swift; name = NotificationCenterSetup.swift; path = Treviz/Main/NotificationCenterSetup.swift; sourceTree = SOURCE_ROOT; };
		CDA0F88022587E05003C62E6 /* ParamTableViewController.swift */ = {isa = PBXFileReference; lastKnownFileType = sourcecode.swift; path = ParamTableViewController.swift; sourceTree = "<group>"; };
		CDA0F887225C5D47003C62E6 /* InputsCellViews.swift */ = {isa = PBXFileReference; lastKnownFileType = sourcecode.swift; path = InputsCellViews.swift; sourceTree = "<group>"; };
		CDA549EE23CC254B00933C6B /* AddConditionViewControllers.swift */ = {isa = PBXFileReference; lastKnownFileType = sourcecode.swift; path = AddConditionViewControllers.swift; sourceTree = "<group>"; };
		CDA549F023CC3C5400933C6B /* ConditionsTableView.swift */ = {isa = PBXFileReference; lastKnownFileType = sourcecode.swift; path = ConditionsTableView.swift; sourceTree = "<group>"; };
		CDA7FD74236FE9CC009CDFAF /* InitVarSettings.yaml */ = {isa = PBXFileReference; lastKnownFileType = text.yaml; path = InitVarSettings.yaml; sourceTree = "<group>"; };
		CDA7FD7923715399009CDFAF /* AnalysisSettings.yaml */ = {isa = PBXFileReference; fileEncoding = 4; lastKnownFileType = text.yaml; name = AnalysisSettings.yaml; path = "Treviz/Inputs Setup/AnalysisSettings.yaml"; sourceTree = SOURCE_ROOT; };
		CDAF13FC222CF357005CDC3C /* State.swift */ = {isa = PBXFileReference; lastKnownFileType = sourcecode.swift; path = State.swift; sourceTree = "<group>"; };
		CDAF14262230FB72005CDC3C /* Variable.swift */ = {isa = PBXFileReference; lastKnownFileType = sourcecode.swift; path = Variable.swift; sourceTree = "<group>"; };
		CDB457BC2384FABC004F13AA /* IO.swift */ = {isa = PBXFileReference; lastKnownFileType = sourcecode.swift; name = IO.swift; path = "Treviz/Main/Reusable classes/IO.swift"; sourceTree = SOURCE_ROOT; };
		CDB457BF238508B6004F13AA /* ConditionTests.swift */ = {isa = PBXFileReference; lastKnownFileType = sourcecode.swift; path = ConditionTests.swift; sourceTree = "<group>"; };
		CDB7C73723503DBF00BC50F1 /* InitVars.plist */ = {isa = PBXFileReference; lastKnownFileType = text.plist; name = InitVars.plist; path = "Treviz/Inputs Setup/InitVars.plist"; sourceTree = SOURCE_ROOT; };
		CDB7C7392352B03100BC50F1 /* Parameter.swift */ = {isa = PBXFileReference; lastKnownFileType = sourcecode.swift; name = Parameter.swift; path = "Treviz/Main/Reusable classes/Parameter.swift"; sourceTree = SOURCE_ROOT; };
		CDB7C73B2352B58300BC50F1 /* InitStateHeader.swift */ = {isa = PBXFileReference; lastKnownFileType = sourcecode.swift; path = InitStateHeader.swift; sourceTree = "<group>"; };
		CDBEA0A522447A9C00D3159C /* TextOutputsViewController.swift */ = {isa = PBXFileReference; lastKnownFileType = sourcecode.swift; path = TextOutputsViewController.swift; sourceTree = "<group>"; };
		CDC1F5352233978500D1BB25 /* OutputsViewController.swift */ = {isa = PBXFileReference; lastKnownFileType = sourcecode.swift; path = OutputsViewController.swift; sourceTree = "<group>"; };
		CDC1F53B2234874000D1BB25 /* MainSplitViewController.swift */ = {isa = PBXFileReference; lastKnownFileType = sourcecode.swift; path = MainSplitViewController.swift; sourceTree = "<group>"; };
		CDC1F53F22363DDB00D1BB25 /* MainViewController.swift */ = {isa = PBXFileReference; lastKnownFileType = sourcecode.swift; path = MainViewController.swift; sourceTree = "<group>"; };
		CDD5049222252AF900B29751 /* Treviz.app */ = {isa = PBXFileReference; explicitFileType = wrapper.application; includeInIndex = 0; path = Treviz.app; sourceTree = BUILT_PRODUCTS_DIR; };
		CDD5049522252AF900B29751 /* AppDelegate.swift */ = {isa = PBXFileReference; lastKnownFileType = sourcecode.swift; path = AppDelegate.swift; sourceTree = "<group>"; };
		CDD5049722252AFA00B29751 /* InputsViewController.swift */ = {isa = PBXFileReference; lastKnownFileType = sourcecode.swift; path = InputsViewController.swift; sourceTree = "<group>"; };
		CDD5049C22252AFA00B29751 /* Document.xcdatamodel */ = {isa = PBXFileReference; lastKnownFileType = wrapper.xcdatamodel; path = Document.xcdatamodel; sourceTree = "<group>"; };
		CDD5049E22252AFD00B29751 /* Assets.xcassets */ = {isa = PBXFileReference; lastKnownFileType = folder.assetcatalog; path = Assets.xcassets; sourceTree = "<group>"; };
		CDD504A122252AFD00B29751 /* Base */ = {isa = PBXFileReference; lastKnownFileType = file.storyboard; name = Base; path = Base.lproj/Main.storyboard; sourceTree = "<group>"; };
		CDD504A322252AFD00B29751 /* Info.plist */ = {isa = PBXFileReference; lastKnownFileType = text.plist.xml; path = Info.plist; sourceTree = "<group>"; };
		CDD504A422252AFD00B29751 /* Treviz.entitlements */ = {isa = PBXFileReference; lastKnownFileType = text.plist.entitlements; path = Treviz.entitlements; sourceTree = "<group>"; };
		CDD60A902345BF5C00249987 /* TZTextOutput.swift */ = {isa = PBXFileReference; lastKnownFileType = sourcecode.swift; path = TZTextOutput.swift; sourceTree = "<group>"; };
		CDD60A962345C5AE00249987 /* TZOutput.swift */ = {isa = PBXFileReference; lastKnownFileType = sourcecode.swift; path = TZOutput.swift; sourceTree = "<group>"; };
		CDE078F3224806EF00815E7F /* Inputs.storyboard */ = {isa = PBXFileReference; lastKnownFileType = file.storyboard; path = Inputs.storyboard; sourceTree = "<group>"; };
		CDE0795A2249EC7400815E7F /* InitStateStructure.plist */ = {isa = PBXFileReference; fileEncoding = 4; lastKnownFileType = text.plist.xml; path = InitStateStructure.plist; sourceTree = "<group>"; };
		CDF1670B2237A10400CD9590 /* MainWindowController.swift */ = {isa = PBXFileReference; lastKnownFileType = sourcecode.swift; path = MainWindowController.swift; sourceTree = "<group>"; };
		CDF3D1A0225025AF0064D70C /* Analysis.swift */ = {isa = PBXFileReference; fileEncoding = 4; lastKnownFileType = sourcecode.swift; path = Analysis.swift; sourceTree = "<group>"; };
		CDF3D1A5225057270064D70C /* TZViewController.swift */ = {isa = PBXFileReference; fileEncoding = 4; lastKnownFileType = sourcecode.swift; path = TZViewController.swift; sourceTree = "<group>"; };
		CDF3D1A722505A000064D70C /* AnalysisData.swift */ = {isa = PBXFileReference; lastKnownFileType = sourcecode.swift; path = AnalysisData.swift; sourceTree = "<group>"; };
/* End PBXFileReference section */

/* Begin PBXFrameworksBuildPhase section */
		CD0F010D23656B7200C920AA /* Frameworks */ = {
			isa = PBXFrameworksBuildPhase;
			buildActionMask = 2147483647;
			files = (
			);
			runOnlyForDeploymentPostprocessing = 0;
		};
		CDD5048F22252AF900B29751 /* Frameworks */ = {
			isa = PBXFrameworksBuildPhase;
			buildActionMask = 2147483647;
			files = (
				CDA7FD78236FFF2E009CDFAF /* Yams in Frameworks */,
			);
			runOnlyForDeploymentPostprocessing = 0;
		};
/* End PBXFrameworksBuildPhase section */

/* Begin PBXGroup section */
		CD05E3B9225490C500906EB0 /* Main */ = {
			isa = PBXGroup;
			children = (
				CDD504A022252AFD00B29751 /* Main.storyboard */,
				CDC1F53F22363DDB00D1BB25 /* MainViewController.swift */,
				CDC1F53B2234874000D1BB25 /* MainSplitViewController.swift */,
				CDF1670B2237A10400CD9590 /* MainWindowController.swift */,
				CDF3D1A0225025AF0064D70C /* Analysis.swift */,
				CD0F010823654ED400C920AA /* AnalysisRunFunctions.swift */,
				CDF3D1A722505A000064D70C /* AnalysisData.swift */,
				CD0F010A2365595700C920AA /* Vehicle.swift */,
				CDD5049522252AF900B29751 /* AppDelegate.swift */,
				CDA0F87E2257398F003C62E6 /* NotificationCenterSetup.swift */,
				CD05E3BA2254916500906EB0 /* Reusable classes */,
			);
			path = Main;
			sourceTree = "<group>";
		};
		CD05E3BA2254916500906EB0 /* Reusable classes */ = {
			isa = PBXGroup;
			children = (
				CD2D0DB0224382F70012978E /* InfoBarStackView */,
				CD449022233B26370095F243 /* Variable */,
				CD3F5E5622EE4D8C00E4CF20 /* Conditions */,
				CDB457BC2384FABC004F13AA /* IO.swift */,
				CDB7C7392352B03100BC50F1 /* Parameter.swift */,
				CDAF13FC222CF357005CDC3C /* State.swift */,
				CD0F011A23656EF200C920AA /* StateArray.swift */,
				CD42E0A922FD05F600A0F9A1 /* CollapsibleStackView.swift */,
				CD28477622FF9C8800D192A9 /* CollapsibleGridView.swift */,
			);
			path = "Reusable classes";
			sourceTree = "<group>";
		};
		CD05E3BB225491A100906EB0 /* Outputs */ = {
			isa = PBXGroup;
			children = (
				CD0F01062364139200C920AA /* Outputs.storyboard */,
				CD11FA9223433096001A3695 /* PlotTypes.plist */,
				CDD60A962345C5AE00249987 /* TZOutput.swift */,
				CDD60A902345BF5C00249987 /* TZTextOutput.swift */,
				CD280F49233B45670004263F /* TZPlot.swift */,
				CD4AD70C23BD4C0C00FC815F /* TZPlotType.swift */,
				CDC1F5352233978500D1BB25 /* OutputsViewController.swift */,
				CD557436236EA14500DA53A1 /* PlotViewController.swift */,
				CDBEA0A522447A9C00D3159C /* TextOutputsViewController.swift */,
			);
			path = Outputs;
			sourceTree = "<group>";
		};
		CD05E3BC225491D900906EB0 /* Init State */ = {
			isa = PBXGroup;
			children = (
				CD129621224C67E300663B88 /* InitStateViewController.swift */,
				CDE0795A2249EC7400815E7F /* InitStateStructure.plist */,
				CD500336234DA64F00D71099 /* InitVarSettings.plist */,
				CDA7FD74236FE9CC009CDFAF /* InitVarSettings.yaml */,
				CDB7C73723503DBF00BC50F1 /* InitVars.plist */,
				CDB7C73B2352B58300BC50F1 /* InitStateHeader.swift */,
			);
			path = "Init State";
			sourceTree = "<group>";
		};
		CD0F011123656B7200C920AA /* TrevizTests */ = {
			isa = PBXGroup;
			children = (
				CD0F011223656B7200C920AA /* TrevizTests.swift */,
				CDB457BF238508B6004F13AA /* ConditionTests.swift */,
				CD0F011423656B7200C920AA /* Info.plist */,
				CD4AD70923BD404000FC815F /* OutputSetupViewTest.swift */,
			);
			path = TrevizTests;
			sourceTree = "<group>";
		};
		CD2D0DB0224382F70012978E /* InfoBarStackView */ = {
			isa = PBXGroup;
			children = (
				CD2D0D94224382F70012978E /* BaseViewController.swift */,
				CD2D0D95224382F70012978E /* StackView.swift */,
				CD2D0DA5224382F70012978E /* HeaderViewController.storyboard */,
				CD2D0DA8224382F70012978E /* ReadMe.md */,
				CD2D0DAB224382F70012978E /* HeaderViewController.swift */,
				CD2D0DAD224382F70012978E /* LICENSE.txt */,
				CD2D0DAF224382F70012978E /* Info.plist */,
			);
			name = InfoBarStackView;
			path = /Users/TylerAnderson/Coding/Swift/Treviz/Treviz/InfoBarStackView;
			sourceTree = "<absolute>";
		};
		CD3F5E5622EE4D8C00E4CF20 /* Conditions */ = {
			isa = PBXGroup;
			children = (
				CD3F5E5422EE175400E4CF20 /* Condition.swift */,
				CD3F5E5922EE4FFE00E4CF20 /* ConditionsViewController.swift */,
				CDA549EE23CC254B00933C6B /* AddConditionViewControllers.swift */,
				CDA549F023CC3C5400933C6B /* ConditionsTableView.swift */,
				CD3F5E5722EE4DCD00E4CF20 /* Conditions.storyboard */,
			);
			path = Conditions;
			sourceTree = "<group>";
		};
		CD449022233B26370095F243 /* Variable */ = {
			isa = PBXGroup;
			children = (
				CDAF14262230FB72005CDC3C /* Variable.swift */,
				CD9B490B2339BB56008ADA2C /* VariableSelectorViewController.swift */,
				CD449023233B378C0095F243 /* VariableSelector.storyboard */,
				CDF3D1A5225057270064D70C /* TZViewController.swift */,
			);
			path = Variable;
			sourceTree = "<group>";
		};
		CD727F3623446C26003E6368 /* Subviews */ = {
			isa = PBXGroup;
			children = (
				CD2D0DAE224382F70012978E /* SingleAxisOutputSetupViewController.swift */,
				CD2D0DA9224382F70012978E /* TwoAxisOutputSetupViewController.swift */,
				CD2D0D96224382F70012978E /* ThreeAxisOutputSetupViewController.swift */,
				CD2D0DAA224382F70012978E /* MonteCarloOutputSetupViewController.swift */,
			);
			path = Subviews;
			sourceTree = "<group>";
		};
		CD9F2040223B7C95005BFDCB /* Outputs Setup */ = {
			isa = PBXGroup;
			children = (
				CD727F3623446C26003E6368 /* Subviews */,
				CD11FA8623408173001A3695 /* AddOutputViewController.swift */,
				CD4AD70723A20EE100FC815F /* OutputSetupViewController.swift */,
				CD2D0DA6224382F70012978E /* OutputSetup.storyboard */,
			);
			path = "Outputs Setup";
			sourceTree = "<group>";
		};
		CD9F2041223B7CBF005BFDCB /* Inputs Setup */ = {
			isa = PBXGroup;
			children = (
				CDA7FD7923715399009CDFAF /* AnalysisSettings.yaml */,
				CD05E3BC225491D900906EB0 /* Init State */,
				CDD5049722252AFA00B29751 /* InputsViewController.swift */,
				CDA0F887225C5D47003C62E6 /* InputsCellViews.swift */,
				CDA0F88022587E05003C62E6 /* ParamTableViewController.swift */,
				CD4656B1224C6F3500C587CC /* SettingsViewController.swift */,
				CD4656B3224C6F8C00C587CC /* EnvironmentViewController.swift */,
				CDE078F3224806EF00815E7F /* Inputs.storyboard */,
			);
			path = "Inputs Setup";
			sourceTree = "<group>";
		};
		CDD5048922252AF900B29751 = {
			isa = PBXGroup;
			children = (
				CDD5049422252AF900B29751 /* Treviz */,
				CD0F011123656B7200C920AA /* TrevizTests */,
				CDD5049322252AF900B29751 /* Products */,
			);
			sourceTree = "<group>";
		};
		CDD5049322252AF900B29751 /* Products */ = {
			isa = PBXGroup;
			children = (
				CDD5049222252AF900B29751 /* Treviz.app */,
				CD0F011023656B7200C920AA /* TrevizTests.xctest */,
			);
			name = Products;
			sourceTree = "<group>";
		};
		CDD5049422252AF900B29751 /* Treviz */ = {
			isa = PBXGroup;
			children = (
				CD05E3B9225490C500906EB0 /* Main */,
				CD9F2041223B7CBF005BFDCB /* Inputs Setup */,
				CD9F2040223B7C95005BFDCB /* Outputs Setup */,
				CD05E3BB225491A100906EB0 /* Outputs */,
				CDD5049E22252AFD00B29751 /* Assets.xcassets */,
				CDD504A322252AFD00B29751 /* Info.plist */,
				CDD504A422252AFD00B29751 /* Treviz.entitlements */,
				CDD5049B22252AFA00B29751 /* Document.xcdatamodeld */,
			);
			path = Treviz;
			sourceTree = "<group>";
		};
/* End PBXGroup section */

/* Begin PBXNativeTarget section */
		CD0F010F23656B7200C920AA /* TrevizTests */ = {
			isa = PBXNativeTarget;
			buildConfigurationList = CD0F011723656B7200C920AA /* Build configuration list for PBXNativeTarget "TrevizTests" */;
			buildPhases = (
				CD0F010C23656B7200C920AA /* Sources */,
				CD0F010D23656B7200C920AA /* Frameworks */,
				CD0F010E23656B7200C920AA /* Resources */,
			);
			buildRules = (
			);
			dependencies = (
				CD0F011623656B7200C920AA /* PBXTargetDependency */,
			);
			name = TrevizTests;
			productName = TrevizTests;
			productReference = CD0F011023656B7200C920AA /* TrevizTests.xctest */;
			productType = "com.apple.product-type.bundle.unit-test";
		};
		CDD5049122252AF900B29751 /* Treviz */ = {
			isa = PBXNativeTarget;
			buildConfigurationList = CDD504A722252AFD00B29751 /* Build configuration list for PBXNativeTarget "Treviz" */;
			buildPhases = (
				CDD5048E22252AF900B29751 /* Sources */,
				CDD5048F22252AF900B29751 /* Frameworks */,
				CDD5049022252AF900B29751 /* Resources */,
			);
			buildRules = (
			);
			dependencies = (
			);
			name = Treviz;
			packageProductDependencies = (
				CDA7FD77236FFF2E009CDFAF /* Yams */,
			);
			productName = Treviz;
			productReference = CDD5049222252AF900B29751 /* Treviz.app */;
			productType = "com.apple.product-type.application";
		};
/* End PBXNativeTarget section */

/* Begin PBXProject section */
		CDD5048A22252AF900B29751 /* Project object */ = {
			isa = PBXProject;
			attributes = {
				LastSwiftUpdateCheck = 1110;
				LastUpgradeCheck = 1100;
				ORGANIZATIONNAME = "Tyler Anderson";
				TargetAttributes = {
					CD0F010F23656B7200C920AA = {
						CreatedOnToolsVersion = 11.1;
						TestTargetID = CDD5049122252AF900B29751;
					};
					CDD5049122252AF900B29751 = {
						CreatedOnToolsVersion = 10.1;
						LastSwiftMigration = 1020;
					};
				};
			};
			buildConfigurationList = CDD5048D22252AF900B29751 /* Build configuration list for PBXProject "Treviz" */;
			compatibilityVersion = "Xcode 11.0";
			developmentRegion = en;
			hasScannedForEncodings = 0;
			knownRegions = (
				en,
				Base,
			);
			mainGroup = CDD5048922252AF900B29751;
			packageReferences = (
				CDA7FD76236FFF2E009CDFAF /* XCRemoteSwiftPackageReference "Yams" */,
			);
			productRefGroup = CDD5049322252AF900B29751 /* Products */;
			projectDirPath = "";
			projectRoot = "";
			targets = (
				CDD5049122252AF900B29751 /* Treviz */,
				CD0F010F23656B7200C920AA /* TrevizTests */,
			);
		};
/* End PBXProject section */

/* Begin PBXResourcesBuildPhase section */
		CD0F010E23656B7200C920AA /* Resources */ = {
			isa = PBXResourcesBuildPhase;
			buildActionMask = 2147483647;
			files = (
			);
			runOnlyForDeploymentPostprocessing = 0;
		};
		CDD5049022252AF900B29751 /* Resources */ = {
			isa = PBXResourcesBuildPhase;
			buildActionMask = 2147483647;
			files = (
				CDB7C73823503DBF00BC50F1 /* InitVars.plist in Resources */,
				CD11FA8923411FD3001A3695 /* VariableSelector.storyboard in Resources */,
				CDBE33C6224CB48200E1404E /* InitStateStructure.plist in Resources */,
				CD2D0DBA2243837F0012978E /* HeaderViewController.storyboard in Resources */,
				CDD5049F22252AFD00B29751 /* Assets.xcassets in Resources */,
				CDE078F4224806EF00815E7F /* Inputs.storyboard in Resources */,
				CDA7FD75236FE9CC009CDFAF /* InitVarSettings.yaml in Resources */,
				CDD504A222252AFD00B29751 /* Main.storyboard in Resources */,
				CD3F5E5822EE4DCD00E4CF20 /* Conditions.storyboard in Resources */,
				CDA7FD7A23715399009CDFAF /* AnalysisSettings.yaml in Resources */,
				CD2D0DBB224385580012978E /* OutputSetup.storyboard in Resources */,
				CD0F01072364139200C920AA /* Outputs.storyboard in Resources */,
				CD11FA9323433096001A3695 /* PlotTypes.plist in Resources */,
				CD500337234DA64F00D71099 /* InitVarSettings.plist in Resources */,
			);
			runOnlyForDeploymentPostprocessing = 0;
		};
/* End PBXResourcesBuildPhase section */

/* Begin PBXSourcesBuildPhase section */
		CD0F010C23656B7200C920AA /* Sources */ = {
			isa = PBXSourcesBuildPhase;
			buildActionMask = 2147483647;
			files = (
				CDB457B52383E19B004F13AA /* TrevizTests.swift in Sources */,
				CDB457C0238508B6004F13AA /* ConditionTests.swift in Sources */,
				CDB457BB2384FA09004F13AA /* InitStateHeader.swift in Sources */,
				CDB457B72384F8B3004F13AA /* Variable.swift in Sources */,
				CDB457BE2384FADB004F13AA /* IO.swift in Sources */,
				CD4AD70A23BD404000FC815F /* OutputSetupViewTest.swift in Sources */,
				CDB457B92384F90E004F13AA /* State.swift in Sources */,
				CDB457B82384F90A004F13AA /* Parameter.swift in Sources */,
				CDB457BA2384F912004F13AA /* StateArray.swift in Sources */,
			);
			runOnlyForDeploymentPostprocessing = 0;
		};
		CDD5048E22252AF900B29751 /* Sources */ = {
			isa = PBXSourcesBuildPhase;
			buildActionMask = 2147483647;
			files = (
				CDF3D1A6225057270064D70C /* TZViewController.swift in Sources */,
				CDA0F87F2257398F003C62E6 /* NotificationCenterSetup.swift in Sources */,
				CD3F5E5A22EE4FFE00E4CF20 /* ConditionsViewController.swift in Sources */,
				CD2D0DB22243836F0012978E /* BaseViewController.swift in Sources */,
				CD2D0DB32243836F0012978E /* StackView.swift in Sources */,
				CDF3D1A822505A000064D70C /* AnalysisData.swift in Sources */,
				CD2D0DB42243836F0012978E /* ThreeAxisOutputSetupViewController.swift in Sources */,
				CD2D0DB52243836F0012978E /* TwoAxisOutputSetupViewController.swift in Sources */,
				CD2D0DB62243836F0012978E /* MonteCarloOutputSetupViewController.swift in Sources */,
				CD280F4A233B45670004263F /* TZPlot.swift in Sources */,
				CD2D0DB72243836F0012978E /* HeaderViewController.swift in Sources */,
				CD2D0DB82243836F0012978E /* SingleAxisOutputSetupViewController.swift in Sources */,
				CD4656B4224C6F8C00C587CC /* EnvironmentViewController.swift in Sources */,
				CD4656B2224C6F3500C587CC /* SettingsViewController.swift in Sources */,
				CDB457BD2384FABC004F13AA /* IO.swift in Sources */,
				CDAF14272230FB72005CDC3C /* Variable.swift in Sources */,
				CDB7C73A2352B03100BC50F1 /* Parameter.swift in Sources */,
				CD0F010923654ED400C920AA /* AnalysisRunFunctions.swift in Sources */,
				CD4AD70D23BD4C0C00FC815F /* TZPlotType.swift in Sources */,
				CD0F010B2365595700C920AA /* Vehicle.swift in Sources */,
				CDF1670C2237A10400CD9590 /* MainWindowController.swift in Sources */,
				CD3F5E5522EE175400E4CF20 /* Condition.swift in Sources */,
				CDC1F53C2234874000D1BB25 /* MainSplitViewController.swift in Sources */,
				CDC1F54022363DDB00D1BB25 /* MainViewController.swift in Sources */,
				CD9B490D2339BB56008ADA2C /* VariableSelectorViewController.swift in Sources */,
				CD0F011B23656EF200C920AA /* StateArray.swift in Sources */,
				CD557437236EA14500DA53A1 /* PlotViewController.swift in Sources */,
				CDD60A972345C5AE00249987 /* TZOutput.swift in Sources */,
				CDD60A912345BF5C00249987 /* TZTextOutput.swift in Sources */,
				CD42E0AA22FD05F600A0F9A1 /* CollapsibleStackView.swift in Sources */,
				CDA549EF23CC254B00933C6B /* AddConditionViewControllers.swift in Sources */,
				CDC1F5372233978500D1BB25 /* OutputsViewController.swift in Sources */,
				CDD5049D22252AFA00B29751 /* Document.xcdatamodeld in Sources */,
				CDA549F123CC3C5400933C6B /* ConditionsTableView.swift in Sources */,
				CDA0F88122587E05003C62E6 /* ParamTableViewController.swift in Sources */,
				CDD5049822252AFA00B29751 /* InputsViewController.swift in Sources */,
				CDB7C73C2352B58300BC50F1 /* InitStateHeader.swift in Sources */,
				CDA0F888225C5D47003C62E6 /* InputsCellViews.swift in Sources */,
				CDF3D1A1225025B00064D70C /* Analysis.swift in Sources */,
				CDBEA0A622447A9C00D3159C /* TextOutputsViewController.swift in Sources */,
				CD11FA8723408173001A3695 /* AddOutputViewController.swift in Sources */,
				CD129622224C67E300663B88 /* InitStateViewController.swift in Sources */,
				CD28477722FF9C8800D192A9 /* CollapsibleGridView.swift in Sources */,
				CDD5049622252AF900B29751 /* AppDelegate.swift in Sources */,
				CDAF13FD222CF357005CDC3C /* State.swift in Sources */,
				CD4AD70823A20EE200FC815F /* OutputSetupViewController.swift in Sources */,
			);
			runOnlyForDeploymentPostprocessing = 0;
		};
/* End PBXSourcesBuildPhase section */

/* Begin PBXTargetDependency section */
		CD0F011623656B7200C920AA /* PBXTargetDependency */ = {
			isa = PBXTargetDependency;
			target = CDD5049122252AF900B29751 /* Treviz */;
			targetProxy = CD0F011523656B7200C920AA /* PBXContainerItemProxy */;
		};
/* End PBXTargetDependency section */

/* Begin PBXVariantGroup section */
		CDD504A022252AFD00B29751 /* Main.storyboard */ = {
			isa = PBXVariantGroup;
			children = (
				CDD504A122252AFD00B29751 /* Base */,
			);
			name = Main.storyboard;
			sourceTree = "<group>";
		};
/* End PBXVariantGroup section */

/* Begin XCBuildConfiguration section */
		CD0F011823656B7200C920AA /* Debug */ = {
			isa = XCBuildConfiguration;
			buildSettings = {
				BUNDLE_LOADER = "$(TEST_HOST)";
				CODE_SIGN_STYLE = Automatic;
				COMBINE_HIDPI_IMAGES = YES;
				DEVELOPMENT_TEAM = QD374MRFUS;
				INFOPLIST_FILE = TrevizTests/Info.plist;
				LD_RUNPATH_SEARCH_PATHS = (
					"$(inherited)",
					"@executable_path/../Frameworks",
					"@loader_path/../Frameworks",
				);
				PRODUCT_BUNDLE_IDENTIFIER = com.TylerAnderson.TrevizTests;
				PRODUCT_NAME = "$(TARGET_NAME)";
				SWIFT_VERSION = 5.0;
				TEST_HOST = "$(BUILT_PRODUCTS_DIR)/Treviz.app/Contents/MacOS/Treviz";
			};
			name = Debug;
		};
		CD0F011923656B7200C920AA /* Release */ = {
			isa = XCBuildConfiguration;
			buildSettings = {
				BUNDLE_LOADER = "$(TEST_HOST)";
				CODE_SIGN_STYLE = Automatic;
				COMBINE_HIDPI_IMAGES = YES;
				DEVELOPMENT_TEAM = QD374MRFUS;
				INFOPLIST_FILE = TrevizTests/Info.plist;
				LD_RUNPATH_SEARCH_PATHS = (
					"$(inherited)",
					"@executable_path/../Frameworks",
					"@loader_path/../Frameworks",
				);
				PRODUCT_BUNDLE_IDENTIFIER = com.TylerAnderson.TrevizTests;
				PRODUCT_NAME = "$(TARGET_NAME)";
				SWIFT_VERSION = 5.0;
				TEST_HOST = "$(BUILT_PRODUCTS_DIR)/Treviz.app/Contents/MacOS/Treviz";
			};
			name = Release;
		};
		CDD504A522252AFD00B29751 /* Debug */ = {
			isa = XCBuildConfiguration;
			buildSettings = {
				ALWAYS_SEARCH_USER_PATHS = NO;
				CLANG_ANALYZER_NONNULL = YES;
				CLANG_ANALYZER_NUMBER_OBJECT_CONVERSION = YES_AGGRESSIVE;
				CLANG_CXX_LANGUAGE_STANDARD = "gnu++14";
				CLANG_CXX_LIBRARY = "libc++";
				CLANG_ENABLE_MODULES = YES;
				CLANG_ENABLE_OBJC_ARC = YES;
				CLANG_ENABLE_OBJC_WEAK = YES;
				CLANG_WARN_BLOCK_CAPTURE_AUTORELEASING = YES;
				CLANG_WARN_BOOL_CONVERSION = YES;
				CLANG_WARN_COMMA = YES;
				CLANG_WARN_CONSTANT_CONVERSION = YES;
				CLANG_WARN_DEPRECATED_OBJC_IMPLEMENTATIONS = YES;
				CLANG_WARN_DIRECT_OBJC_ISA_USAGE = YES_ERROR;
				CLANG_WARN_DOCUMENTATION_COMMENTS = YES;
				CLANG_WARN_EMPTY_BODY = YES;
				CLANG_WARN_ENUM_CONVERSION = YES;
				CLANG_WARN_INFINITE_RECURSION = YES;
				CLANG_WARN_INT_CONVERSION = YES;
				CLANG_WARN_NON_LITERAL_NULL_CONVERSION = YES;
				CLANG_WARN_OBJC_IMPLICIT_RETAIN_SELF = YES;
				CLANG_WARN_OBJC_LITERAL_CONVERSION = YES;
				CLANG_WARN_OBJC_ROOT_CLASS = YES_ERROR;
				CLANG_WARN_RANGE_LOOP_ANALYSIS = YES;
				CLANG_WARN_STRICT_PROTOTYPES = YES;
				CLANG_WARN_SUSPICIOUS_MOVE = YES;
				CLANG_WARN_UNGUARDED_AVAILABILITY = YES_AGGRESSIVE;
				CLANG_WARN_UNREACHABLE_CODE = YES;
				CLANG_WARN__DUPLICATE_METHOD_MATCH = YES;
				CODE_SIGN_IDENTITY = "Mac Developer";
				COPY_PHASE_STRIP = NO;
				DEBUG_INFORMATION_FORMAT = dwarf;
				ENABLE_STRICT_OBJC_MSGSEND = YES;
				ENABLE_TESTABILITY = YES;
				GCC_C_LANGUAGE_STANDARD = gnu11;
				GCC_DYNAMIC_NO_PIC = NO;
				GCC_NO_COMMON_BLOCKS = YES;
				GCC_OPTIMIZATION_LEVEL = 0;
				GCC_PREPROCESSOR_DEFINITIONS = (
					"DEBUG=1",
					"$(inherited)",
				);
				GCC_WARN_64_TO_32_BIT_CONVERSION = YES;
				GCC_WARN_ABOUT_RETURN_TYPE = YES_ERROR;
				GCC_WARN_UNDECLARED_SELECTOR = YES;
				GCC_WARN_UNINITIALIZED_AUTOS = YES_AGGRESSIVE;
				GCC_WARN_UNUSED_FUNCTION = YES;
				GCC_WARN_UNUSED_VARIABLE = YES;
				MACOSX_DEPLOYMENT_TARGET = 10.15;
				MTL_ENABLE_DEBUG_INFO = INCLUDE_SOURCE;
				MTL_FAST_MATH = YES;
				ONLY_ACTIVE_ARCH = YES;
				SDKROOT = macosx;
				SWIFT_ACTIVE_COMPILATION_CONDITIONS = DEBUG;
				SWIFT_OPTIMIZATION_LEVEL = "-Onone";
			};
			name = Debug;
		};
		CDD504A622252AFD00B29751 /* Release */ = {
			isa = XCBuildConfiguration;
			buildSettings = {
				ALWAYS_SEARCH_USER_PATHS = NO;
				CLANG_ANALYZER_NONNULL = YES;
				CLANG_ANALYZER_NUMBER_OBJECT_CONVERSION = YES_AGGRESSIVE;
				CLANG_CXX_LANGUAGE_STANDARD = "gnu++14";
				CLANG_CXX_LIBRARY = "libc++";
				CLANG_ENABLE_MODULES = YES;
				CLANG_ENABLE_OBJC_ARC = YES;
				CLANG_ENABLE_OBJC_WEAK = YES;
				CLANG_WARN_BLOCK_CAPTURE_AUTORELEASING = YES;
				CLANG_WARN_BOOL_CONVERSION = YES;
				CLANG_WARN_COMMA = YES;
				CLANG_WARN_CONSTANT_CONVERSION = YES;
				CLANG_WARN_DEPRECATED_OBJC_IMPLEMENTATIONS = YES;
				CLANG_WARN_DIRECT_OBJC_ISA_USAGE = YES_ERROR;
				CLANG_WARN_DOCUMENTATION_COMMENTS = YES;
				CLANG_WARN_EMPTY_BODY = YES;
				CLANG_WARN_ENUM_CONVERSION = YES;
				CLANG_WARN_INFINITE_RECURSION = YES;
				CLANG_WARN_INT_CONVERSION = YES;
				CLANG_WARN_NON_LITERAL_NULL_CONVERSION = YES;
				CLANG_WARN_OBJC_IMPLICIT_RETAIN_SELF = YES;
				CLANG_WARN_OBJC_LITERAL_CONVERSION = YES;
				CLANG_WARN_OBJC_ROOT_CLASS = YES_ERROR;
				CLANG_WARN_RANGE_LOOP_ANALYSIS = YES;
				CLANG_WARN_STRICT_PROTOTYPES = YES;
				CLANG_WARN_SUSPICIOUS_MOVE = YES;
				CLANG_WARN_UNGUARDED_AVAILABILITY = YES_AGGRESSIVE;
				CLANG_WARN_UNREACHABLE_CODE = YES;
				CLANG_WARN__DUPLICATE_METHOD_MATCH = YES;
				CODE_SIGN_IDENTITY = "Mac Developer";
				COPY_PHASE_STRIP = NO;
				DEBUG_INFORMATION_FORMAT = "dwarf-with-dsym";
				ENABLE_NS_ASSERTIONS = NO;
				ENABLE_STRICT_OBJC_MSGSEND = YES;
				GCC_C_LANGUAGE_STANDARD = gnu11;
				GCC_NO_COMMON_BLOCKS = YES;
				GCC_WARN_64_TO_32_BIT_CONVERSION = YES;
				GCC_WARN_ABOUT_RETURN_TYPE = YES_ERROR;
				GCC_WARN_UNDECLARED_SELECTOR = YES;
				GCC_WARN_UNINITIALIZED_AUTOS = YES_AGGRESSIVE;
				GCC_WARN_UNUSED_FUNCTION = YES;
				GCC_WARN_UNUSED_VARIABLE = YES;
				MACOSX_DEPLOYMENT_TARGET = 10.15;
				MTL_ENABLE_DEBUG_INFO = NO;
				MTL_FAST_MATH = YES;
				SDKROOT = macosx;
				SWIFT_COMPILATION_MODE = wholemodule;
				SWIFT_OPTIMIZATION_LEVEL = "-O";
			};
			name = Release;
		};
		CDD504A822252AFD00B29751 /* Debug */ = {
			isa = XCBuildConfiguration;
			buildSettings = {
				ASSETCATALOG_COMPILER_APPICON_NAME = AppIcon;
				CLANG_ENABLE_MODULES = YES;
				CODE_SIGN_ENTITLEMENTS = Treviz/Treviz.entitlements;
				CODE_SIGN_IDENTITY = "-";
				CODE_SIGN_STYLE = Automatic;
				COMBINE_HIDPI_IMAGES = YES;
				DEVELOPMENT_TEAM = QD374MRFUS;
				INFOPLIST_FILE = Treviz/Info.plist;
				LD_RUNPATH_SEARCH_PATHS = (
					"$(inherited)",
					"@executable_path/../Frameworks",
				);
				MACOSX_DEPLOYMENT_TARGET = 10.14;
				PRODUCT_BUNDLE_IDENTIFIER = com.TylerAnderson.Treviz;
				PRODUCT_NAME = "$(TARGET_NAME)";
				SWIFT_ACTIVE_COMPILATION_CONDITIONS = "DEBUG DisclosureTriangleAppearance";
				SWIFT_OPTIMIZATION_LEVEL = "-Onone";
				SWIFT_VERSION = 5.0;
			};
			name = Debug;
		};
		CDD504A922252AFD00B29751 /* Release */ = {
			isa = XCBuildConfiguration;
			buildSettings = {
				ASSETCATALOG_COMPILER_APPICON_NAME = AppIcon;
				CLANG_ENABLE_MODULES = YES;
				CODE_SIGN_ENTITLEMENTS = Treviz/Treviz.entitlements;
				CODE_SIGN_IDENTITY = "-";
				CODE_SIGN_STYLE = Automatic;
				COMBINE_HIDPI_IMAGES = YES;
				DEVELOPMENT_TEAM = QD374MRFUS;
				INFOPLIST_FILE = Treviz/Info.plist;
				LD_RUNPATH_SEARCH_PATHS = (
					"$(inherited)",
					"@executable_path/../Frameworks",
				);
				MACOSX_DEPLOYMENT_TARGET = 10.14;
				PRODUCT_BUNDLE_IDENTIFIER = com.TylerAnderson.Treviz;
				PRODUCT_NAME = "$(TARGET_NAME)";
				SWIFT_ACTIVE_COMPILATION_CONDITIONS = DisclosureTriangleAppearance;
				SWIFT_VERSION = 5.0;
			};
			name = Release;
		};
/* End XCBuildConfiguration section */

/* Begin XCConfigurationList section */
		CD0F011723656B7200C920AA /* Build configuration list for PBXNativeTarget "TrevizTests" */ = {
			isa = XCConfigurationList;
			buildConfigurations = (
				CD0F011823656B7200C920AA /* Debug */,
				CD0F011923656B7200C920AA /* Release */,
			);
			defaultConfigurationIsVisible = 0;
			defaultConfigurationName = Release;
		};
		CDD5048D22252AF900B29751 /* Build configuration list for PBXProject "Treviz" */ = {
			isa = XCConfigurationList;
			buildConfigurations = (
				CDD504A522252AFD00B29751 /* Debug */,
				CDD504A622252AFD00B29751 /* Release */,
			);
			defaultConfigurationIsVisible = 0;
			defaultConfigurationName = Release;
		};
		CDD504A722252AFD00B29751 /* Build configuration list for PBXNativeTarget "Treviz" */ = {
			isa = XCConfigurationList;
			buildConfigurations = (
				CDD504A822252AFD00B29751 /* Debug */,
				CDD504A922252AFD00B29751 /* Release */,
			);
			defaultConfigurationIsVisible = 0;
			defaultConfigurationName = Release;
		};
/* End XCConfigurationList section */

/* Begin XCRemoteSwiftPackageReference section */
		CDA7FD76236FFF2E009CDFAF /* XCRemoteSwiftPackageReference "Yams" */ = {
			isa = XCRemoteSwiftPackageReference;
			repositoryURL = "https://github.com/jpsim/Yams.git";
			requirement = {
				kind = upToNextMajorVersion;
				minimumVersion = 2.0.0;
			};
		};
/* End XCRemoteSwiftPackageReference section */

/* Begin XCSwiftPackageProductDependency section */
		CDA7FD77236FFF2E009CDFAF /* Yams */ = {
			isa = XCSwiftPackageProductDependency;
			package = CDA7FD76236FFF2E009CDFAF /* XCRemoteSwiftPackageReference "Yams" */;
			productName = Yams;
		};
/* End XCSwiftPackageProductDependency section */

/* Begin XCVersionGroup section */
		CDD5049B22252AFA00B29751 /* Document.xcdatamodeld */ = {
			isa = XCVersionGroup;
			children = (
				CDD5049C22252AFA00B29751 /* Document.xcdatamodel */,
			);
			currentVersion = CDD5049C22252AFA00B29751 /* Document.xcdatamodel */;
			path = Document.xcdatamodeld;
			sourceTree = "<group>";
			versionGroupType = wrapper.xcdatamodel;
		};
/* End XCVersionGroup section */
	};
	rootObject = CDD5048A22252AF900B29751 /* Project object */;
}
