// !$*UTF8*$!
{
	archiveVersion = 1;
	classes = {
	};
	objectVersion = 51;
	objects = {

/* Begin PBXBuildFile section */
		CD129622224C67E300663B88 /* InitStateViewController.swift in Sources */ = {isa = PBXBuildFile; fileRef = CD129621224C67E300663B88 /* InitStateViewController.swift */; };
		CD2D0DB12243836F0012978E /* OutputSetupViewController.swift in Sources */ = {isa = PBXBuildFile; fileRef = CD2D0D8F224382F70012978E /* OutputSetupViewController.swift */; };
		CD2D0DB22243836F0012978E /* BaseViewController.swift in Sources */ = {isa = PBXBuildFile; fileRef = CD2D0D94224382F70012978E /* BaseViewController.swift */; };
		CD2D0DB32243836F0012978E /* StackView.swift in Sources */ = {isa = PBXBuildFile; fileRef = CD2D0D95224382F70012978E /* StackView.swift */; };
		CD2D0DB42243836F0012978E /* ThreeAxisOutputSetupViewController.swift in Sources */ = {isa = PBXBuildFile; fileRef = CD2D0D96224382F70012978E /* ThreeAxisOutputSetupViewController.swift */; };
		CD2D0DB52243836F0012978E /* TwoAxisOutputSetupViewController.swift in Sources */ = {isa = PBXBuildFile; fileRef = CD2D0DA9224382F70012978E /* TwoAxisOutputSetupViewController.swift */; };
		CD2D0DB62243836F0012978E /* MonteCarloOutputSetupViewController.swift in Sources */ = {isa = PBXBuildFile; fileRef = CD2D0DAA224382F70012978E /* MonteCarloOutputSetupViewController.swift */; };
		CD2D0DB72243836F0012978E /* HeaderViewController.swift in Sources */ = {isa = PBXBuildFile; fileRef = CD2D0DAB224382F70012978E /* HeaderViewController.swift */; };
		CD2D0DB82243836F0012978E /* SingleAxisOutputSetupViewController.swift in Sources */ = {isa = PBXBuildFile; fileRef = CD2D0DAE224382F70012978E /* SingleAxisOutputSetupViewController.swift */; };
		CD2D0DBA2243837F0012978E /* HeaderViewController.storyboard in Resources */ = {isa = PBXBuildFile; fileRef = CD2D0DA5224382F70012978E /* HeaderViewController.storyboard */; };
		CD2D0DBB224385580012978E /* OutputSetup.storyboard in Resources */ = {isa = PBXBuildFile; fileRef = CD2D0DA6224382F70012978E /* OutputSetup.storyboard */; };
		CD3F5E5522EE175400E4CF20 /* Condition.swift in Sources */ = {isa = PBXBuildFile; fileRef = CD3F5E5422EE175400E4CF20 /* Condition.swift */; };
		CD3F5E5822EE4DCD00E4CF20 /* Conditions.storyboard in Resources */ = {isa = PBXBuildFile; fileRef = CD3F5E5722EE4DCD00E4CF20 /* Conditions.storyboard */; };
		CD3F5E5A22EE4FFE00E4CF20 /* ConditionsViewController.swift in Sources */ = {isa = PBXBuildFile; fileRef = CD3F5E5922EE4FFE00E4CF20 /* ConditionsViewController.swift */; };
		CD4656B2224C6F3500C587CC /* SettingsViewController.swift in Sources */ = {isa = PBXBuildFile; fileRef = CD4656B1224C6F3500C587CC /* SettingsViewController.swift */; };
		CD4656B4224C6F8C00C587CC /* EnvironmentViewController.swift in Sources */ = {isa = PBXBuildFile; fileRef = CD4656B3224C6F8C00C587CC /* EnvironmentViewController.swift */; };
		CDA0F87F2257398F003C62E6 /* NotificationCenterSetup.swift in Sources */ = {isa = PBXBuildFile; fileRef = CDA0F87E2257398F003C62E6 /* NotificationCenterSetup.swift */; };
		CDA0F88122587E05003C62E6 /* ParamTableViewController.swift in Sources */ = {isa = PBXBuildFile; fileRef = CDA0F88022587E05003C62E6 /* ParamTableViewController.swift */; };
		CDA0F8832259810C003C62E6 /* InitStateOutlineView.swift in Sources */ = {isa = PBXBuildFile; fileRef = CDA0F8822259810C003C62E6 /* InitStateOutlineView.swift */; };
		CDA0F885225A6D0B003C62E6 /* NamedConstants.swift in Sources */ = {isa = PBXBuildFile; fileRef = CDA0F884225A6D0B003C62E6 /* NamedConstants.swift */; };
		CDA0F888225C5D47003C62E6 /* InputsCellViews.swift in Sources */ = {isa = PBXBuildFile; fileRef = CDA0F887225C5D47003C62E6 /* InputsCellViews.swift */; };
		CDAF13FD222CF357005CDC3C /* State.swift in Sources */ = {isa = PBXBuildFile; fileRef = CDAF13FC222CF357005CDC3C /* State.swift */; };
		CDAF14272230FB72005CDC3C /* Variable.swift in Sources */ = {isa = PBXBuildFile; fileRef = CDAF14262230FB72005CDC3C /* Variable.swift */; };
		CDBE33C6224CB48200E1404E /* AnalysisInputs.plist in Resources */ = {isa = PBXBuildFile; fileRef = CDE0795A2249EC7400815E7F /* AnalysisInputs.plist */; };
		CDBEA0A622447A9C00D3159C /* TextOutputsViewController.swift in Sources */ = {isa = PBXBuildFile; fileRef = CDBEA0A522447A9C00D3159C /* TextOutputsViewController.swift */; };
		CDC1F5372233978500D1BB25 /* OutputsViewController.swift in Sources */ = {isa = PBXBuildFile; fileRef = CDC1F5352233978500D1BB25 /* OutputsViewController.swift */; };
		CDC1F53C2234874000D1BB25 /* MainSplitViewController.swift in Sources */ = {isa = PBXBuildFile; fileRef = CDC1F53B2234874000D1BB25 /* MainSplitViewController.swift */; };
		CDC1F53E2234970F00D1BB25 /* TerminalCondition.swift in Sources */ = {isa = PBXBuildFile; fileRef = CDC1F53D2234970F00D1BB25 /* TerminalCondition.swift */; };
		CDC1F54022363DDB00D1BB25 /* MainViewController.swift in Sources */ = {isa = PBXBuildFile; fileRef = CDC1F53F22363DDB00D1BB25 /* MainViewController.swift */; };
		CDD5049622252AF900B29751 /* AppDelegate.swift in Sources */ = {isa = PBXBuildFile; fileRef = CDD5049522252AF900B29751 /* AppDelegate.swift */; };
		CDD5049822252AFA00B29751 /* InputsViewController.swift in Sources */ = {isa = PBXBuildFile; fileRef = CDD5049722252AFA00B29751 /* InputsViewController.swift */; };
		CDD5049D22252AFA00B29751 /* Document.xcdatamodeld in Sources */ = {isa = PBXBuildFile; fileRef = CDD5049B22252AFA00B29751 /* Document.xcdatamodeld */; };
		CDD5049F22252AFD00B29751 /* Assets.xcassets in Resources */ = {isa = PBXBuildFile; fileRef = CDD5049E22252AFD00B29751 /* Assets.xcassets */; };
		CDD504A222252AFD00B29751 /* Main.storyboard in Resources */ = {isa = PBXBuildFile; fileRef = CDD504A022252AFD00B29751 /* Main.storyboard */; };
		CDE078F4224806EF00815E7F /* Inputs.storyboard in Resources */ = {isa = PBXBuildFile; fileRef = CDE078F3224806EF00815E7F /* Inputs.storyboard */; };
		CDF1670C2237A10400CD9590 /* MainWindowController.swift in Sources */ = {isa = PBXBuildFile; fileRef = CDF1670B2237A10400CD9590 /* MainWindowController.swift */; };
		CDF3D1A1225025B00064D70C /* Analysis.swift in Sources */ = {isa = PBXBuildFile; fileRef = CDF3D1A0225025AF0064D70C /* Analysis.swift */; };
		CDF3D1A3225025E60064D70C /* InitialVars.plist in Resources */ = {isa = PBXBuildFile; fileRef = CDF3D1A2225025E60064D70C /* InitialVars.plist */; };
		CDF3D1A6225057270064D70C /* ViewController.swift in Sources */ = {isa = PBXBuildFile; fileRef = CDF3D1A5225057270064D70C /* ViewController.swift */; };
		CDF3D1A822505A000064D70C /* AnalysisData.swift in Sources */ = {isa = PBXBuildFile; fileRef = CDF3D1A722505A000064D70C /* AnalysisData.swift */; };
		CDF3D1A9225303A00064D70C /* InputSetting.swift in Sources */ = {isa = PBXBuildFile; fileRef = CDBE33C4224C81B500E1404E /* InputSetting.swift */; };
/* End PBXBuildFile section */

/* Begin PBXFileReference section */
		CD129621224C67E300663B88 /* InitStateViewController.swift */ = {isa = PBXFileReference; lastKnownFileType = sourcecode.swift; name = InitStateViewController.swift; path = "/Users/TylerAnderson/Coding/Swift/Treviz/Treviz/Inputs Setup/InitStateViewController.swift"; sourceTree = "<absolute>"; };
		CD2D0D8F224382F70012978E /* OutputSetupViewController.swift */ = {isa = PBXFileReference; lastKnownFileType = sourcecode.swift; name = OutputSetupViewController.swift; path = ../InfoBarStackView/OutputSetupViewController.swift; sourceTree = "<group>"; };
		CD2D0D94224382F70012978E /* BaseViewController.swift */ = {isa = PBXFileReference; lastKnownFileType = sourcecode.swift; path = BaseViewController.swift; sourceTree = "<group>"; };
		CD2D0D95224382F70012978E /* StackView.swift */ = {isa = PBXFileReference; lastKnownFileType = sourcecode.swift; path = StackView.swift; sourceTree = "<group>"; };
		CD2D0D96224382F70012978E /* ThreeAxisOutputSetupViewController.swift */ = {isa = PBXFileReference; lastKnownFileType = sourcecode.swift; name = ThreeAxisOutputSetupViewController.swift; path = ../InfoBarStackView/ThreeAxisOutputSetupViewController.swift; sourceTree = "<group>"; };
		CD2D0DA5224382F70012978E /* HeaderViewController.storyboard */ = {isa = PBXFileReference; lastKnownFileType = file.storyboard; name = HeaderViewController.storyboard; path = Base.lproj/HeaderViewController.storyboard; sourceTree = "<group>"; };
		CD2D0DA6224382F70012978E /* OutputSetup.storyboard */ = {isa = PBXFileReference; lastKnownFileType = file.storyboard; path = OutputSetup.storyboard; sourceTree = "<group>"; };
		CD2D0DA8224382F70012978E /* ReadMe.md */ = {isa = PBXFileReference; lastKnownFileType = net.daringfireball.markdown; path = ReadMe.md; sourceTree = "<group>"; };
		CD2D0DA9224382F70012978E /* TwoAxisOutputSetupViewController.swift */ = {isa = PBXFileReference; lastKnownFileType = sourcecode.swift; name = TwoAxisOutputSetupViewController.swift; path = ../InfoBarStackView/TwoAxisOutputSetupViewController.swift; sourceTree = "<group>"; };
		CD2D0DAA224382F70012978E /* MonteCarloOutputSetupViewController.swift */ = {isa = PBXFileReference; lastKnownFileType = sourcecode.swift; name = MonteCarloOutputSetupViewController.swift; path = ../InfoBarStackView/MonteCarloOutputSetupViewController.swift; sourceTree = "<group>"; };
		CD2D0DAB224382F70012978E /* HeaderViewController.swift */ = {isa = PBXFileReference; lastKnownFileType = sourcecode.swift; path = HeaderViewController.swift; sourceTree = "<group>"; };
		CD2D0DAD224382F70012978E /* LICENSE.txt */ = {isa = PBXFileReference; lastKnownFileType = text; path = LICENSE.txt; sourceTree = "<group>"; };
		CD2D0DAE224382F70012978E /* SingleAxisOutputSetupViewController.swift */ = {isa = PBXFileReference; lastKnownFileType = sourcecode.swift; name = SingleAxisOutputSetupViewController.swift; path = ../InfoBarStackView/SingleAxisOutputSetupViewController.swift; sourceTree = "<group>"; };
		CD2D0DAF224382F70012978E /* Info.plist */ = {isa = PBXFileReference; lastKnownFileType = text.plist.xml; path = Info.plist; sourceTree = "<group>"; };
		CD3F5E5422EE175400E4CF20 /* Condition.swift */ = {isa = PBXFileReference; lastKnownFileType = sourcecode.swift; path = Condition.swift; sourceTree = "<group>"; };
		CD3F5E5722EE4DCD00E4CF20 /* Conditions.storyboard */ = {isa = PBXFileReference; lastKnownFileType = file.storyboard; path = Conditions.storyboard; sourceTree = "<group>"; };
		CD3F5E5922EE4FFE00E4CF20 /* ConditionsViewController.swift */ = {isa = PBXFileReference; lastKnownFileType = sourcecode.swift; path = ConditionsViewController.swift; sourceTree = "<group>"; };
		CD4656B1224C6F3500C587CC /* SettingsViewController.swift */ = {isa = PBXFileReference; lastKnownFileType = sourcecode.swift; path = SettingsViewController.swift; sourceTree = "<group>"; };
		CD4656B3224C6F8C00C587CC /* EnvironmentViewController.swift */ = {isa = PBXFileReference; lastKnownFileType = sourcecode.swift; path = EnvironmentViewController.swift; sourceTree = "<group>"; };
		CDA0F87E2257398F003C62E6 /* NotificationCenterSetup.swift */ = {isa = PBXFileReference; lastKnownFileType = sourcecode.swift; name = NotificationCenterSetup.swift; path = Treviz/Main/NotificationCenterSetup.swift; sourceTree = SOURCE_ROOT; };
		CDA0F88022587E05003C62E6 /* ParamTableViewController.swift */ = {isa = PBXFileReference; lastKnownFileType = sourcecode.swift; path = ParamTableViewController.swift; sourceTree = "<group>"; };
		CDA0F8822259810C003C62E6 /* InitStateOutlineView.swift */ = {isa = PBXFileReference; lastKnownFileType = sourcecode.swift; path = InitStateOutlineView.swift; sourceTree = "<group>"; };
		CDA0F884225A6D0B003C62E6 /* NamedConstants.swift */ = {isa = PBXFileReference; lastKnownFileType = sourcecode.swift; path = NamedConstants.swift; sourceTree = "<group>"; };
		CDA0F887225C5D47003C62E6 /* InputsCellViews.swift */ = {isa = PBXFileReference; lastKnownFileType = sourcecode.swift; path = InputsCellViews.swift; sourceTree = "<group>"; };
		CDAF13FC222CF357005CDC3C /* State.swift */ = {isa = PBXFileReference; lastKnownFileType = sourcecode.swift; path = State.swift; sourceTree = "<group>"; };
		CDAF14262230FB72005CDC3C /* Variable.swift */ = {isa = PBXFileReference; lastKnownFileType = sourcecode.swift; path = Variable.swift; sourceTree = "<group>"; };
		CDBE33C4224C81B500E1404E /* InputSetting.swift */ = {isa = PBXFileReference; lastKnownFileType = sourcecode.swift; path = InputSetting.swift; sourceTree = "<group>"; };
		CDBEA0A522447A9C00D3159C /* TextOutputsViewController.swift */ = {isa = PBXFileReference; lastKnownFileType = sourcecode.swift; path = TextOutputsViewController.swift; sourceTree = "<group>"; };
		CDC1F5352233978500D1BB25 /* OutputsViewController.swift */ = {isa = PBXFileReference; lastKnownFileType = sourcecode.swift; path = OutputsViewController.swift; sourceTree = "<group>"; };
		CDC1F53B2234874000D1BB25 /* MainSplitViewController.swift */ = {isa = PBXFileReference; lastKnownFileType = sourcecode.swift; path = MainSplitViewController.swift; sourceTree = "<group>"; };
		CDC1F53D2234970F00D1BB25 /* TerminalCondition.swift */ = {isa = PBXFileReference; lastKnownFileType = sourcecode.swift; path = TerminalCondition.swift; sourceTree = "<group>"; };
		CDC1F53F22363DDB00D1BB25 /* MainViewController.swift */ = {isa = PBXFileReference; lastKnownFileType = sourcecode.swift; path = MainViewController.swift; sourceTree = "<group>"; };
		CDD5049222252AF900B29751 /* Treviz.app */ = {isa = PBXFileReference; explicitFileType = wrapper.application; includeInIndex = 0; path = Treviz.app; sourceTree = BUILT_PRODUCTS_DIR; };
		CDD5049522252AF900B29751 /* AppDelegate.swift */ = {isa = PBXFileReference; lastKnownFileType = sourcecode.swift; path = AppDelegate.swift; sourceTree = "<group>"; };
		CDD5049722252AFA00B29751 /* InputsViewController.swift */ = {isa = PBXFileReference; lastKnownFileType = sourcecode.swift; path = InputsViewController.swift; sourceTree = "<group>"; };
		CDD5049C22252AFA00B29751 /* Document.xcdatamodel */ = {isa = PBXFileReference; lastKnownFileType = wrapper.xcdatamodel; path = Document.xcdatamodel; sourceTree = "<group>"; };
		CDD5049E22252AFD00B29751 /* Assets.xcassets */ = {isa = PBXFileReference; lastKnownFileType = folder.assetcatalog; path = Assets.xcassets; sourceTree = "<group>"; };
		CDD504A122252AFD00B29751 /* Base */ = {isa = PBXFileReference; lastKnownFileType = file.storyboard; name = Base; path = Base.lproj/Main.storyboard; sourceTree = "<group>"; };
		CDD504A322252AFD00B29751 /* Info.plist */ = {isa = PBXFileReference; lastKnownFileType = text.plist.xml; path = Info.plist; sourceTree = "<group>"; };
		CDD504A422252AFD00B29751 /* Treviz.entitlements */ = {isa = PBXFileReference; lastKnownFileType = text.plist.entitlements; path = Treviz.entitlements; sourceTree = "<group>"; };
		CDE078F3224806EF00815E7F /* Inputs.storyboard */ = {isa = PBXFileReference; lastKnownFileType = file.storyboard; path = Inputs.storyboard; sourceTree = "<group>"; };
		CDE0795A2249EC7400815E7F /* AnalysisInputs.plist */ = {isa = PBXFileReference; fileEncoding = 4; lastKnownFileType = text.plist.xml; path = AnalysisInputs.plist; sourceTree = "<group>"; };
		CDF1670B2237A10400CD9590 /* MainWindowController.swift */ = {isa = PBXFileReference; lastKnownFileType = sourcecode.swift; path = MainWindowController.swift; sourceTree = "<group>"; };
		CDF3D1A0225025AF0064D70C /* Analysis.swift */ = {isa = PBXFileReference; fileEncoding = 4; lastKnownFileType = sourcecode.swift; path = Analysis.swift; sourceTree = "<group>"; };
		CDF3D1A2225025E60064D70C /* InitialVars.plist */ = {isa = PBXFileReference; fileEncoding = 4; lastKnownFileType = text.plist.xml; path = InitialVars.plist; sourceTree = "<group>"; };
		CDF3D1A5225057270064D70C /* ViewController.swift */ = {isa = PBXFileReference; fileEncoding = 4; lastKnownFileType = sourcecode.swift; path = ViewController.swift; sourceTree = "<group>"; };
		CDF3D1A722505A000064D70C /* AnalysisData.swift */ = {isa = PBXFileReference; lastKnownFileType = sourcecode.swift; path = AnalysisData.swift; sourceTree = "<group>"; };
/* End PBXFileReference section */

/* Begin PBXFrameworksBuildPhase section */
		CDD5048F22252AF900B29751 /* Frameworks */ = {
			isa = PBXFrameworksBuildPhase;
			buildActionMask = 2147483647;
			files = (
			);
			runOnlyForDeploymentPostprocessing = 0;
		};
/* End PBXFrameworksBuildPhase section */

/* Begin PBXGroup section */
		CD05E3B9225490C500906EB0 /* Main */ = {
			isa = PBXGroup;
			children = (
				CDD504A022252AFD00B29751 /* Main.storyboard */,
				CDC1F53F22363DDB00D1BB25 /* MainViewController.swift */,
				CDC1F53B2234874000D1BB25 /* MainSplitViewController.swift */,
				CDF1670B2237A10400CD9590 /* MainWindowController.swift */,
				CDF3D1A0225025AF0064D70C /* Analysis.swift */,
				CDF3D1A722505A000064D70C /* AnalysisData.swift */,
				CDD5049522252AF900B29751 /* AppDelegate.swift */,
				CDA0F886225A6D1E003C62E6 /* NamedConstants */,
				CD05E3BA2254916500906EB0 /* Reusable classes */,
			);
			path = Main;
			sourceTree = "<group>";
		};
		CD05E3BA2254916500906EB0 /* Reusable classes */ = {
			isa = PBXGroup;
			children = (
				CD2D0DB0224382F70012978E /* InfoBarStackView */,
				CDF3D1A5225057270064D70C /* ViewController.swift */,
				CDAF13FC222CF357005CDC3C /* State.swift */,
				CDAF14262230FB72005CDC3C /* Variable.swift */,
				CD3F5E5622EE4D8C00E4CF20 /* Conditions */,
			);
			path = "Reusable classes";
			sourceTree = "<group>";
		};
		CD05E3BB225491A100906EB0 /* Outputs */ = {
			isa = PBXGroup;
			children = (
				CDC1F5352233978500D1BB25 /* OutputsViewController.swift */,
				CDBEA0A522447A9C00D3159C /* TextOutputsViewController.swift */,
			);
			path = Outputs;
			sourceTree = "<group>";
		};
		CD05E3BC225491D900906EB0 /* Init State */ = {
			isa = PBXGroup;
			children = (
				CD129621224C67E300663B88 /* InitStateViewController.swift */,
				CDA0F8822259810C003C62E6 /* InitStateOutlineView.swift */,
				CDA0F87E2257398F003C62E6 /* NotificationCenterSetup.swift */,
				CDBE33C4224C81B500E1404E /* InputSetting.swift */,
				CDE0795A2249EC7400815E7F /* AnalysisInputs.plist */,
			);
			path = "Init State";
			sourceTree = "<group>";
		};
		CD2D0DB0224382F70012978E /* InfoBarStackView */ = {
			isa = PBXGroup;
			children = (
				CD2D0D94224382F70012978E /* BaseViewController.swift */,
				CD2D0D95224382F70012978E /* StackView.swift */,
				CD2D0DA5224382F70012978E /* HeaderViewController.storyboard */,
				CD2D0DA8224382F70012978E /* ReadMe.md */,
				CD2D0DAB224382F70012978E /* HeaderViewController.swift */,
				CD2D0DAD224382F70012978E /* LICENSE.txt */,
				CD2D0DAF224382F70012978E /* Info.plist */,
			);
			name = InfoBarStackView;
			path = /Users/TylerAnderson/Coding/Swift/Treviz/Treviz/InfoBarStackView;
			sourceTree = "<absolute>";
		};
		CD3F5E5622EE4D8C00E4CF20 /* Conditions */ = {
			isa = PBXGroup;
			children = (
				CD3F5E5422EE175400E4CF20 /* Condition.swift */,
				CD3F5E5922EE4FFE00E4CF20 /* ConditionsViewController.swift */,
				CD3F5E5722EE4DCD00E4CF20 /* Conditions.storyboard */,
			);
			path = Conditions;
			sourceTree = "<group>";
		};
		CD9F2040223B7C95005BFDCB /* Outputs Setup */ = {
			isa = PBXGroup;
			children = (
				CD2D0DA9224382F70012978E /* TwoAxisOutputSetupViewController.swift */,
				CD2D0D96224382F70012978E /* ThreeAxisOutputSetupViewController.swift */,
				CD2D0DAA224382F70012978E /* MonteCarloOutputSetupViewController.swift */,
				CD2D0DAE224382F70012978E /* SingleAxisOutputSetupViewController.swift */,
				CD2D0D8F224382F70012978E /* OutputSetupViewController.swift */,
				CD2D0DA6224382F70012978E /* OutputSetup.storyboard */,
			);
			path = "Outputs Setup";
			sourceTree = "<group>";
		};
		CD9F2041223B7CBF005BFDCB /* Inputs Setup */ = {
			isa = PBXGroup;
			children = (
				CD05E3BC225491D900906EB0 /* Init State */,
				CDD5049722252AFA00B29751 /* InputsViewController.swift */,
				CDA0F887225C5D47003C62E6 /* InputsCellViews.swift */,
				CDA0F88022587E05003C62E6 /* ParamTableViewController.swift */,
				CD4656B1224C6F3500C587CC /* SettingsViewController.swift */,
				CDF3D1A2225025E60064D70C /* InitialVars.plist */,
				CD4656B3224C6F8C00C587CC /* EnvironmentViewController.swift */,
				CDC1F53D2234970F00D1BB25 /* TerminalCondition.swift */,
				CDE078F3224806EF00815E7F /* Inputs.storyboard */,
			);
			path = "Inputs Setup";
			sourceTree = "<group>";
		};
		CDA0F886225A6D1E003C62E6 /* NamedConstants */ = {
			isa = PBXGroup;
			children = (
				CDA0F884225A6D0B003C62E6 /* NamedConstants.swift */,
			);
			path = NamedConstants;
			sourceTree = "<group>";
		};
		CDD5048922252AF900B29751 = {
			isa = PBXGroup;
			children = (
				CDD5049422252AF900B29751 /* Treviz */,
				CDD5049322252AF900B29751 /* Products */,
			);
			sourceTree = "<group>";
		};
		CDD5049322252AF900B29751 /* Products */ = {
			isa = PBXGroup;
			children = (
				CDD5049222252AF900B29751 /* Treviz.app */,
			);
			name = Products;
			sourceTree = "<group>";
		};
		CDD5049422252AF900B29751 /* Treviz */ = {
			isa = PBXGroup;
			children = (
				CD05E3B9225490C500906EB0 /* Main */,
				CD9F2041223B7CBF005BFDCB /* Inputs Setup */,
				CD9F2040223B7C95005BFDCB /* Outputs Setup */,
				CD05E3BB225491A100906EB0 /* Outputs */,
				CDD5049E22252AFD00B29751 /* Assets.xcassets */,
				CDD504A322252AFD00B29751 /* Info.plist */,
				CDD504A422252AFD00B29751 /* Treviz.entitlements */,
				CDD5049B22252AFA00B29751 /* Document.xcdatamodeld */,
			);
			path = Treviz;
			sourceTree = "<group>";
		};
/* End PBXGroup section */

/* Begin PBXNativeTarget section */
		CDD5049122252AF900B29751 /* Treviz */ = {
			isa = PBXNativeTarget;
			buildConfigurationList = CDD504A722252AFD00B29751 /* Build configuration list for PBXNativeTarget "Treviz" */;
			buildPhases = (
				CDD5048E22252AF900B29751 /* Sources */,
				CDD5048F22252AF900B29751 /* Frameworks */,
				CDD5049022252AF900B29751 /* Resources */,
			);
			buildRules = (
			);
			dependencies = (
			);
			name = Treviz;
			productName = Treviz;
			productReference = CDD5049222252AF900B29751 /* Treviz.app */;
			productType = "com.apple.product-type.application";
		};
/* End PBXNativeTarget section */

/* Begin PBXProject section */
		CDD5048A22252AF900B29751 /* Project object */ = {
			isa = PBXProject;
			attributes = {
				LastSwiftUpdateCheck = 1010;
				LastUpgradeCheck = 1010;
				ORGANIZATIONNAME = "Tyler Anderson";
				TargetAttributes = {
					CDD5049122252AF900B29751 = {
						CreatedOnToolsVersion = 10.1;
						LastSwiftMigration = 1020;
					};
				};
			};
			buildConfigurationList = CDD5048D22252AF900B29751 /* Build configuration list for PBXProject "Treviz" */;
			compatibilityVersion = "Xcode 10.0";
			developmentRegion = en;
			hasScannedForEncodings = 0;
			knownRegions = (
				en,
				Base,
			);
			mainGroup = CDD5048922252AF900B29751;
			productRefGroup = CDD5049322252AF900B29751 /* Products */;
			projectDirPath = "";
			projectRoot = "";
			targets = (
				CDD5049122252AF900B29751 /* Treviz */,
			);
		};
/* End PBXProject section */

/* Begin PBXResourcesBuildPhase section */
		CDD5049022252AF900B29751 /* Resources */ = {
			isa = PBXResourcesBuildPhase;
			buildActionMask = 2147483647;
			files = (
				CDBE33C6224CB48200E1404E /* AnalysisInputs.plist in Resources */,
				CDF3D1A3225025E60064D70C /* InitialVars.plist in Resources */,
				CD2D0DBA2243837F0012978E /* HeaderViewController.storyboard in Resources */,
				CDD5049F22252AFD00B29751 /* Assets.xcassets in Resources */,
				CDE078F4224806EF00815E7F /* Inputs.storyboard in Resources */,
				CDD504A222252AFD00B29751 /* Main.storyboard in Resources */,
				CD3F5E5822EE4DCD00E4CF20 /* Conditions.storyboard in Resources */,
				CD2D0DBB224385580012978E /* OutputSetup.storyboard in Resources */,
			);
			runOnlyForDeploymentPostprocessing = 0;
		};
/* End PBXResourcesBuildPhase section */

/* Begin PBXSourcesBuildPhase section */
		CDD5048E22252AF900B29751 /* Sources */ = {
			isa = PBXSourcesBuildPhase;
			buildActionMask = 2147483647;
			files = (
				CDF3D1A9225303A00064D70C /* InputSetting.swift in Sources */,
				CDF3D1A6225057270064D70C /* ViewController.swift in Sources */,
				CDA0F87F2257398F003C62E6 /* NotificationCenterSetup.swift in Sources */,
				CD3F5E5A22EE4FFE00E4CF20 /* ConditionsViewController.swift in Sources */,
				CD2D0DB12243836F0012978E /* OutputSetupViewController.swift in Sources */,
				CD2D0DB22243836F0012978E /* BaseViewController.swift in Sources */,
				CD2D0DB32243836F0012978E /* StackView.swift in Sources */,
				CDF3D1A822505A000064D70C /* AnalysisData.swift in Sources */,
				CD2D0DB42243836F0012978E /* ThreeAxisOutputSetupViewController.swift in Sources */,
				CD2D0DB52243836F0012978E /* TwoAxisOutputSetupViewController.swift in Sources */,
				CD2D0DB62243836F0012978E /* MonteCarloOutputSetupViewController.swift in Sources */,
				CD2D0DB72243836F0012978E /* HeaderViewController.swift in Sources */,
				CD2D0DB82243836F0012978E /* SingleAxisOutputSetupViewController.swift in Sources */,
				CD4656B4224C6F8C00C587CC /* EnvironmentViewController.swift in Sources */,
				CD4656B2224C6F3500C587CC /* SettingsViewController.swift in Sources */,
				CDAF14272230FB72005CDC3C /* Variable.swift in Sources */,
				CDA0F8832259810C003C62E6 /* InitStateOutlineView.swift in Sources */,
				CDF1670C2237A10400CD9590 /* MainWindowController.swift in Sources */,
				CD3F5E5522EE175400E4CF20 /* Condition.swift in Sources */,
				CDC1F53C2234874000D1BB25 /* MainSplitViewController.swift in Sources */,
				CDC1F54022363DDB00D1BB25 /* MainViewController.swift in Sources */,
				CDC1F53E2234970F00D1BB25 /* TerminalCondition.swift in Sources */,
				CDC1F5372233978500D1BB25 /* OutputsViewController.swift in Sources */,
				CDD5049D22252AFA00B29751 /* Document.xcdatamodeld in Sources */,
				CDA0F88122587E05003C62E6 /* ParamTableViewController.swift in Sources */,
				CDD5049822252AFA00B29751 /* InputsViewController.swift in Sources */,
				CDA0F888225C5D47003C62E6 /* InputsCellViews.swift in Sources */,
				CDF3D1A1225025B00064D70C /* Analysis.swift in Sources */,
				CDA0F885225A6D0B003C62E6 /* NamedConstants.swift in Sources */,
				CDBEA0A622447A9C00D3159C /* TextOutputsViewController.swift in Sources */,
				CD129622224C67E300663B88 /* InitStateViewController.swift in Sources */,
				CDD5049622252AF900B29751 /* AppDelegate.swift in Sources */,
				CDAF13FD222CF357005CDC3C /* State.swift in Sources */,
			);
			runOnlyForDeploymentPostprocessing = 0;
		};
/* End PBXSourcesBuildPhase section */

/* Begin PBXVariantGroup section */
		CDD504A022252AFD00B29751 /* Main.storyboard */ = {
			isa = PBXVariantGroup;
			children = (
				CDD504A122252AFD00B29751 /* Base */,
			);
			name = Main.storyboard;
			sourceTree = "<group>";
		};
/* End PBXVariantGroup section */

/* Begin XCBuildConfiguration section */
		CDD504A522252AFD00B29751 /* Debug */ = {
			isa = XCBuildConfiguration;
			buildSettings = {
				ALWAYS_SEARCH_USER_PATHS = NO;
				CLANG_ANALYZER_NONNULL = YES;
				CLANG_ANALYZER_NUMBER_OBJECT_CONVERSION = YES_AGGRESSIVE;
				CLANG_CXX_LANGUAGE_STANDARD = "gnu++14";
				CLANG_CXX_LIBRARY = "libc++";
				CLANG_ENABLE_MODULES = YES;
				CLANG_ENABLE_OBJC_ARC = YES;
				CLANG_ENABLE_OBJC_WEAK = YES;
				CLANG_WARN_BLOCK_CAPTURE_AUTORELEASING = YES;
				CLANG_WARN_BOOL_CONVERSION = YES;
				CLANG_WARN_COMMA = YES;
				CLANG_WARN_CONSTANT_CONVERSION = YES;
				CLANG_WARN_DEPRECATED_OBJC_IMPLEMENTATIONS = YES;
				CLANG_WARN_DIRECT_OBJC_ISA_USAGE = YES_ERROR;
				CLANG_WARN_DOCUMENTATION_COMMENTS = YES;
				CLANG_WARN_EMPTY_BODY = YES;
				CLANG_WARN_ENUM_CONVERSION = YES;
				CLANG_WARN_INFINITE_RECURSION = YES;
				CLANG_WARN_INT_CONVERSION = YES;
				CLANG_WARN_NON_LITERAL_NULL_CONVERSION = YES;
				CLANG_WARN_OBJC_IMPLICIT_RETAIN_SELF = YES;
				CLANG_WARN_OBJC_LITERAL_CONVERSION = YES;
				CLANG_WARN_OBJC_ROOT_CLASS = YES_ERROR;
				CLANG_WARN_RANGE_LOOP_ANALYSIS = YES;
				CLANG_WARN_STRICT_PROTOTYPES = YES;
				CLANG_WARN_SUSPICIOUS_MOVE = YES;
				CLANG_WARN_UNGUARDED_AVAILABILITY = YES_AGGRESSIVE;
				CLANG_WARN_UNREACHABLE_CODE = YES;
				CLANG_WARN__DUPLICATE_METHOD_MATCH = YES;
				CODE_SIGN_IDENTITY = "Mac Developer";
				COPY_PHASE_STRIP = NO;
				DEBUG_INFORMATION_FORMAT = dwarf;
				ENABLE_STRICT_OBJC_MSGSEND = YES;
				ENABLE_TESTABILITY = YES;
				GCC_C_LANGUAGE_STANDARD = gnu11;
				GCC_DYNAMIC_NO_PIC = NO;
				GCC_NO_COMMON_BLOCKS = YES;
				GCC_OPTIMIZATION_LEVEL = 0;
				GCC_PREPROCESSOR_DEFINITIONS = (
					"DEBUG=1",
					"$(inherited)",
				);
				GCC_WARN_64_TO_32_BIT_CONVERSION = YES;
				GCC_WARN_ABOUT_RETURN_TYPE = YES_ERROR;
				GCC_WARN_UNDECLARED_SELECTOR = YES;
				GCC_WARN_UNINITIALIZED_AUTOS = YES_AGGRESSIVE;
				GCC_WARN_UNUSED_FUNCTION = YES;
				GCC_WARN_UNUSED_VARIABLE = YES;
				MACOSX_DEPLOYMENT_TARGET = 10.14;
				MTL_ENABLE_DEBUG_INFO = INCLUDE_SOURCE;
				MTL_FAST_MATH = YES;
				ONLY_ACTIVE_ARCH = YES;
				SDKROOT = macosx;
				SWIFT_ACTIVE_COMPILATION_CONDITIONS = DEBUG;
				SWIFT_OPTIMIZATION_LEVEL = "-Onone";
			};
			name = Debug;
		};
		CDD504A622252AFD00B29751 /* Release */ = {
			isa = XCBuildConfiguration;
			buildSettings = {
				ALWAYS_SEARCH_USER_PATHS = NO;
				CLANG_ANALYZER_NONNULL = YES;
				CLANG_ANALYZER_NUMBER_OBJECT_CONVERSION = YES_AGGRESSIVE;
				CLANG_CXX_LANGUAGE_STANDARD = "gnu++14";
				CLANG_CXX_LIBRARY = "libc++";
				CLANG_ENABLE_MODULES = YES;
				CLANG_ENABLE_OBJC_ARC = YES;
				CLANG_ENABLE_OBJC_WEAK = YES;
				CLANG_WARN_BLOCK_CAPTURE_AUTORELEASING = YES;
				CLANG_WARN_BOOL_CONVERSION = YES;
				CLANG_WARN_COMMA = YES;
				CLANG_WARN_CONSTANT_CONVERSION = YES;
				CLANG_WARN_DEPRECATED_OBJC_IMPLEMENTATIONS = YES;
				CLANG_WARN_DIRECT_OBJC_ISA_USAGE = YES_ERROR;
				CLANG_WARN_DOCUMENTATION_COMMENTS = YES;
				CLANG_WARN_EMPTY_BODY = YES;
				CLANG_WARN_ENUM_CONVERSION = YES;
				CLANG_WARN_INFINITE_RECURSION = YES;
				CLANG_WARN_INT_CONVERSION = YES;
				CLANG_WARN_NON_LITERAL_NULL_CONVERSION = YES;
				CLANG_WARN_OBJC_IMPLICIT_RETAIN_SELF = YES;
				CLANG_WARN_OBJC_LITERAL_CONVERSION = YES;
				CLANG_WARN_OBJC_ROOT_CLASS = YES_ERROR;
				CLANG_WARN_RANGE_LOOP_ANALYSIS = YES;
				CLANG_WARN_STRICT_PROTOTYPES = YES;
				CLANG_WARN_SUSPICIOUS_MOVE = YES;
				CLANG_WARN_UNGUARDED_AVAILABILITY = YES_AGGRESSIVE;
				CLANG_WARN_UNREACHABLE_CODE = YES;
				CLANG_WARN__DUPLICATE_METHOD_MATCH = YES;
				CODE_SIGN_IDENTITY = "Mac Developer";
				COPY_PHASE_STRIP = NO;
				DEBUG_INFORMATION_FORMAT = "dwarf-with-dsym";
				ENABLE_NS_ASSERTIONS = NO;
				ENABLE_STRICT_OBJC_MSGSEND = YES;
				GCC_C_LANGUAGE_STANDARD = gnu11;
				GCC_NO_COMMON_BLOCKS = YES;
				GCC_WARN_64_TO_32_BIT_CONVERSION = YES;
				GCC_WARN_ABOUT_RETURN_TYPE = YES_ERROR;
				GCC_WARN_UNDECLARED_SELECTOR = YES;
				GCC_WARN_UNINITIALIZED_AUTOS = YES_AGGRESSIVE;
				GCC_WARN_UNUSED_FUNCTION = YES;
				GCC_WARN_UNUSED_VARIABLE = YES;
				MACOSX_DEPLOYMENT_TARGET = 10.14;
				MTL_ENABLE_DEBUG_INFO = NO;
				MTL_FAST_MATH = YES;
				SDKROOT = macosx;
				SWIFT_COMPILATION_MODE = wholemodule;
				SWIFT_OPTIMIZATION_LEVEL = "-O";
			};
			name = Release;
		};
		CDD504A822252AFD00B29751 /* Debug */ = {
			isa = XCBuildConfiguration;
			buildSettings = {
				ASSETCATALOG_COMPILER_APPICON_NAME = AppIcon;
				CLANG_ENABLE_MODULES = YES;
				CODE_SIGN_ENTITLEMENTS = Treviz/Treviz.entitlements;
				CODE_SIGN_STYLE = Automatic;
				COMBINE_HIDPI_IMAGES = YES;
				DEVELOPMENT_TEAM = QD374MRFUS;
				INFOPLIST_FILE = Treviz/Info.plist;
				LD_RUNPATH_SEARCH_PATHS = (
					"$(inherited)",
					"@executable_path/../Frameworks",
				);
				PRODUCT_BUNDLE_IDENTIFIER = com.TylerAnderson.Treviz;
				PRODUCT_NAME = "$(TARGET_NAME)";
				SWIFT_ACTIVE_COMPILATION_CONDITIONS = "DEBUG DisclosureTriangleAppearance";
				SWIFT_OPTIMIZATION_LEVEL = "-Onone";
				SWIFT_VERSION = 5.0;
			};
			name = Debug;
		};
		CDD504A922252AFD00B29751 /* Release */ = {
			isa = XCBuildConfiguration;
			buildSettings = {
				ASSETCATALOG_COMPILER_APPICON_NAME = AppIcon;
				CLANG_ENABLE_MODULES = YES;
				CODE_SIGN_ENTITLEMENTS = Treviz/Treviz.entitlements;
				CODE_SIGN_STYLE = Automatic;
				COMBINE_HIDPI_IMAGES = YES;
				DEVELOPMENT_TEAM = QD374MRFUS;
				INFOPLIST_FILE = Treviz/Info.plist;
				LD_RUNPATH_SEARCH_PATHS = (
					"$(inherited)",
					"@executable_path/../Frameworks",
				);
				PRODUCT_BUNDLE_IDENTIFIER = com.TylerAnderson.Treviz;
				PRODUCT_NAME = "$(TARGET_NAME)";
				SWIFT_ACTIVE_COMPILATION_CONDITIONS = DisclosureTriangleAppearance;
				SWIFT_VERSION = 5.0;
			};
			name = Release;
		};
/* End XCBuildConfiguration section */

/* Begin XCConfigurationList section */
		CDD5048D22252AF900B29751 /* Build configuration list for PBXProject "Treviz" */ = {
			isa = XCConfigurationList;
			buildConfigurations = (
				CDD504A522252AFD00B29751 /* Debug */,
				CDD504A622252AFD00B29751 /* Release */,
			);
			defaultConfigurationIsVisible = 0;
			defaultConfigurationName = Release;
		};
		CDD504A722252AFD00B29751 /* Build configuration list for PBXNativeTarget "Treviz" */ = {
			isa = XCConfigurationList;
			buildConfigurations = (
				CDD504A822252AFD00B29751 /* Debug */,
				CDD504A922252AFD00B29751 /* Release */,
			);
			defaultConfigurationIsVisible = 0;
			defaultConfigurationName = Release;
		};
/* End XCConfigurationList section */

/* Begin XCVersionGroup section */
		CDD5049B22252AFA00B29751 /* Document.xcdatamodeld */ = {
			isa = XCVersionGroup;
			children = (
				CDD5049C22252AFA00B29751 /* Document.xcdatamodel */,
			);
			currentVersion = CDD5049C22252AFA00B29751 /* Document.xcdatamodel */;
			path = Document.xcdatamodeld;
			sourceTree = "<group>";
			versionGroupType = wrapper.xcdatamodel;
		};
/* End XCVersionGroup section */
	};
	rootObject = CDD5048A22252AF900B29751 /* Project object */;
}
