{
  "object": {
    "pins": [
      {
        "package": "OrderedDictionary",
        "repositoryURL": "https://github.com/lukaskubanek/OrderedDictionary.git",
        "state": {
          "branch": null,
          "revision": "3bac27b7a8011a76fa98cc11390df97c16ca6fae",
          "version": "4.0.1"
        }
      },
      {
        "package": "Yams",
        "repositoryURL": "https://github.com/jpsim/Yams.git",
        "state": {
          "branch": null,
          "revision": "81a65c4069c28011ee432f2858ba0de49b086677",
          "version": "3.0.1"
        }
      }
    ]
  },
  "version": 1
}
